{
  "version": 4,
  "terraform_version": "1.14.8",
  "serial": 10,
  "lineage": "ef1e5dfa-4593-ca04-a7c4-6121c144d3ea",
  "outputs": {},
  "resources": [
    {
      "mode": "managed",
      "type": "openstack_blockstorage_volume_v3",
      "name": "model_storage",
      "provider": "provider[\"registry.terraform.io/terraform-provider-openstack/openstack\"]",
      "instances": [
        {
          "schema_version": 0,
          "attributes": {
            "attachment": [],
            "availability_zone": "nova",
            "consistency_group_id": null,
            "description": "",
            "enable_online_resize": null,
            "id": "e130b453-3f24-458b-8fbc-65fa9da7a4ee",
            "image_id": null,
            "metadata": {},
            "multiattach": null,
            "name": "model-registry-1tb",
            "region": "RegionOne",
            "scheduler_hints": [],
            "size": 1000,
            "snapshot_id": "",
            "source_replica": null,
            "source_vol_id": "",
            "timeouts": null,
            "volume_type": "ncs-hdd"
          },
          "sensitive_attributes": [],
          "identity_schema_version": 0,
          "private": "eyJlMmJmYjczMC1lY2FhLTExZTYtOGY4OC0zNDM2M2JjN2M0YzAiOnsiY3JlYXRlIjo2MDAwMDAwMDAwMDAsImRlbGV0ZSI6NjAwMDAwMDAwMDAwfX0="
        }
      ]
    },
    {
      "mode": "managed",
      "type": "openstack_compute_instance_v2",
      "name": "seaweedfs",
      "provider": "provider[\"registry.terraform.io/terraform-provider-openstack/openstack\"]",
      "instances": [
        {
          "schema_version": 0,
          "attributes": {
            "access_ip_v4": "10.10.20.10",
            "access_ip_v6": "",
            "admin_pass": null,
            "all_metadata": {},
            "all_tags": [],
            "availability_zone": "nova",
            "availability_zone_hints": null,
            "block_device": [
              {
                "boot_index": 0,
                "delete_on_termination": true,
                "destination_type": "volume",
                "device_type": "",
                "disk_bus": "",
                "guest_format": "",
                "multiattach": false,
                "source_type": "image",
                "uuid": "e46293b4-bdc6-419c-9150-e7d0edb767e5",
                "volume_size": 30,
                "volume_type": "ncs-nvme"
              },
              {
                "boot_index": -1,
                "delete_on_termination": false,
                "destination_type": "volume",
                "device_type": "",
                "disk_bus": "",
                "guest_format": "",
                "multiattach": false,
                "source_type": "volume",
                "uuid": "e130b453-3f24-458b-8fbc-65fa9da7a4ee",
                "volume_size": 0,
                "volume_type": ""
              }
            ],
            "config_drive": true,
            "created": "2026-04-18 05:20:22 +0000 UTC",
            "flavor_id": "7c8ee057-2683-4ccf-9867-48a45d3f69ee",
            "flavor_name": "m1.medium",
            "floating_ip": null,
            "force_delete": false,
            "id": "487de5e9-850a-4231-8e4a-cb8fb0381fbf",
            "image_id": "Attempt to boot from volume - no image supplied",
            "image_name": null,
            "key_pair": "",
            "metadata": null,
            "name": "seaweedfs-storage",
            "network": [
              {
                "access_network": false,
                "fixed_ip_v4": "10.10.20.10",
                "fixed_ip_v6": "",
                "floating_ip": "",
                "mac": "fa:16:3e:56:9e:df",
                "name": "data_private_net",
                "port": "",
                "uuid": "8c963ad7-af7f-4793-8b70-318ec0908d43"
              }
            ],
            "network_mode": null,
            "personality": [],
            "power_state": "active",
            "region": "RegionOne",
            "scheduler_hints": [],
            "security_groups": [
              "internal-sg",
              "seaweedfs-sg"
            ],
            "stop_before_destroy": false,
            "tags": null,
            "timeouts": null,
            "updated": "2026-04-18 05:21:04 +0000 UTC",
            "user_data": "d1719f08fe53ee3947e9d3c19fecfec4d7eb85a6",
            "vendor_options": [],
            "volume": []
          },
          "sensitive_attributes": [
            [
              {
                "type": "get_attr",
                "value": "admin_pass"
              }
            ]
          ],
          "identity_schema_version": 0,
          "private": "eyJlMmJmYjczMC1lY2FhLTExZTYtOGY4OC0zNDM2M2JjN2M0YzAiOnsiY3JlYXRlIjoxODAwMDAwMDAwMDAwLCJkZWxldGUiOjE4MDAwMDAwMDAwMDAsInVwZGF0ZSI6MTgwMDAwMDAwMDAwMH19",
          "dependencies": [
            "openstack_blockstorage_volume_v3.model_storage"
          ]
        }
      ]
    }
  ],
  "check_results": null
}
