{
  "version": 4,
  "terraform_version": "1.14.9",
  "serial": 11,
  "lineage": "d013d62c-705d-e42d-17e7-a436917c09fe",
  "outputs": {},
  "resources": [
    {
      "mode": "managed",
      "type": "openstack_blockstorage_volume_v3",
      "name": "model_storage",
      "provider": "provider[\"registry.terraform.io/terraform-provider-openstack/openstack\"]",
      "instances": [
        {
          "schema_version": 0,
          "attributes": {
            "attachment": [],
            "availability_zone": "nova",
            "consistency_group_id": null,
            "description": "",
            "enable_online_resize": null,
            "id": "18c873b9-af02-4fc3-ade6-783508b30152",
            "image_id": null,
            "metadata": {},
            "multiattach": null,
            "name": "model-registry-1tb",
            "region": "RegionOne",
            "scheduler_hints": [],
            "size": 1000,
            "snapshot_id": "",
            "source_replica": null,
            "source_vol_id": "",
            "timeouts": null,
            "volume_type": "ncs-nvme"
          },
          "sensitive_attributes": [],
          "identity_schema_version": 0,
          "private": "eyJlMmJmYjczMC1lY2FhLTExZTYtOGY4OC0zNDM2M2JjN2M0YzAiOnsiY3JlYXRlIjo2MDAwMDAwMDAwMDAsImRlbGV0ZSI6NjAwMDAwMDAwMDAwfX0="
        }
      ]
    },
    {
      "mode": "managed",
      "type": "openstack_compute_instance_v2",
      "name": "seaweedfs",
      "provider": "provider[\"registry.terraform.io/terraform-provider-openstack/openstack\"]",
      "instances": [
        {
          "schema_version": 0,
          "attributes": {
            "access_ip_v4": "10.10.20.3",
            "access_ip_v6": "",
            "admin_pass": null,
            "all_metadata": {},
            "all_tags": [],
            "availability_zone": "nova",
            "availability_zone_hints": null,
            "block_device": [
              {
                "boot_index": 0,
                "delete_on_termination": true,
                "destination_type": "volume",
                "device_type": "",
                "disk_bus": "",
                "guest_format": "",
                "multiattach": false,
                "source_type": "image",
                "uuid": "6b9939b0-c42c-4d2c-8454-02eac0bdc364",
                "volume_size": 15,
                "volume_type": "ncs-nvme"
              },
              {
                "boot_index": -1,
                "delete_on_termination": false,
                "destination_type": "volume",
                "device_type": "",
                "disk_bus": "",
                "guest_format": "",
                "multiattach": false,
                "source_type": "volume",
                "uuid": "18c873b9-af02-4fc3-ade6-783508b30152",
                "volume_size": 0,
                "volume_type": ""
              }
            ],
            "config_drive": true,
            "created": "2026-05-06 00:31:07 +0000 UTC",
            "flavor_id": "e0798bb5-e53a-478c-a3ad-215bcce536fc",
            "flavor_name": "m1.medium",
            "floating_ip": null,
            "force_delete": false,
            "id": "f197c7e2-66c4-410f-8620-622dc428397a",
            "image_id": "Attempt to boot from volume - no image supplied",
            "image_name": null,
            "key_pair": "",
            "metadata": null,
            "name": "seaweedfs-storage",
            "network": [
              {
                "access_network": false,
                "fixed_ip_v4": "10.10.20.3",
                "fixed_ip_v6": "",
                "floating_ip": "",
                "mac": "fa:16:3e:5a:e6:6a",
                "name": "data_private_net",
                "port": "",
                "uuid": "f836ee55-a710-438c-9e58-597e574c1d21"
              }
            ],
            "network_mode": null,
            "personality": [],
            "power_state": "active",
            "region": "RegionOne",
            "scheduler_hints": [],
            "security_groups": [
              "internal-sg",
              "seaweedfs-sg"
            ],
            "stop_before_destroy": false,
            "tags": null,
            "timeouts": null,
            "updated": "2026-05-06 00:31:45 +0000 UTC",
            "user_data": "d1719f08fe53ee3947e9d3c19fecfec4d7eb85a6",
            "vendor_options": [],
            "volume": []
          },
          "sensitive_attributes": [
            [
              {
                "type": "get_attr",
                "value": "admin_pass"
              }
            ]
          ],
          "identity_schema_version": 0,
          "private": "eyJlMmJmYjczMC1lY2FhLTExZTYtOGY4OC0zNDM2M2JjN2M0YzAiOnsiY3JlYXRlIjoxODAwMDAwMDAwMDAwLCJkZWxldGUiOjE4MDAwMDAwMDAwMDAsInVwZGF0ZSI6MTgwMDAwMDAwMDAwMH19",
          "dependencies": [
            "openstack_blockstorage_volume_v3.model_storage"
          ]
        }
      ]
    }
  ],
  "check_results": null
}
