{
  "version": 4,
  "terraform_version": "1.14.9",
  "serial": 4,
  "lineage": "80b889ae-20da-5919-a512-67e6ddcd3b0e",
  "outputs": {},
  "resources": [
    {
      "mode": "managed",
      "type": "openstack_blockstorage_volume_v3",
      "name": "model_storage",
      "provider": "provider[\"registry.terraform.io/terraform-provider-openstack/openstack\"]",
      "instances": [
        {
          "schema_version": 0,
          "attributes": {
            "attachment": [],
            "availability_zone": "nova",
            "consistency_group_id": null,
            "description": "",
            "enable_online_resize": null,
            "id": "69a46504-baa5-409b-9f27-9af226814cd1",
            "image_id": null,
            "metadata": {},
            "multiattach": null,
            "name": "model-registry-1tb",
            "region": "RegionOne",
            "scheduler_hints": [],
            "size": 1000,
            "snapshot_id": "",
            "source_replica": null,
            "source_vol_id": "",
            "timeouts": null,
            "volume_type": "ncs-hdd"
          },
          "sensitive_attributes": [],
          "identity_schema_version": 0,
          "private": "eyJlMmJmYjczMC1lY2FhLTExZTYtOGY4OC0zNDM2M2JjN2M0YzAiOnsiY3JlYXRlIjo2MDAwMDAwMDAwMDAsImRlbGV0ZSI6NjAwMDAwMDAwMDAwfX0="
        }
      ]
    },
    {
      "mode": "managed",
      "type": "openstack_compute_instance_v2",
      "name": "seaweedfs",
      "provider": "provider[\"registry.terraform.io/terraform-provider-openstack/openstack\"]",
      "instances": [
        {
          "schema_version": 0,
          "attributes": {
            "access_ip_v4": "10.10.20.3",
            "access_ip_v6": "",
            "admin_pass": null,
            "all_metadata": {},
            "all_tags": [],
            "availability_zone": "nova",
            "availability_zone_hints": null,
            "block_device": [
              {
                "boot_index": 0,
                "delete_on_termination": true,
                "destination_type": "volume",
                "device_type": "",
                "disk_bus": "",
                "guest_format": "",
                "multiattach": false,
                "source_type": "image",
                "uuid": "32746a96-61e7-4717-89d3-567dd6b849b9",
                "volume_size": 30,
                "volume_type": "ncs-nvme"
              },
              {
                "boot_index": -1,
                "delete_on_termination": false,
                "destination_type": "volume",
                "device_type": "",
                "disk_bus": "",
                "guest_format": "",
                "multiattach": false,
                "source_type": "volume",
                "uuid": "69a46504-baa5-409b-9f27-9af226814cd1",
                "volume_size": 0,
                "volume_type": ""
              }
            ],
            "config_drive": true,
            "created": "2026-05-01 01:35:34 +0000 UTC",
            "flavor_id": "5b9a78d8-0043-4cb7-9072-aee2a59a6960",
            "flavor_name": "m1.medium",
            "floating_ip": null,
            "force_delete": false,
            "id": "00a7583a-2c51-410d-9680-099124a8be58",
            "image_id": "Attempt to boot from volume - no image supplied",
            "image_name": null,
            "key_pair": "",
            "metadata": null,
            "name": "seaweedfs-storage",
            "network": [
              {
                "access_network": false,
                "fixed_ip_v4": "10.10.20.3",
                "fixed_ip_v6": "",
                "floating_ip": "",
                "mac": "fa:16:3e:cd:4d:20",
                "name": "data_private_net",
                "port": "",
                "uuid": "6c47fdfe-2d9c-4db0-aff4-5dcf77775769"
              }
            ],
            "network_mode": null,
            "personality": [],
            "power_state": "active",
            "region": "RegionOne",
            "scheduler_hints": [],
            "security_groups": [
              "internal-sg",
              "seaweedfs-sg"
            ],
            "stop_before_destroy": false,
            "tags": null,
            "timeouts": null,
            "updated": "2026-05-01 01:36:15 +0000 UTC",
            "user_data": "d1719f08fe53ee3947e9d3c19fecfec4d7eb85a6",
            "vendor_options": [],
            "volume": []
          },
          "sensitive_attributes": [
            [
              {
                "type": "get_attr",
                "value": "admin_pass"
              }
            ]
          ],
          "identity_schema_version": 0,
          "private": "eyJlMmJmYjczMC1lY2FhLTExZTYtOGY4OC0zNDM2M2JjN2M0YzAiOnsiY3JlYXRlIjoxODAwMDAwMDAwMDAwLCJkZWxldGUiOjE4MDAwMDAwMDAwMDAsInVwZGF0ZSI6MTgwMDAwMDAwMDAwMH19",
          "dependencies": [
            "openstack_blockstorage_volume_v3.model_storage"
          ]
        }
      ]
    }
  ],
  "check_results": null
}
