{
  "version": 4,
  "terraform_version": "1.14.8",
  "serial": 13,
  "lineage": "241cab9d-5522-a02a-eb8d-5fe15f27b826",
  "outputs": {},
  "resources": [
    {
      "mode": "managed",
      "type": "openstack_blockstorage_volume_v3",
      "name": "cluster_vault_boot_vol",
      "provider": "provider[\"registry.terraform.io/terraform-provider-openstack/openstack\"]",
      "instances": [
        {
          "schema_version": 0,
          "attributes": {
            "attachment": [],
            "availability_zone": "nova",
            "consistency_group_id": null,
            "description": "Persistent boot disk for cluster Vault",
            "enable_online_resize": null,
            "id": "c9e8523d-df71-4ef3-b69d-9950dee55b41",
            "image_id": "e46293b4-bdc6-419c-9150-e7d0edb767e5",
            "metadata": {},
            "multiattach": null,
            "name": "cluster-vault-boot-disk",
            "region": "RegionOne",
            "scheduler_hints": [],
            "size": 15,
            "snapshot_id": "",
            "source_replica": null,
            "source_vol_id": "",
            "timeouts": null,
            "volume_type": "ncs-hdd"
          },
          "sensitive_attributes": [],
          "identity_schema_version": 0,
          "private": "eyJlMmJmYjczMC1lY2FhLTExZTYtOGY4OC0zNDM2M2JjN2M0YzAiOnsiY3JlYXRlIjo2MDAwMDAwMDAwMDAsImRlbGV0ZSI6NjAwMDAwMDAwMDAwfX0="
        }
      ]
    },
    {
      "mode": "managed",
      "type": "openstack_compute_instance_v2",
      "name": "cluster_vault",
      "provider": "provider[\"registry.terraform.io/terraform-provider-openstack/openstack\"]",
      "instances": [
        {
          "schema_version": 0,
          "attributes": {
            "access_ip_v4": "10.10.20.100",
            "access_ip_v6": "",
            "admin_pass": null,
            "all_metadata": {},
            "all_tags": [],
            "availability_zone": "nova",
            "availability_zone_hints": null,
            "block_device": [
              {
                "boot_index": 0,
                "delete_on_termination": false,
                "destination_type": "volume",
                "device_type": "",
                "disk_bus": "",
                "guest_format": "",
                "multiattach": false,
                "source_type": "volume",
                "uuid": "c9e8523d-df71-4ef3-b69d-9950dee55b41",
                "volume_size": 0,
                "volume_type": ""
              }
            ],
            "config_drive": true,
            "created": "2026-04-18 03:15:05 +0000 UTC",
            "flavor_id": "7fc042c0-228a-4292-8442-459b4600affb",
            "flavor_name": "m1.mini",
            "floating_ip": null,
            "force_delete": false,
            "id": "3da777f6-53b1-4866-a55c-954095f6fccd",
            "image_id": "Attempt to boot from volume - no image supplied",
            "image_name": null,
            "key_pair": "",
            "metadata": null,
            "name": "cluster-vault",
            "network": [
              {
                "access_network": false,
                "fixed_ip_v4": "10.10.20.100",
                "fixed_ip_v6": "",
                "floating_ip": "",
                "mac": "fa:16:3e:f9:4d:a7",
                "name": "data_private_net",
                "port": "",
                "uuid": "8c963ad7-af7f-4793-8b70-318ec0908d43"
              }
            ],
            "network_mode": null,
            "personality": [],
            "power_state": "active",
            "region": "RegionOne",
            "scheduler_hints": [],
            "security_groups": [
              "cluster-vault-sg"
            ],
            "stop_before_destroy": false,
            "tags": null,
            "timeouts": null,
            "updated": "2026-04-18 03:15:20 +0000 UTC",
            "user_data": "8ba0c0e09ccc31fb9c4aa786b8760bfac92be4d0",
            "vendor_options": [],
            "volume": []
          },
          "sensitive_attributes": [
            [
              {
                "type": "get_attr",
                "value": "admin_pass"
              }
            ],
            [
              {
                "type": "get_attr",
                "value": "user_data"
              }
            ]
          ],
          "identity_schema_version": 0,
          "private": "eyJlMmJmYjczMC1lY2FhLTExZTYtOGY4OC0zNDM2M2JjN2M0YzAiOnsiY3JlYXRlIjoxODAwMDAwMDAwMDAwLCJkZWxldGUiOjE4MDAwMDAwMDAwMDAsInVwZGF0ZSI6MTgwMDAwMDAwMDAwMH19",
          "dependencies": [
            "openstack_blockstorage_volume_v3.cluster_vault_boot_vol"
          ]
        }
      ]
    }
  ],
  "check_results": null
}
