{
  "version": 4,
  "terraform_version": "1.14.9",
  "serial": 12,
  "lineage": "b02ebabc-00a2-d6f7-0214-a215d165ed22",
  "outputs": {},
  "resources": [
    {
      "mode": "managed",
      "type": "openstack_blockstorage_volume_v3",
      "name": "cluster_vault_boot_vol",
      "provider": "provider[\"registry.terraform.io/terraform-provider-openstack/openstack\"]",
      "instances": [
        {
          "schema_version": 0,
          "attributes": {
            "attachment": [],
            "availability_zone": "nova",
            "consistency_group_id": null,
            "description": "Persistent boot disk for cluster Vault",
            "enable_online_resize": null,
            "id": "26b2db15-c0ee-4ecd-b062-bd34ad9713d8",
            "image_id": "6b9939b0-c42c-4d2c-8454-02eac0bdc364",
            "metadata": {},
            "multiattach": null,
            "name": "cluster-vault-boot-disk",
            "region": "RegionOne",
            "scheduler_hints": [],
            "size": 15,
            "snapshot_id": "",
            "source_replica": null,
            "source_vol_id": "",
            "timeouts": null,
            "volume_type": "ncs-nvme"
          },
          "sensitive_attributes": [],
          "identity_schema_version": 0,
          "private": "eyJlMmJmYjczMC1lY2FhLTExZTYtOGY4OC0zNDM2M2JjN2M0YzAiOnsiY3JlYXRlIjo2MDAwMDAwMDAwMDAsImRlbGV0ZSI6NjAwMDAwMDAwMDAwfX0="
        }
      ]
    },
    {
      "mode": "managed",
      "type": "openstack_compute_instance_v2",
      "name": "cluster_vault",
      "provider": "provider[\"registry.terraform.io/terraform-provider-openstack/openstack\"]",
      "instances": [
        {
          "schema_version": 0,
          "attributes": {
            "access_ip_v4": "10.10.40.4",
            "access_ip_v6": "",
            "admin_pass": null,
            "all_metadata": {},
            "all_tags": [],
            "availability_zone": "nova",
            "availability_zone_hints": null,
            "block_device": [
              {
                "boot_index": 0,
                "delete_on_termination": false,
                "destination_type": "volume",
                "device_type": "",
                "disk_bus": "",
                "guest_format": "",
                "multiattach": false,
                "source_type": "volume",
                "uuid": "26b2db15-c0ee-4ecd-b062-bd34ad9713d8",
                "volume_size": 0,
                "volume_type": ""
              }
            ],
            "config_drive": true,
            "created": "2026-05-04 12:25:17 +0000 UTC",
            "flavor_id": "bf890f11-a74c-4d59-b79b-48e4493fb326",
            "flavor_name": "m1.mini",
            "floating_ip": null,
            "force_delete": false,
            "id": "d12a4b27-9a51-4da8-9020-c2d2313a1813",
            "image_id": "Attempt to boot from volume - no image supplied",
            "image_name": null,
            "key_pair": "",
            "metadata": null,
            "name": "cluster-vault",
            "network": [
              {
                "access_network": false,
                "fixed_ip_v4": "10.10.40.4",
                "fixed_ip_v6": "",
                "floating_ip": "",
                "mac": "fa:16:3e:b0:24:0a",
                "name": "service_private_net",
                "port": "",
                "uuid": "11c2f20f-e696-4b64-8d66-a285952c2593"
              }
            ],
            "network_mode": null,
            "personality": [],
            "power_state": "active",
            "region": "RegionOne",
            "scheduler_hints": [],
            "security_groups": [
              "cluster-vault-sg"
            ],
            "stop_before_destroy": false,
            "tags": null,
            "timeouts": null,
            "updated": "2026-05-04 12:25:32 +0000 UTC",
            "user_data": "8ba0c0e09ccc31fb9c4aa786b8760bfac92be4d0",
            "vendor_options": [],
            "volume": []
          },
          "sensitive_attributes": [
            [
              {
                "type": "get_attr",
                "value": "admin_pass"
              }
            ],
            [
              {
                "type": "get_attr",
                "value": "user_data"
              }
            ]
          ],
          "identity_schema_version": 0,
          "private": "eyJlMmJmYjczMC1lY2FhLTExZTYtOGY4OC0zNDM2M2JjN2M0YzAiOnsiY3JlYXRlIjoxODAwMDAwMDAwMDAwLCJkZWxldGUiOjE4MDAwMDAwMDAwMDAsInVwZGF0ZSI6MTgwMDAwMDAwMDAwMH19",
          "dependencies": [
            "openstack_blockstorage_volume_v3.cluster_vault_boot_vol"
          ]
        }
      ]
    }
  ],
  "check_results": null
}
