{
  "version": 4,
  "terraform_version": "1.14.9",
  "serial": 12,
  "lineage": "0bb71033-ba35-3316-f61a-db93be86da21",
  "outputs": {},
  "resources": [
    {
      "mode": "managed",
      "type": "openstack_blockstorage_volume_v3",
      "name": "cluster_vault_boot_vol",
      "provider": "provider[\"registry.terraform.io/terraform-provider-openstack/openstack\"]",
      "instances": [
        {
          "schema_version": 0,
          "attributes": {
            "attachment": [],
            "availability_zone": "nova",
            "consistency_group_id": null,
            "description": "Persistent boot disk for cluster Vault",
            "enable_online_resize": null,
            "id": "19f61b13-21ec-44c0-9e0a-32326bb9da8a",
            "image_id": "32746a96-61e7-4717-89d3-567dd6b849b9",
            "metadata": {},
            "multiattach": null,
            "name": "cluster-vault-boot-disk",
            "region": "RegionOne",
            "scheduler_hints": [],
            "size": 15,
            "snapshot_id": "",
            "source_replica": null,
            "source_vol_id": "",
            "timeouts": null,
            "volume_type": "ncs-nvme"
          },
          "sensitive_attributes": [],
          "identity_schema_version": 0,
          "private": "eyJlMmJmYjczMC1lY2FhLTExZTYtOGY4OC0zNDM2M2JjN2M0YzAiOnsiY3JlYXRlIjo2MDAwMDAwMDAwMDAsImRlbGV0ZSI6NjAwMDAwMDAwMDAwfX0="
        }
      ]
    },
    {
      "mode": "managed",
      "type": "openstack_compute_instance_v2",
      "name": "cluster_vault",
      "provider": "provider[\"registry.terraform.io/terraform-provider-openstack/openstack\"]",
      "instances": [
        {
          "schema_version": 0,
          "attributes": {
            "access_ip_v4": "10.10.40.4",
            "access_ip_v6": "",
            "admin_pass": null,
            "all_metadata": {},
            "all_tags": [],
            "availability_zone": "nova",
            "availability_zone_hints": null,
            "block_device": [
              {
                "boot_index": 0,
                "delete_on_termination": false,
                "destination_type": "volume",
                "device_type": "",
                "disk_bus": "",
                "guest_format": "",
                "multiattach": false,
                "source_type": "volume",
                "uuid": "19f61b13-21ec-44c0-9e0a-32326bb9da8a",
                "volume_size": 0,
                "volume_type": ""
              }
            ],
            "config_drive": true,
            "created": "2026-04-30 07:52:12 +0000 UTC",
            "flavor_id": "6cc95ba5-2b66-4f5b-8ce0-5db58fd795a3",
            "flavor_name": "m1.mini",
            "floating_ip": null,
            "force_delete": false,
            "id": "f1dff2be-8ad7-402f-9eba-dfba2ecc0038",
            "image_id": "Attempt to boot from volume - no image supplied",
            "image_name": null,
            "key_pair": "",
            "metadata": null,
            "name": "cluster-vault",
            "network": [
              {
                "access_network": false,
                "fixed_ip_v4": "10.10.40.4",
                "fixed_ip_v6": "",
                "floating_ip": "",
                "mac": "fa:16:3e:59:d9:f3",
                "name": "service_private_net",
                "port": "",
                "uuid": "3501b2ce-5340-4e83-a559-fc659a9e9086"
              }
            ],
            "network_mode": null,
            "personality": [],
            "power_state": "active",
            "region": "RegionOne",
            "scheduler_hints": [],
            "security_groups": [
              "cluster-vault-sg"
            ],
            "stop_before_destroy": false,
            "tags": null,
            "timeouts": null,
            "updated": "2026-04-30 07:52:25 +0000 UTC",
            "user_data": "8ba0c0e09ccc31fb9c4aa786b8760bfac92be4d0",
            "vendor_options": [],
            "volume": []
          },
          "sensitive_attributes": [
            [
              {
                "type": "get_attr",
                "value": "admin_pass"
              }
            ],
            [
              {
                "type": "get_attr",
                "value": "user_data"
              }
            ]
          ],
          "identity_schema_version": 0,
          "private": "eyJlMmJmYjczMC1lY2FhLTExZTYtOGY4OC0zNDM2M2JjN2M0YzAiOnsiY3JlYXRlIjoxODAwMDAwMDAwMDAwLCJkZWxldGUiOjE4MDAwMDAwMDAwMDAsInVwZGF0ZSI6MTgwMDAwMDAwMDAwMH19",
          "dependencies": [
            "openstack_blockstorage_volume_v3.cluster_vault_boot_vol"
          ]
        }
      ]
    }
  ],
  "check_results": null
}
