{
  "version": 4,
  "terraform_version": "1.14.9",
  "serial": 11,
  "lineage": "2a4ccfa7-da4f-03e0-79c7-2f4876411aba",
  "outputs": {},
  "resources": [
    {
      "mode": "data",
      "type": "openstack_networking_network_v2",
      "name": "mgmt_net",
      "provider": "provider[\"registry.terraform.io/terraform-provider-openstack/openstack\"]",
      "instances": [
        {
          "schema_version": 0,
          "attributes": {
            "admin_state_up": "true",
            "all_tags": [],
            "availability_zone_hints": [],
            "description": "",
            "dns_domain": "",
            "external": false,
            "id": "ca9b4064-76f8-4edc-af82-10f5bdc53661",
            "matching_subnet_cidr": null,
            "mtu": 1450,
            "name": "mgmt_private_net",
            "network_id": null,
            "region": "RegionOne",
            "segments": [
              {
                "network_type": "vxlan",
                "physical_network": "",
                "segmentation_id": 480
              }
            ],
            "shared": "false",
            "status": null,
            "subnets": [
              "b89be2b1-8af9-4e23-89fe-8bb175aafada"
            ],
            "tags": null,
            "tenant_id": "642500fa91d54f62accad19c369f1d84",
            "transparent_vlan": false
          },
          "sensitive_attributes": [],
          "identity_schema_version": 0
        }
      ]
    },
    {
      "mode": "data",
      "type": "openstack_networking_secgroup_v2",
      "name": "mgmt_vault_sg",
      "provider": "provider[\"registry.terraform.io/terraform-provider-openstack/openstack\"]",
      "instances": [
        {
          "schema_version": 0,
          "attributes": {
            "all_tags": [],
            "description": "Security group for the Transit Auto-Unseal Vault",
            "id": "f9079838-64be-4029-b0a0-ebe9c0fb7309",
            "name": "mgmt-vault-sg",
            "region": "RegionOne",
            "secgroup_id": null,
            "tags": null,
            "tenant_id": "642500fa91d54f62accad19c369f1d84"
          },
          "sensitive_attributes": [],
          "identity_schema_version": 0
        }
      ]
    },
    {
      "mode": "data",
      "type": "openstack_networking_subnet_v2",
      "name": "mgmt_subnet",
      "provider": "provider[\"registry.terraform.io/terraform-provider-openstack/openstack\"]",
      "instances": [
        {
          "schema_version": 0,
          "attributes": {
            "all_tags": [],
            "allocation_pools": [
              {
                "end": "10.10.10.254",
                "start": "10.10.10.2"
              }
            ],
            "cidr": "10.10.10.0/24",
            "description": "",
            "dhcp_disabled": null,
            "dhcp_enabled": null,
            "dns_nameservers": [],
            "enable_dhcp": true,
            "gateway_ip": "10.10.10.1",
            "host_routes": [],
            "id": "b89be2b1-8af9-4e23-89fe-8bb175aafada",
            "ip_version": 4,
            "ipv6_address_mode": "",
            "ipv6_ra_mode": "",
            "name": "mgmt_subnet",
            "network_id": "ca9b4064-76f8-4edc-af82-10f5bdc53661",
            "region": "RegionOne",
            "service_types": [],
            "subnet_id": null,
            "subnetpool_id": "",
            "tags": null,
            "tenant_id": "642500fa91d54f62accad19c369f1d84"
          },
          "sensitive_attributes": [],
          "identity_schema_version": 0
        }
      ]
    },
    {
      "mode": "managed",
      "type": "openstack_blockstorage_volume_v3",
      "name": "mgmt_vault_vol",
      "provider": "provider[\"registry.terraform.io/terraform-provider-openstack/openstack\"]",
      "instances": [
        {
          "schema_version": 0,
          "attributes": {
            "attachment": [],
            "availability_zone": "nova",
            "consistency_group_id": null,
            "description": "Persistent boot disk for management Vault",
            "enable_online_resize": null,
            "id": "42209273-1c98-4594-bae4-4a541474ecf2",
            "image_id": "6b9939b0-c42c-4d2c-8454-02eac0bdc364",
            "metadata": {},
            "multiattach": null,
            "name": "mgmt-vault-data",
            "region": "RegionOne",
            "scheduler_hints": [],
            "size": 10,
            "snapshot_id": "",
            "source_replica": null,
            "source_vol_id": "",
            "timeouts": null,
            "volume_type": "ncs-nvme"
          },
          "sensitive_attributes": [],
          "identity_schema_version": 0,
          "private": "eyJlMmJmYjczMC1lY2FhLTExZTYtOGY4OC0zNDM2M2JjN2M0YzAiOnsiY3JlYXRlIjo2MDAwMDAwMDAwMDAsImRlbGV0ZSI6NjAwMDAwMDAwMDAwfX0="
        }
      ]
    },
    {
      "mode": "managed",
      "type": "openstack_compute_instance_v2",
      "name": "mgmt_vault",
      "provider": "provider[\"registry.terraform.io/terraform-provider-openstack/openstack\"]",
      "instances": [
        {
          "schema_version": 0,
          "attributes": {
            "access_ip_v4": "10.10.10.4",
            "access_ip_v6": "",
            "admin_pass": null,
            "all_metadata": {},
            "all_tags": [],
            "availability_zone": "nova",
            "availability_zone_hints": null,
            "block_device": [
              {
                "boot_index": 0,
                "delete_on_termination": false,
                "destination_type": "volume",
                "device_type": "",
                "disk_bus": "",
                "guest_format": "",
                "multiattach": false,
                "source_type": "volume",
                "uuid": "42209273-1c98-4594-bae4-4a541474ecf2",
                "volume_size": 0,
                "volume_type": ""
              }
            ],
            "config_drive": true,
            "created": "2026-05-04 07:37:04 +0000 UTC",
            "flavor_id": "bf890f11-a74c-4d59-b79b-48e4493fb326",
            "flavor_name": "m1.mini",
            "floating_ip": null,
            "force_delete": false,
            "id": "7390c40a-51f4-4b8a-af89-576eefed18eb",
            "image_id": "Attempt to boot from volume - no image supplied",
            "image_name": null,
            "key_pair": "",
            "metadata": null,
            "name": "mgmt-vault-transit",
            "network": [
              {
                "access_network": false,
                "fixed_ip_v4": "10.10.10.4",
                "fixed_ip_v6": "",
                "floating_ip": "",
                "mac": "fa:16:3e:5b:db:2a",
                "name": "mgmt_private_net",
                "port": "d5037d1c-4469-40c1-9e5f-46008c91d8da",
                "uuid": "ca9b4064-76f8-4edc-af82-10f5bdc53661"
              }
            ],
            "network_mode": null,
            "personality": [],
            "power_state": "active",
            "region": "RegionOne",
            "scheduler_hints": [],
            "security_groups": [
              "mgmt-vault-sg"
            ],
            "stop_before_destroy": false,
            "tags": null,
            "timeouts": null,
            "updated": "2026-05-04 07:37:18 +0000 UTC",
            "user_data": "8ba0c0e09ccc31fb9c4aa786b8760bfac92be4d0",
            "vendor_options": [],
            "volume": []
          },
          "sensitive_attributes": [
            [
              {
                "type": "get_attr",
                "value": "admin_pass"
              }
            ],
            [
              {
                "type": "get_attr",
                "value": "user_data"
              }
            ]
          ],
          "identity_schema_version": 0,
          "private": "eyJlMmJmYjczMC1lY2FhLTExZTYtOGY4OC0zNDM2M2JjN2M0YzAiOnsiY3JlYXRlIjoxODAwMDAwMDAwMDAwLCJkZWxldGUiOjE4MDAwMDAwMDAwMDAsInVwZGF0ZSI6MTgwMDAwMDAwMDAwMH19",
          "dependencies": [
            "data.openstack_networking_network_v2.mgmt_net",
            "data.openstack_networking_secgroup_v2.mgmt_vault_sg",
            "data.openstack_networking_subnet_v2.mgmt_subnet",
            "openstack_blockstorage_volume_v3.mgmt_vault_vol",
            "openstack_networking_port_v2.vault_port"
          ]
        }
      ]
    },
    {
      "mode": "managed",
      "type": "openstack_networking_port_v2",
      "name": "vault_port",
      "provider": "provider[\"registry.terraform.io/terraform-provider-openstack/openstack\"]",
      "instances": [
        {
          "schema_version": 0,
          "attributes": {
            "admin_state_up": true,
            "all_fixed_ips": [
              "10.10.10.4"
            ],
            "all_security_group_ids": [
              "f9079838-64be-4029-b0a0-ebe9c0fb7309"
            ],
            "all_tags": [],
            "allowed_address_pairs": [],
            "binding": [
              {
                "host_id": "",
                "profile": "{}",
                "vif_details": {},
                "vif_type": "unbound",
                "vnic_type": "normal"
              }
            ],
            "description": "",
            "device_id": "",
            "device_owner": "",
            "dns_assignment": [],
            "dns_name": "",
            "extra_dhcp_option": [],
            "fixed_ip": [
              {
                "ip_address": "10.10.10.4",
                "subnet_id": "b89be2b1-8af9-4e23-89fe-8bb175aafada"
              }
            ],
            "id": "d5037d1c-4469-40c1-9e5f-46008c91d8da",
            "mac_address": "fa:16:3e:5b:db:2a",
            "name": "vault-static-port",
            "network_id": "ca9b4064-76f8-4edc-af82-10f5bdc53661",
            "no_fixed_ip": null,
            "no_security_groups": null,
            "port_security_enabled": true,
            "qos_policy_id": "",
            "region": "RegionOne",
            "security_group_ids": [
              "f9079838-64be-4029-b0a0-ebe9c0fb7309"
            ],
            "tags": [],
            "tenant_id": "642500fa91d54f62accad19c369f1d84",
            "timeouts": null,
            "value_specs": null
          },
          "sensitive_attributes": [],
          "identity_schema_version": 0,
          "private": "eyJlMmJmYjczMC1lY2FhLTExZTYtOGY4OC0zNDM2M2JjN2M0YzAiOnsiY3JlYXRlIjo2MDAwMDAwMDAwMDAsImRlbGV0ZSI6NjAwMDAwMDAwMDAwfX0=",
          "dependencies": [
            "data.openstack_networking_network_v2.mgmt_net",
            "data.openstack_networking_secgroup_v2.mgmt_vault_sg",
            "data.openstack_networking_subnet_v2.mgmt_subnet"
          ]
        }
      ]
    }
  ],
  "check_results": null
}
