{
  "version": 4,
  "terraform_version": "1.14.8",
  "serial": 62,
  "lineage": "adea5dc9-07a8-5f6d-8f70-5efc0b559e03",
  "outputs": {},
  "resources": [
    {
      "mode": "data",
      "type": "openstack_networking_network_v2",
      "name": "mgmt_net",
      "provider": "provider[\"registry.terraform.io/terraform-provider-openstack/openstack\"]",
      "instances": [
        {
          "schema_version": 0,
          "attributes": {
            "admin_state_up": "true",
            "all_tags": [],
            "availability_zone_hints": [],
            "description": "",
            "dns_domain": "",
            "external": false,
            "id": "d773ea36-7e65-4bb4-8736-2bdcc9d5eede",
            "matching_subnet_cidr": null,
            "mtu": 1450,
            "name": "mgmt_private_net",
            "network_id": null,
            "region": "RegionOne",
            "segments": [
              {
                "network_type": "vxlan",
                "physical_network": "",
                "segmentation_id": 259
              }
            ],
            "shared": "false",
            "status": null,
            "subnets": [
              "84bf5cb8-8642-4cd5-b300-d47227bb839b"
            ],
            "tags": null,
            "tenant_id": "b43e7f1d24f347ea9a0da898471e37d0",
            "transparent_vlan": false
          },
          "sensitive_attributes": [],
          "identity_schema_version": 0
        }
      ]
    },
    {
      "mode": "data",
      "type": "openstack_networking_secgroup_v2",
      "name": "mgmt_vault_sg",
      "provider": "provider[\"registry.terraform.io/terraform-provider-openstack/openstack\"]",
      "instances": [
        {
          "schema_version": 0,
          "attributes": {
            "all_tags": [],
            "description": "Security group for the Transit Auto-Unseal Vault",
            "id": "a754cf73-19c7-4c55-a5f5-a33f3682c964",
            "name": "mgmt-vault-sg",
            "region": "RegionOne",
            "secgroup_id": null,
            "tags": null,
            "tenant_id": "b43e7f1d24f347ea9a0da898471e37d0"
          },
          "sensitive_attributes": [],
          "identity_schema_version": 0
        }
      ]
    },
    {
      "mode": "data",
      "type": "openstack_networking_subnet_v2",
      "name": "mgmt_subnet",
      "provider": "provider[\"registry.terraform.io/terraform-provider-openstack/openstack\"]",
      "instances": [
        {
          "schema_version": 0,
          "attributes": {
            "all_tags": [],
            "allocation_pools": [
              {
                "end": "10.10.10.254",
                "start": "10.10.10.2"
              }
            ],
            "cidr": "10.10.10.0/24",
            "description": "",
            "dhcp_disabled": null,
            "dhcp_enabled": null,
            "dns_nameservers": [],
            "enable_dhcp": true,
            "gateway_ip": "10.10.10.1",
            "host_routes": [],
            "id": "84bf5cb8-8642-4cd5-b300-d47227bb839b",
            "ip_version": 4,
            "ipv6_address_mode": "",
            "ipv6_ra_mode": "",
            "name": "",
            "network_id": "d773ea36-7e65-4bb4-8736-2bdcc9d5eede",
            "region": "RegionOne",
            "service_types": [],
            "subnet_id": null,
            "subnetpool_id": "",
            "tags": null,
            "tenant_id": "b43e7f1d24f347ea9a0da898471e37d0"
          },
          "sensitive_attributes": [],
          "identity_schema_version": 0
        }
      ]
    },
    {
      "mode": "managed",
      "type": "openstack_blockstorage_volume_v3",
      "name": "mgmt_vault_vol",
      "provider": "provider[\"registry.terraform.io/terraform-provider-openstack/openstack\"]",
      "instances": [
        {
          "schema_version": 0,
          "attributes": {
            "attachment": [],
            "availability_zone": "nova",
            "consistency_group_id": null,
            "description": "Persistent boot disk for management Vault",
            "enable_online_resize": null,
            "id": "8a3f4f41-6521-4b2b-b5e3-1925dbe8db8c",
            "image_id": "e46293b4-bdc6-419c-9150-e7d0edb767e5",
            "metadata": {},
            "multiattach": null,
            "name": "mgmt-vault-data",
            "region": "RegionOne",
            "scheduler_hints": [],
            "size": 10,
            "snapshot_id": "",
            "source_replica": null,
            "source_vol_id": "",
            "timeouts": null,
            "volume_type": "ncs-nvme"
          },
          "sensitive_attributes": [],
          "identity_schema_version": 0,
          "private": "eyJlMmJmYjczMC1lY2FhLTExZTYtOGY4OC0zNDM2M2JjN2M0YzAiOnsiY3JlYXRlIjo2MDAwMDAwMDAwMDAsImRlbGV0ZSI6NjAwMDAwMDAwMDAwfX0="
        }
      ]
    },
    {
      "mode": "managed",
      "type": "openstack_compute_instance_v2",
      "name": "mgmt_vault",
      "provider": "provider[\"registry.terraform.io/terraform-provider-openstack/openstack\"]",
      "instances": [
        {
          "schema_version": 0,
          "attributes": {
            "access_ip_v4": "10.10.10.100",
            "access_ip_v6": "",
            "admin_pass": null,
            "all_metadata": {},
            "all_tags": [],
            "availability_zone": "nova",
            "availability_zone_hints": null,
            "block_device": [
              {
                "boot_index": 0,
                "delete_on_termination": false,
                "destination_type": "volume",
                "device_type": "",
                "disk_bus": "",
                "guest_format": "",
                "multiattach": false,
                "source_type": "volume",
                "uuid": "8a3f4f41-6521-4b2b-b5e3-1925dbe8db8c",
                "volume_size": 0,
                "volume_type": ""
              }
            ],
            "config_drive": true,
            "created": "2026-04-18 03:13:09 +0000 UTC",
            "flavor_id": "7fc042c0-228a-4292-8442-459b4600affb",
            "flavor_name": "m1.mini",
            "floating_ip": null,
            "force_delete": false,
            "id": "9f15e5d6-8728-40b4-9355-53770e3d4065",
            "image_id": "Attempt to boot from volume - no image supplied",
            "image_name": null,
            "key_pair": "",
            "metadata": null,
            "name": "mgmt-vault-transit",
            "network": [
              {
                "access_network": false,
                "fixed_ip_v4": "10.10.10.100",
                "fixed_ip_v6": "",
                "floating_ip": "",
                "mac": "fa:16:3e:1a:b6:0d",
                "name": "mgmt_private_net",
                "port": "f308857b-a87a-4903-8903-1c42345014f2",
                "uuid": "d773ea36-7e65-4bb4-8736-2bdcc9d5eede"
              }
            ],
            "network_mode": null,
            "personality": [],
            "power_state": "active",
            "region": "RegionOne",
            "scheduler_hints": [],
            "security_groups": [
              "mgmt-vault-sg"
            ],
            "stop_before_destroy": false,
            "tags": null,
            "timeouts": null,
            "updated": "2026-04-18 03:13:23 +0000 UTC",
            "user_data": "8ba0c0e09ccc31fb9c4aa786b8760bfac92be4d0",
            "vendor_options": [],
            "volume": []
          },
          "sensitive_attributes": [
            [
              {
                "type": "get_attr",
                "value": "admin_pass"
              }
            ],
            [
              {
                "type": "get_attr",
                "value": "user_data"
              }
            ]
          ],
          "identity_schema_version": 0,
          "private": "eyJlMmJmYjczMC1lY2FhLTExZTYtOGY4OC0zNDM2M2JjN2M0YzAiOnsiY3JlYXRlIjoxODAwMDAwMDAwMDAwLCJkZWxldGUiOjE4MDAwMDAwMDAwMDAsInVwZGF0ZSI6MTgwMDAwMDAwMDAwMH19",
          "dependencies": [
            "data.openstack_networking_network_v2.mgmt_net",
            "data.openstack_networking_secgroup_v2.mgmt_vault_sg",
            "data.openstack_networking_subnet_v2.mgmt_subnet",
            "openstack_blockstorage_volume_v3.mgmt_vault_vol",
            "openstack_networking_port_v2.vault_port"
          ]
        }
      ]
    },
    {
      "mode": "managed",
      "type": "openstack_networking_port_v2",
      "name": "vault_port",
      "provider": "provider[\"registry.terraform.io/terraform-provider-openstack/openstack\"]",
      "instances": [
        {
          "schema_version": 0,
          "attributes": {
            "admin_state_up": true,
            "all_fixed_ips": [
              "10.10.10.100"
            ],
            "all_security_group_ids": [
              "a754cf73-19c7-4c55-a5f5-a33f3682c964"
            ],
            "all_tags": [],
            "allowed_address_pairs": [],
            "binding": [
              {
                "host_id": "",
                "profile": "{}",
                "vif_details": {},
                "vif_type": "unbound",
                "vnic_type": "normal"
              }
            ],
            "description": "",
            "device_id": "",
            "device_owner": "",
            "dns_assignment": [],
            "dns_name": "",
            "extra_dhcp_option": [],
            "fixed_ip": [
              {
                "ip_address": "10.10.10.100",
                "subnet_id": "84bf5cb8-8642-4cd5-b300-d47227bb839b"
              }
            ],
            "id": "f308857b-a87a-4903-8903-1c42345014f2",
            "mac_address": "fa:16:3e:1a:b6:0d",
            "name": "vault-static-port",
            "network_id": "d773ea36-7e65-4bb4-8736-2bdcc9d5eede",
            "no_fixed_ip": null,
            "no_security_groups": null,
            "port_security_enabled": true,
            "qos_policy_id": "",
            "region": "RegionOne",
            "security_group_ids": [
              "a754cf73-19c7-4c55-a5f5-a33f3682c964"
            ],
            "tags": [],
            "tenant_id": "b43e7f1d24f347ea9a0da898471e37d0",
            "timeouts": null,
            "value_specs": null
          },
          "sensitive_attributes": [],
          "identity_schema_version": 0,
          "private": "eyJlMmJmYjczMC1lY2FhLTExZTYtOGY4OC0zNDM2M2JjN2M0YzAiOnsiY3JlYXRlIjo2MDAwMDAwMDAwMDAsImRlbGV0ZSI6NjAwMDAwMDAwMDAwfX0=",
          "dependencies": [
            "data.openstack_networking_network_v2.mgmt_net",
            "data.openstack_networking_secgroup_v2.mgmt_vault_sg",
            "data.openstack_networking_subnet_v2.mgmt_subnet"
          ]
        }
      ]
    }
  ],
  "check_results": null
}
