{
  "version": 4,
  "terraform_version": "1.14.9",
  "serial": 18,
  "lineage": "2a4ccfa7-da4f-03e0-79c7-2f4876411aba",
  "outputs": {},
  "resources": [
    {
      "mode": "data",
      "type": "openstack_networking_network_v2",
      "name": "mgmt_net",
      "provider": "provider[\"registry.terraform.io/terraform-provider-openstack/openstack\"]",
      "instances": [
        {
          "schema_version": 0,
          "attributes": {
            "admin_state_up": "true",
            "all_tags": [],
            "availability_zone_hints": [],
            "description": "",
            "dns_domain": "",
            "external": false,
            "id": "f83be062-1f39-438e-9b91-c93144e9190c",
            "matching_subnet_cidr": null,
            "mtu": 1450,
            "name": "mgmt_private_net",
            "network_id": null,
            "region": "RegionOne",
            "segments": [
              {
                "network_type": "vxlan",
                "physical_network": "",
                "segmentation_id": 155
              }
            ],
            "shared": "false",
            "status": null,
            "subnets": [
              "0379b620-0f8d-4779-9243-fa2b0bc04226"
            ],
            "tags": null,
            "tenant_id": "1e439e6a188040009f60710fcb5b9341",
            "transparent_vlan": false
          },
          "sensitive_attributes": [],
          "identity_schema_version": 0
        }
      ]
    },
    {
      "mode": "data",
      "type": "openstack_networking_secgroup_v2",
      "name": "mgmt_vault_sg",
      "provider": "provider[\"registry.terraform.io/terraform-provider-openstack/openstack\"]",
      "instances": [
        {
          "schema_version": 0,
          "attributes": {
            "all_tags": [],
            "description": "Security group for the Transit Auto-Unseal Vault",
            "id": "48f6d619-6579-45a7-80ca-6bfdd18a18c0",
            "name": "mgmt-vault-sg",
            "region": "RegionOne",
            "secgroup_id": null,
            "tags": null,
            "tenant_id": "1e439e6a188040009f60710fcb5b9341"
          },
          "sensitive_attributes": [],
          "identity_schema_version": 0
        }
      ]
    },
    {
      "mode": "data",
      "type": "openstack_networking_subnet_v2",
      "name": "mgmt_subnet",
      "provider": "provider[\"registry.terraform.io/terraform-provider-openstack/openstack\"]",
      "instances": [
        {
          "schema_version": 0,
          "attributes": {
            "all_tags": [],
            "allocation_pools": [
              {
                "end": "10.10.10.254",
                "start": "10.10.10.2"
              }
            ],
            "cidr": "10.10.10.0/24",
            "description": "",
            "dhcp_disabled": null,
            "dhcp_enabled": null,
            "dns_nameservers": [],
            "enable_dhcp": true,
            "gateway_ip": "10.10.10.1",
            "host_routes": [],
            "id": "0379b620-0f8d-4779-9243-fa2b0bc04226",
            "ip_version": 4,
            "ipv6_address_mode": "",
            "ipv6_ra_mode": "",
            "name": "mgmt_subnet",
            "network_id": "f83be062-1f39-438e-9b91-c93144e9190c",
            "region": "RegionOne",
            "service_types": [],
            "subnet_id": null,
            "subnetpool_id": "",
            "tags": null,
            "tenant_id": "1e439e6a188040009f60710fcb5b9341"
          },
          "sensitive_attributes": [],
          "identity_schema_version": 0
        }
      ]
    },
    {
      "mode": "managed",
      "type": "openstack_blockstorage_volume_v3",
      "name": "mgmt_vault_vol",
      "provider": "provider[\"registry.terraform.io/terraform-provider-openstack/openstack\"]",
      "instances": [
        {
          "schema_version": 0,
          "attributes": {
            "attachment": [],
            "availability_zone": "nova",
            "consistency_group_id": null,
            "description": "Persistent boot disk for management Vault",
            "enable_online_resize": null,
            "id": "3a03697b-aac0-47e0-988f-005ba5489d4f",
            "image_id": "9e999c7a-df91-4b38-a54e-ce64db6885c9",
            "metadata": {},
            "multiattach": null,
            "name": "mgmt-vault-data",
            "region": "RegionOne",
            "scheduler_hints": [],
            "size": 10,
            "snapshot_id": "",
            "source_replica": null,
            "source_vol_id": "",
            "timeouts": null,
            "volume_type": "ncs-nvme"
          },
          "sensitive_attributes": [],
          "identity_schema_version": 0,
          "private": "eyJlMmJmYjczMC1lY2FhLTExZTYtOGY4OC0zNDM2M2JjN2M0YzAiOnsiY3JlYXRlIjo2MDAwMDAwMDAwMDAsImRlbGV0ZSI6NjAwMDAwMDAwMDAwfX0="
        }
      ]
    },
    {
      "mode": "managed",
      "type": "openstack_compute_instance_v2",
      "name": "mgmt_vault",
      "provider": "provider[\"registry.terraform.io/terraform-provider-openstack/openstack\"]",
      "instances": [
        {
          "schema_version": 0,
          "attributes": {
            "access_ip_v4": "10.10.10.4",
            "access_ip_v6": "",
            "admin_pass": null,
            "all_metadata": {},
            "all_tags": [],
            "availability_zone": "nova",
            "availability_zone_hints": null,
            "block_device": [
              {
                "boot_index": 0,
                "delete_on_termination": false,
                "destination_type": "volume",
                "device_type": "",
                "disk_bus": "",
                "guest_format": "",
                "multiattach": false,
                "source_type": "volume",
                "uuid": "3a03697b-aac0-47e0-988f-005ba5489d4f",
                "volume_size": 0,
                "volume_type": ""
              }
            ],
            "config_drive": true,
            "created": "2026-05-12 10:50:15 +0000 UTC",
            "flavor_id": "d3284554-f675-4241-900a-c131c48f7eed",
            "flavor_name": "m1.mini",
            "floating_ip": null,
            "force_delete": false,
            "id": "466100bf-6ca0-4df1-96dd-8eb87664409f",
            "image_id": "Attempt to boot from volume - no image supplied",
            "image_name": null,
            "key_pair": "",
            "metadata": null,
            "name": "mgmt-vault-transit",
            "network": [
              {
                "access_network": false,
                "fixed_ip_v4": "10.10.10.4",
                "fixed_ip_v6": "",
                "floating_ip": "",
                "mac": "fa:16:3e:f0:8d:14",
                "name": "mgmt_private_net",
                "port": "0c38fd54-5170-4eeb-ab4a-0f5bfc5385cc",
                "uuid": "f83be062-1f39-438e-9b91-c93144e9190c"
              }
            ],
            "network_mode": null,
            "personality": [],
            "power_state": "active",
            "region": "RegionOne",
            "scheduler_hints": [],
            "security_groups": [
              "mgmt-vault-sg"
            ],
            "stop_before_destroy": false,
            "tags": null,
            "timeouts": null,
            "updated": "2026-05-12 10:50:30 +0000 UTC",
            "user_data": "8ba0c0e09ccc31fb9c4aa786b8760bfac92be4d0",
            "vendor_options": [],
            "volume": []
          },
          "sensitive_attributes": [
            [
              {
                "type": "get_attr",
                "value": "admin_pass"
              }
            ],
            [
              {
                "type": "get_attr",
                "value": "user_data"
              }
            ]
          ],
          "identity_schema_version": 0,
          "private": "eyJlMmJmYjczMC1lY2FhLTExZTYtOGY4OC0zNDM2M2JjN2M0YzAiOnsiY3JlYXRlIjoxODAwMDAwMDAwMDAwLCJkZWxldGUiOjE4MDAwMDAwMDAwMDAsInVwZGF0ZSI6MTgwMDAwMDAwMDAwMH19",
          "dependencies": [
            "data.openstack_networking_network_v2.mgmt_net",
            "data.openstack_networking_secgroup_v2.mgmt_vault_sg",
            "data.openstack_networking_subnet_v2.mgmt_subnet",
            "openstack_blockstorage_volume_v3.mgmt_vault_vol",
            "openstack_networking_port_v2.vault_port"
          ]
        }
      ]
    },
    {
      "mode": "managed",
      "type": "openstack_networking_port_v2",
      "name": "vault_port",
      "provider": "provider[\"registry.terraform.io/terraform-provider-openstack/openstack\"]",
      "instances": [
        {
          "schema_version": 0,
          "attributes": {
            "admin_state_up": true,
            "all_fixed_ips": [
              "10.10.10.4"
            ],
            "all_security_group_ids": [
              "48f6d619-6579-45a7-80ca-6bfdd18a18c0"
            ],
            "all_tags": [],
            "allowed_address_pairs": [],
            "binding": [
              {
                "host_id": "",
                "profile": "{}",
                "vif_details": {},
                "vif_type": "unbound",
                "vnic_type": "normal"
              }
            ],
            "description": "",
            "device_id": "",
            "device_owner": "",
            "dns_assignment": [],
            "dns_name": "",
            "extra_dhcp_option": [],
            "fixed_ip": [
              {
                "ip_address": "10.10.10.4",
                "subnet_id": "0379b620-0f8d-4779-9243-fa2b0bc04226"
              }
            ],
            "id": "0c38fd54-5170-4eeb-ab4a-0f5bfc5385cc",
            "mac_address": "fa:16:3e:f0:8d:14",
            "name": "vault-static-port",
            "network_id": "f83be062-1f39-438e-9b91-c93144e9190c",
            "no_fixed_ip": null,
            "no_security_groups": null,
            "port_security_enabled": true,
            "qos_policy_id": "",
            "region": "RegionOne",
            "security_group_ids": [
              "48f6d619-6579-45a7-80ca-6bfdd18a18c0"
            ],
            "tags": null,
            "tenant_id": "1e439e6a188040009f60710fcb5b9341",
            "timeouts": null,
            "value_specs": null
          },
          "sensitive_attributes": [],
          "identity_schema_version": 0,
          "private": "eyJlMmJmYjczMC1lY2FhLTExZTYtOGY4OC0zNDM2M2JjN2M0YzAiOnsiY3JlYXRlIjo2MDAwMDAwMDAwMDAsImRlbGV0ZSI6NjAwMDAwMDAwMDAwfX0=",
          "dependencies": [
            "data.openstack_networking_network_v2.mgmt_net",
            "data.openstack_networking_secgroup_v2.mgmt_vault_sg",
            "data.openstack_networking_subnet_v2.mgmt_subnet"
          ]
        }
      ]
    }
  ],
  "check_results": null
}
