{
  "version": 4,
  "terraform_version": "1.14.9",
  "serial": 14,
  "lineage": "b4e8caf0-8cf5-a9d5-6008-6ee0167766fb",
  "outputs": {},
  "resources": [
    {
      "mode": "managed",
      "type": "openstack_compute_flavor_v2",
      "name": "ai_gpu6gb_01_boot",
      "provider": "provider[\"registry.terraform.io/terraform-provider-openstack/openstack\"]",
      "instances": [
        {
          "schema_version": 0,
          "attributes": {
            "description": "",
            "disk": 60,
            "ephemeral": 0,
            "extra_specs": {
              "aggregate_instance_extra_specs:gpu": "true",
              "pci_passthrough:alias": "nvidia_gpu6gb:1"
            },
            "flavor_id": "aaf01aea-4b07-48c6-a5fb-310e7eb2cf74",
            "id": "aaf01aea-4b07-48c6-a5fb-310e7eb2cf74",
            "is_public": true,
            "name": "ai.gpu6gb_01.boot",
            "ram": 16384,
            "region": "RegionOne",
            "rx_tx_factor": 1,
            "swap": 0,
            "vcpus": 8
          },
          "sensitive_attributes": [],
          "identity_schema_version": 0,
          "private": "bnVsbA=="
        }
      ]
    },
    {
      "mode": "managed",
      "type": "openstack_compute_flavor_v2",
      "name": "ai_inference_boot",
      "provider": "provider[\"registry.terraform.io/terraform-provider-openstack/openstack\"]",
      "instances": [
        {
          "schema_version": 0,
          "attributes": {
            "description": "",
            "disk": 60,
            "ephemeral": 0,
            "extra_specs": {},
            "flavor_id": "d261c833-0280-4ca5-a8cc-a7da9784cf9a",
            "id": "d261c833-0280-4ca5-a8cc-a7da9784cf9a",
            "is_public": true,
            "name": "ai.inference.boot",
            "ram": 10240,
            "region": "RegionOne",
            "rx_tx_factor": 1,
            "swap": 0,
            "vcpus": 10
          },
          "sensitive_attributes": [],
          "identity_schema_version": 0,
          "private": "bnVsbA=="
        }
      ]
    },
    {
      "mode": "managed",
      "type": "openstack_compute_flavor_v2",
      "name": "m1_heavy",
      "provider": "provider[\"registry.terraform.io/terraform-provider-openstack/openstack\"]",
      "instances": [
        {
          "schema_version": 0,
          "attributes": {
            "description": "",
            "disk": 0,
            "ephemeral": 0,
            "extra_specs": {},
            "flavor_id": "5fae7e49-cf8c-4f1a-8fd2-ed3e617d7713",
            "id": "5fae7e49-cf8c-4f1a-8fd2-ed3e617d7713",
            "is_public": true,
            "name": "m1.heavy",
            "ram": 16384,
            "region": "RegionOne",
            "rx_tx_factor": 1,
            "swap": 0,
            "vcpus": 8
          },
          "sensitive_attributes": [],
          "identity_schema_version": 0,
          "private": "bnVsbA=="
        }
      ]
    },
    {
      "mode": "managed",
      "type": "openstack_compute_flavor_v2",
      "name": "m1_heavy_boot",
      "provider": "provider[\"registry.terraform.io/terraform-provider-openstack/openstack\"]",
      "instances": [
        {
          "schema_version": 0,
          "attributes": {
            "description": "",
            "disk": 60,
            "ephemeral": 0,
            "extra_specs": {},
            "flavor_id": "c640a1cb-2782-4116-9a8a-86bf3897f9f8",
            "id": "c640a1cb-2782-4116-9a8a-86bf3897f9f8",
            "is_public": true,
            "name": "m1.heavy.boot",
            "ram": 16384,
            "region": "RegionOne",
            "rx_tx_factor": 1,
            "swap": 0,
            "vcpus": 8
          },
          "sensitive_attributes": [],
          "identity_schema_version": 0,
          "private": "bnVsbA=="
        }
      ]
    },
    {
      "mode": "managed",
      "type": "openstack_compute_flavor_v2",
      "name": "m1_large",
      "provider": "provider[\"registry.terraform.io/terraform-provider-openstack/openstack\"]",
      "instances": [
        {
          "schema_version": 0,
          "attributes": {
            "description": "",
            "disk": 0,
            "ephemeral": 0,
            "extra_specs": {},
            "flavor_id": "66535469-d535-42b4-a666-7a38fbee54d6",
            "id": "66535469-d535-42b4-a666-7a38fbee54d6",
            "is_public": true,
            "name": "m1.large",
            "ram": 8192,
            "region": "RegionOne",
            "rx_tx_factor": 1,
            "swap": 0,
            "vcpus": 3
          },
          "sensitive_attributes": [],
          "identity_schema_version": 0,
          "private": "bnVsbA=="
        }
      ]
    },
    {
      "mode": "managed",
      "type": "openstack_compute_flavor_v2",
      "name": "m1_large_boot",
      "provider": "provider[\"registry.terraform.io/terraform-provider-openstack/openstack\"]",
      "instances": [
        {
          "schema_version": 0,
          "attributes": {
            "description": "",
            "disk": 40,
            "ephemeral": 0,
            "extra_specs": {},
            "flavor_id": "9e18c3f9-ae64-4f1d-a952-13fb4b2bc511",
            "id": "9e18c3f9-ae64-4f1d-a952-13fb4b2bc511",
            "is_public": true,
            "name": "m1.large.boot",
            "ram": 8192,
            "region": "RegionOne",
            "rx_tx_factor": 1,
            "swap": 0,
            "vcpus": 3
          },
          "sensitive_attributes": [],
          "identity_schema_version": 0,
          "private": "bnVsbA=="
        }
      ]
    },
    {
      "mode": "managed",
      "type": "openstack_compute_flavor_v2",
      "name": "m1_medium",
      "provider": "provider[\"registry.terraform.io/terraform-provider-openstack/openstack\"]",
      "instances": [
        {
          "schema_version": 0,
          "attributes": {
            "description": "",
            "disk": 0,
            "ephemeral": 0,
            "extra_specs": {},
            "flavor_id": "e0798bb5-e53a-478c-a3ad-215bcce536fc",
            "id": "e0798bb5-e53a-478c-a3ad-215bcce536fc",
            "is_public": true,
            "name": "m1.medium",
            "ram": 4096,
            "region": "RegionOne",
            "rx_tx_factor": 1,
            "swap": 0,
            "vcpus": 2
          },
          "sensitive_attributes": [],
          "identity_schema_version": 0,
          "private": "bnVsbA=="
        }
      ]
    },
    {
      "mode": "managed",
      "type": "openstack_compute_flavor_v2",
      "name": "m1_medium_boot",
      "provider": "provider[\"registry.terraform.io/terraform-provider-openstack/openstack\"]",
      "instances": [
        {
          "schema_version": 0,
          "attributes": {
            "description": "",
            "disk": 20,
            "ephemeral": 0,
            "extra_specs": {},
            "flavor_id": "f35791c8-f47e-4e6d-a9e8-1ea3fef1a67e",
            "id": "f35791c8-f47e-4e6d-a9e8-1ea3fef1a67e",
            "is_public": true,
            "name": "m1.medium.boot",
            "ram": 4096,
            "region": "RegionOne",
            "rx_tx_factor": 1,
            "swap": 0,
            "vcpus": 2
          },
          "sensitive_attributes": [],
          "identity_schema_version": 0,
          "private": "bnVsbA=="
        }
      ]
    },
    {
      "mode": "managed",
      "type": "openstack_compute_flavor_v2",
      "name": "m1_micro",
      "provider": "provider[\"registry.terraform.io/terraform-provider-openstack/openstack\"]",
      "instances": [
        {
          "schema_version": 0,
          "attributes": {
            "description": "",
            "disk": 0,
            "ephemeral": 0,
            "extra_specs": {},
            "flavor_id": "74d3fb1e-b4fb-4f5c-a3ca-adec1522f8a0",
            "id": "74d3fb1e-b4fb-4f5c-a3ca-adec1522f8a0",
            "is_public": true,
            "name": "m1.micro",
            "ram": 512,
            "region": "RegionOne",
            "rx_tx_factor": 1,
            "swap": 0,
            "vcpus": 1
          },
          "sensitive_attributes": [],
          "identity_schema_version": 0,
          "private": "bnVsbA=="
        }
      ]
    },
    {
      "mode": "managed",
      "type": "openstack_compute_flavor_v2",
      "name": "m1_micro_boot",
      "provider": "provider[\"registry.terraform.io/terraform-provider-openstack/openstack\"]",
      "instances": [
        {
          "schema_version": 0,
          "attributes": {
            "description": "",
            "disk": 8,
            "ephemeral": 0,
            "extra_specs": {},
            "flavor_id": "aab689dd-c3d5-449c-ba53-d12014936cd1",
            "id": "aab689dd-c3d5-449c-ba53-d12014936cd1",
            "is_public": true,
            "name": "m1.micro.boot",
            "ram": 512,
            "region": "RegionOne",
            "rx_tx_factor": 1,
            "swap": 0,
            "vcpus": 1
          },
          "sensitive_attributes": [],
          "identity_schema_version": 0,
          "private": "bnVsbA=="
        }
      ]
    },
    {
      "mode": "managed",
      "type": "openstack_compute_flavor_v2",
      "name": "m1_mini",
      "provider": "provider[\"registry.terraform.io/terraform-provider-openstack/openstack\"]",
      "instances": [
        {
          "schema_version": 0,
          "attributes": {
            "description": "",
            "disk": 0,
            "ephemeral": 0,
            "extra_specs": {},
            "flavor_id": "bf890f11-a74c-4d59-b79b-48e4493fb326",
            "id": "bf890f11-a74c-4d59-b79b-48e4493fb326",
            "is_public": true,
            "name": "m1.mini",
            "ram": 1024,
            "region": "RegionOne",
            "rx_tx_factor": 1,
            "swap": 0,
            "vcpus": 1
          },
          "sensitive_attributes": [],
          "identity_schema_version": 0,
          "private": "bnVsbA=="
        }
      ]
    },
    {
      "mode": "managed",
      "type": "openstack_compute_flavor_v2",
      "name": "m1_mini_boot",
      "provider": "provider[\"registry.terraform.io/terraform-provider-openstack/openstack\"]",
      "instances": [
        {
          "schema_version": 0,
          "attributes": {
            "description": "",
            "disk": 10,
            "ephemeral": 0,
            "extra_specs": {},
            "flavor_id": "90a88b27-6e51-42f6-a8f3-d771627ab90a",
            "id": "90a88b27-6e51-42f6-a8f3-d771627ab90a",
            "is_public": true,
            "name": "m1.mini.boot",
            "ram": 1024,
            "region": "RegionOne",
            "rx_tx_factor": 1,
            "swap": 0,
            "vcpus": 1
          },
          "sensitive_attributes": [],
          "identity_schema_version": 0,
          "private": "bnVsbA=="
        }
      ]
    },
    {
      "mode": "managed",
      "type": "openstack_compute_flavor_v2",
      "name": "m1_small",
      "provider": "provider[\"registry.terraform.io/terraform-provider-openstack/openstack\"]",
      "instances": [
        {
          "schema_version": 0,
          "attributes": {
            "description": "",
            "disk": 0,
            "ephemeral": 0,
            "extra_specs": {},
            "flavor_id": "f6c6d770-f449-454e-824e-2e2b51e61d53",
            "id": "f6c6d770-f449-454e-824e-2e2b51e61d53",
            "is_public": true,
            "name": "m1.small",
            "ram": 2048,
            "region": "RegionOne",
            "rx_tx_factor": 1,
            "swap": 0,
            "vcpus": 1
          },
          "sensitive_attributes": [],
          "identity_schema_version": 0,
          "private": "bnVsbA=="
        }
      ]
    },
    {
      "mode": "managed",
      "type": "openstack_compute_flavor_v2",
      "name": "m1_small_boot",
      "provider": "provider[\"registry.terraform.io/terraform-provider-openstack/openstack\"]",
      "instances": [
        {
          "schema_version": 0,
          "attributes": {
            "description": "",
            "disk": 20,
            "ephemeral": 0,
            "extra_specs": {},
            "flavor_id": "f0be0c7f-3371-4a37-9c25-3b173fd7d2bf",
            "id": "f0be0c7f-3371-4a37-9c25-3b173fd7d2bf",
            "is_public": true,
            "name": "m1.small.boot",
            "ram": 2048,
            "region": "RegionOne",
            "rx_tx_factor": 1,
            "swap": 0,
            "vcpus": 1
          },
          "sensitive_attributes": [],
          "identity_schema_version": 0,
          "private": "bnVsbA=="
        }
      ]
    }
  ],
  "check_results": null
}
