{
  "version": 4,
  "terraform_version": "1.14.9",
  "serial": 15,
  "lineage": "8375ba35-3bd0-2a99-8cff-1a5d0c0d0bb4",
  "outputs": {},
  "resources": [
    {
      "mode": "managed",
      "type": "openstack_compute_flavor_v2",
      "name": "ai_gpu6gb_01_boot",
      "provider": "provider[\"registry.terraform.io/terraform-provider-openstack/openstack\"]",
      "instances": [
        {
          "schema_version": 0,
          "attributes": {
            "description": "",
            "disk": 60,
            "ephemeral": 0,
            "extra_specs": {
              "aggregate_instance_extra_specs:gpu": "true",
              "pci_passthrough:alias": "nvidia_gpu6gb:1"
            },
            "flavor_id": "3aa66d2b-22a9-4a41-bc60-09cbb4e28686",
            "id": "3aa66d2b-22a9-4a41-bc60-09cbb4e28686",
            "is_public": true,
            "name": "ai.gpu6gb_01.boot",
            "ram": 16384,
            "region": "RegionOne",
            "rx_tx_factor": 1,
            "swap": 0,
            "vcpus": 8
          },
          "sensitive_attributes": [],
          "identity_schema_version": 0,
          "private": "bnVsbA=="
        }
      ]
    },
    {
      "mode": "managed",
      "type": "openstack_compute_flavor_v2",
      "name": "ai_inference_boot",
      "provider": "provider[\"registry.terraform.io/terraform-provider-openstack/openstack\"]",
      "instances": [
        {
          "schema_version": 0,
          "attributes": {
            "description": "",
            "disk": 60,
            "ephemeral": 0,
            "extra_specs": {},
            "flavor_id": "fa31097f-5650-4093-9953-0f93b6db8cdb",
            "id": "fa31097f-5650-4093-9953-0f93b6db8cdb",
            "is_public": true,
            "name": "ai.inference.boot",
            "ram": 10240,
            "region": "RegionOne",
            "rx_tx_factor": 1,
            "swap": 0,
            "vcpus": 10
          },
          "sensitive_attributes": [],
          "identity_schema_version": 0,
          "private": "bnVsbA=="
        }
      ]
    },
    {
      "mode": "managed",
      "type": "openstack_compute_flavor_v2",
      "name": "m1_heavy",
      "provider": "provider[\"registry.terraform.io/terraform-provider-openstack/openstack\"]",
      "instances": [
        {
          "schema_version": 0,
          "attributes": {
            "description": "",
            "disk": 0,
            "ephemeral": 0,
            "extra_specs": {},
            "flavor_id": "b44c196b-0b27-489c-890f-0675e5836a05",
            "id": "b44c196b-0b27-489c-890f-0675e5836a05",
            "is_public": true,
            "name": "m1.heavy",
            "ram": 16384,
            "region": "RegionOne",
            "rx_tx_factor": 1,
            "swap": 0,
            "vcpus": 8
          },
          "sensitive_attributes": [],
          "identity_schema_version": 0,
          "private": "bnVsbA=="
        }
      ]
    },
    {
      "mode": "managed",
      "type": "openstack_compute_flavor_v2",
      "name": "m1_heavy_boot",
      "provider": "provider[\"registry.terraform.io/terraform-provider-openstack/openstack\"]",
      "instances": [
        {
          "schema_version": 0,
          "attributes": {
            "description": "",
            "disk": 60,
            "ephemeral": 0,
            "extra_specs": {},
            "flavor_id": "e2e33e87-d15c-4683-9085-45035ad3a2e1",
            "id": "e2e33e87-d15c-4683-9085-45035ad3a2e1",
            "is_public": true,
            "name": "m1.heavy.boot",
            "ram": 16384,
            "region": "RegionOne",
            "rx_tx_factor": 1,
            "swap": 0,
            "vcpus": 8
          },
          "sensitive_attributes": [],
          "identity_schema_version": 0,
          "private": "bnVsbA=="
        }
      ]
    },
    {
      "mode": "managed",
      "type": "openstack_compute_flavor_v2",
      "name": "m1_large",
      "provider": "provider[\"registry.terraform.io/terraform-provider-openstack/openstack\"]",
      "instances": [
        {
          "schema_version": 0,
          "attributes": {
            "description": "",
            "disk": 0,
            "ephemeral": 0,
            "extra_specs": {},
            "flavor_id": "1c5f54a4-fe3c-4c18-a45b-55b926d6d3ed",
            "id": "1c5f54a4-fe3c-4c18-a45b-55b926d6d3ed",
            "is_public": true,
            "name": "m1.large",
            "ram": 8192,
            "region": "RegionOne",
            "rx_tx_factor": 1,
            "swap": 0,
            "vcpus": 3
          },
          "sensitive_attributes": [],
          "identity_schema_version": 0,
          "private": "bnVsbA=="
        }
      ]
    },
    {
      "mode": "managed",
      "type": "openstack_compute_flavor_v2",
      "name": "m1_large_boot",
      "provider": "provider[\"registry.terraform.io/terraform-provider-openstack/openstack\"]",
      "instances": [
        {
          "schema_version": 0,
          "attributes": {
            "description": "",
            "disk": 40,
            "ephemeral": 0,
            "extra_specs": {},
            "flavor_id": "e99c811e-80ed-4e2e-8a26-0f1ffa830c97",
            "id": "e99c811e-80ed-4e2e-8a26-0f1ffa830c97",
            "is_public": true,
            "name": "m1.large.boot",
            "ram": 8192,
            "region": "RegionOne",
            "rx_tx_factor": 1,
            "swap": 0,
            "vcpus": 3
          },
          "sensitive_attributes": [],
          "identity_schema_version": 0,
          "private": "bnVsbA=="
        }
      ]
    },
    {
      "mode": "managed",
      "type": "openstack_compute_flavor_v2",
      "name": "m1_medium",
      "provider": "provider[\"registry.terraform.io/terraform-provider-openstack/openstack\"]",
      "instances": [
        {
          "schema_version": 0,
          "attributes": {
            "description": "",
            "disk": 0,
            "ephemeral": 0,
            "extra_specs": {},
            "flavor_id": "5b9a78d8-0043-4cb7-9072-aee2a59a6960",
            "id": "5b9a78d8-0043-4cb7-9072-aee2a59a6960",
            "is_public": true,
            "name": "m1.medium",
            "ram": 4096,
            "region": "RegionOne",
            "rx_tx_factor": 1,
            "swap": 0,
            "vcpus": 2
          },
          "sensitive_attributes": [],
          "identity_schema_version": 0,
          "private": "bnVsbA=="
        }
      ]
    },
    {
      "mode": "managed",
      "type": "openstack_compute_flavor_v2",
      "name": "m1_medium_boot",
      "provider": "provider[\"registry.terraform.io/terraform-provider-openstack/openstack\"]",
      "instances": [
        {
          "schema_version": 0,
          "attributes": {
            "description": "",
            "disk": 20,
            "ephemeral": 0,
            "extra_specs": {},
            "flavor_id": "22047e13-b212-4cac-ba26-687656850201",
            "id": "22047e13-b212-4cac-ba26-687656850201",
            "is_public": true,
            "name": "m1.medium.boot",
            "ram": 4096,
            "region": "RegionOne",
            "rx_tx_factor": 1,
            "swap": 0,
            "vcpus": 2
          },
          "sensitive_attributes": [],
          "identity_schema_version": 0,
          "private": "bnVsbA=="
        }
      ]
    },
    {
      "mode": "managed",
      "type": "openstack_compute_flavor_v2",
      "name": "m1_micro",
      "provider": "provider[\"registry.terraform.io/terraform-provider-openstack/openstack\"]",
      "instances": [
        {
          "schema_version": 0,
          "attributes": {
            "description": "",
            "disk": 0,
            "ephemeral": 0,
            "extra_specs": {},
            "flavor_id": "bc9b7559-0453-43f5-8e4a-d089cf78026d",
            "id": "bc9b7559-0453-43f5-8e4a-d089cf78026d",
            "is_public": true,
            "name": "m1.micro",
            "ram": 512,
            "region": "RegionOne",
            "rx_tx_factor": 1,
            "swap": 0,
            "vcpus": 1
          },
          "sensitive_attributes": [],
          "identity_schema_version": 0,
          "private": "bnVsbA=="
        }
      ]
    },
    {
      "mode": "managed",
      "type": "openstack_compute_flavor_v2",
      "name": "m1_micro_boot",
      "provider": "provider[\"registry.terraform.io/terraform-provider-openstack/openstack\"]",
      "instances": [
        {
          "schema_version": 0,
          "attributes": {
            "description": "",
            "disk": 8,
            "ephemeral": 0,
            "extra_specs": {},
            "flavor_id": "1b2090d2-8e58-4516-b192-7ad125acac9a",
            "id": "1b2090d2-8e58-4516-b192-7ad125acac9a",
            "is_public": true,
            "name": "m1.micro.boot",
            "ram": 512,
            "region": "RegionOne",
            "rx_tx_factor": 1,
            "swap": 0,
            "vcpus": 1
          },
          "sensitive_attributes": [],
          "identity_schema_version": 0,
          "private": "bnVsbA=="
        }
      ]
    },
    {
      "mode": "managed",
      "type": "openstack_compute_flavor_v2",
      "name": "m1_mini",
      "provider": "provider[\"registry.terraform.io/terraform-provider-openstack/openstack\"]",
      "instances": [
        {
          "schema_version": 0,
          "attributes": {
            "description": "",
            "disk": 0,
            "ephemeral": 0,
            "extra_specs": {},
            "flavor_id": "6cc95ba5-2b66-4f5b-8ce0-5db58fd795a3",
            "id": "6cc95ba5-2b66-4f5b-8ce0-5db58fd795a3",
            "is_public": true,
            "name": "m1.mini",
            "ram": 1024,
            "region": "RegionOne",
            "rx_tx_factor": 1,
            "swap": 0,
            "vcpus": 1
          },
          "sensitive_attributes": [],
          "identity_schema_version": 0,
          "private": "bnVsbA=="
        }
      ]
    },
    {
      "mode": "managed",
      "type": "openstack_compute_flavor_v2",
      "name": "m1_mini_boot",
      "provider": "provider[\"registry.terraform.io/terraform-provider-openstack/openstack\"]",
      "instances": [
        {
          "schema_version": 0,
          "attributes": {
            "description": "",
            "disk": 10,
            "ephemeral": 0,
            "extra_specs": {},
            "flavor_id": "d9b7bb56-9753-433e-8111-0cd376441595",
            "id": "d9b7bb56-9753-433e-8111-0cd376441595",
            "is_public": true,
            "name": "m1.mini.boot",
            "ram": 1024,
            "region": "RegionOne",
            "rx_tx_factor": 1,
            "swap": 0,
            "vcpus": 1
          },
          "sensitive_attributes": [],
          "identity_schema_version": 0,
          "private": "bnVsbA=="
        }
      ]
    },
    {
      "mode": "managed",
      "type": "openstack_compute_flavor_v2",
      "name": "m1_small",
      "provider": "provider[\"registry.terraform.io/terraform-provider-openstack/openstack\"]",
      "instances": [
        {
          "schema_version": 0,
          "attributes": {
            "description": "",
            "disk": 0,
            "ephemeral": 0,
            "extra_specs": {},
            "flavor_id": "16867c51-1fbb-4bb7-84d2-dc64e7b444cf",
            "id": "16867c51-1fbb-4bb7-84d2-dc64e7b444cf",
            "is_public": true,
            "name": "m1.small",
            "ram": 2048,
            "region": "RegionOne",
            "rx_tx_factor": 1,
            "swap": 0,
            "vcpus": 1
          },
          "sensitive_attributes": [],
          "identity_schema_version": 0,
          "private": "bnVsbA=="
        }
      ]
    },
    {
      "mode": "managed",
      "type": "openstack_compute_flavor_v2",
      "name": "m1_small_boot",
      "provider": "provider[\"registry.terraform.io/terraform-provider-openstack/openstack\"]",
      "instances": [
        {
          "schema_version": 0,
          "attributes": {
            "description": "",
            "disk": 20,
            "ephemeral": 0,
            "extra_specs": {},
            "flavor_id": "5831c02f-c611-4fb6-afed-beaadcb02d6a",
            "id": "5831c02f-c611-4fb6-afed-beaadcb02d6a",
            "is_public": true,
            "name": "m1.small.boot",
            "ram": 2048,
            "region": "RegionOne",
            "rx_tx_factor": 1,
            "swap": 0,
            "vcpus": 1
          },
          "sensitive_attributes": [],
          "identity_schema_version": 0,
          "private": "bnVsbA=="
        }
      ]
    }
  ],
  "check_results": null
}
