{
  "version": 4,
  "terraform_version": "1.14.8",
  "serial": 101,
  "lineage": "f2cd1104-1aaa-ee4d-6c2b-863c531fc735",
  "outputs": {},
  "resources": [
    {
      "mode": "managed",
      "type": "openstack_compute_flavor_v2",
      "name": "ai_gpu6gb_01_boot",
      "provider": "provider[\"registry.terraform.io/terraform-provider-openstack/openstack\"]",
      "instances": [
        {
          "schema_version": 0,
          "attributes": {
            "description": "",
            "disk": 60,
            "ephemeral": 0,
            "extra_specs": {
              "aggregate_instance_extra_specs:gpu": "true",
              "pci_passthrough:alias": "nvidia_gpu6gb:1"
            },
            "flavor_id": "e0f6c228-650d-4e36-bc91-4f0f3b2ec70c",
            "id": "e0f6c228-650d-4e36-bc91-4f0f3b2ec70c",
            "is_public": true,
            "name": "ai.gpu6gb_01.boot",
            "ram": 16384,
            "region": "RegionOne",
            "rx_tx_factor": 1,
            "swap": 0,
            "vcpus": 8
          },
          "sensitive_attributes": [],
          "identity_schema_version": 0,
          "private": "bnVsbA=="
        }
      ]
    },
    {
      "mode": "managed",
      "type": "openstack_compute_flavor_v2",
      "name": "ai_inference_boot",
      "provider": "provider[\"registry.terraform.io/terraform-provider-openstack/openstack\"]",
      "instances": [
        {
          "schema_version": 0,
          "attributes": {
            "description": "",
            "disk": 60,
            "ephemeral": 0,
            "extra_specs": {},
            "flavor_id": "5cbc339f-d021-4e23-9c26-e12897baa6cb",
            "id": "5cbc339f-d021-4e23-9c26-e12897baa6cb",
            "is_public": true,
            "name": "ai.inference.boot",
            "ram": 10240,
            "region": "RegionOne",
            "rx_tx_factor": 1,
            "swap": 0,
            "vcpus": 10
          },
          "sensitive_attributes": [],
          "identity_schema_version": 0,
          "private": "bnVsbA=="
        }
      ]
    },
    {
      "mode": "managed",
      "type": "openstack_compute_flavor_v2",
      "name": "m1_heavy",
      "provider": "provider[\"registry.terraform.io/terraform-provider-openstack/openstack\"]",
      "instances": [
        {
          "schema_version": 0,
          "attributes": {
            "description": "",
            "disk": 0,
            "ephemeral": 0,
            "extra_specs": {},
            "flavor_id": "100c0ee3-b66f-4151-9234-c877c2a54bb5",
            "id": "100c0ee3-b66f-4151-9234-c877c2a54bb5",
            "is_public": true,
            "name": "m1.heavy",
            "ram": 16384,
            "region": "RegionOne",
            "rx_tx_factor": 1,
            "swap": 0,
            "vcpus": 8
          },
          "sensitive_attributes": [],
          "identity_schema_version": 0,
          "private": "bnVsbA=="
        }
      ]
    },
    {
      "mode": "managed",
      "type": "openstack_compute_flavor_v2",
      "name": "m1_heavy_boot",
      "provider": "provider[\"registry.terraform.io/terraform-provider-openstack/openstack\"]",
      "instances": [
        {
          "schema_version": 0,
          "attributes": {
            "description": "",
            "disk": 60,
            "ephemeral": 0,
            "extra_specs": {},
            "flavor_id": "730f827c-c9fd-44d6-b7f2-c66697c6f979",
            "id": "730f827c-c9fd-44d6-b7f2-c66697c6f979",
            "is_public": true,
            "name": "m1.heavy.boot",
            "ram": 16384,
            "region": "RegionOne",
            "rx_tx_factor": 1,
            "swap": 0,
            "vcpus": 8
          },
          "sensitive_attributes": [],
          "identity_schema_version": 0,
          "private": "bnVsbA=="
        }
      ]
    },
    {
      "mode": "managed",
      "type": "openstack_compute_flavor_v2",
      "name": "m1_large",
      "provider": "provider[\"registry.terraform.io/terraform-provider-openstack/openstack\"]",
      "instances": [
        {
          "schema_version": 0,
          "attributes": {
            "description": "",
            "disk": 0,
            "ephemeral": 0,
            "extra_specs": {},
            "flavor_id": "9726435c-55dd-4c17-b559-e232a644680d",
            "id": "9726435c-55dd-4c17-b559-e232a644680d",
            "is_public": true,
            "name": "m1.large",
            "ram": 8192,
            "region": "RegionOne",
            "rx_tx_factor": 1,
            "swap": 0,
            "vcpus": 3
          },
          "sensitive_attributes": [],
          "identity_schema_version": 0,
          "private": "bnVsbA=="
        }
      ]
    },
    {
      "mode": "managed",
      "type": "openstack_compute_flavor_v2",
      "name": "m1_large_boot",
      "provider": "provider[\"registry.terraform.io/terraform-provider-openstack/openstack\"]",
      "instances": [
        {
          "schema_version": 0,
          "attributes": {
            "description": "",
            "disk": 40,
            "ephemeral": 0,
            "extra_specs": {},
            "flavor_id": "e359d646-955d-482f-9a36-6bf684003ea0",
            "id": "e359d646-955d-482f-9a36-6bf684003ea0",
            "is_public": true,
            "name": "m1.large.boot",
            "ram": 8192,
            "region": "RegionOne",
            "rx_tx_factor": 1,
            "swap": 0,
            "vcpus": 3
          },
          "sensitive_attributes": [],
          "identity_schema_version": 0,
          "private": "bnVsbA=="
        }
      ]
    },
    {
      "mode": "managed",
      "type": "openstack_compute_flavor_v2",
      "name": "m1_medium",
      "provider": "provider[\"registry.terraform.io/terraform-provider-openstack/openstack\"]",
      "instances": [
        {
          "schema_version": 0,
          "attributes": {
            "description": "",
            "disk": 0,
            "ephemeral": 0,
            "extra_specs": {},
            "flavor_id": "7c8ee057-2683-4ccf-9867-48a45d3f69ee",
            "id": "7c8ee057-2683-4ccf-9867-48a45d3f69ee",
            "is_public": true,
            "name": "m1.medium",
            "ram": 4096,
            "region": "RegionOne",
            "rx_tx_factor": 1,
            "swap": 0,
            "vcpus": 2
          },
          "sensitive_attributes": [],
          "identity_schema_version": 0,
          "private": "bnVsbA=="
        }
      ]
    },
    {
      "mode": "managed",
      "type": "openstack_compute_flavor_v2",
      "name": "m1_medium_boot",
      "provider": "provider[\"registry.terraform.io/terraform-provider-openstack/openstack\"]",
      "instances": [
        {
          "schema_version": 0,
          "attributes": {
            "description": "",
            "disk": 20,
            "ephemeral": 0,
            "extra_specs": {},
            "flavor_id": "7856d842-71b9-4ac1-9d6a-3f85b945d490",
            "id": "7856d842-71b9-4ac1-9d6a-3f85b945d490",
            "is_public": true,
            "name": "m1.medium.boot",
            "ram": 4096,
            "region": "RegionOne",
            "rx_tx_factor": 1,
            "swap": 0,
            "vcpus": 2
          },
          "sensitive_attributes": [],
          "identity_schema_version": 0,
          "private": "bnVsbA=="
        }
      ]
    },
    {
      "mode": "managed",
      "type": "openstack_compute_flavor_v2",
      "name": "m1_micro",
      "provider": "provider[\"registry.terraform.io/terraform-provider-openstack/openstack\"]",
      "instances": [
        {
          "schema_version": 0,
          "attributes": {
            "description": "",
            "disk": 0,
            "ephemeral": 0,
            "extra_specs": {},
            "flavor_id": "65325f4e-96f3-4509-b97e-7a8c670f2775",
            "id": "65325f4e-96f3-4509-b97e-7a8c670f2775",
            "is_public": true,
            "name": "m1.micro",
            "ram": 512,
            "region": "RegionOne",
            "rx_tx_factor": 1,
            "swap": 0,
            "vcpus": 1
          },
          "sensitive_attributes": [],
          "identity_schema_version": 0,
          "private": "bnVsbA=="
        }
      ]
    },
    {
      "mode": "managed",
      "type": "openstack_compute_flavor_v2",
      "name": "m1_micro_boot",
      "provider": "provider[\"registry.terraform.io/terraform-provider-openstack/openstack\"]",
      "instances": [
        {
          "schema_version": 0,
          "attributes": {
            "description": "",
            "disk": 8,
            "ephemeral": 0,
            "extra_specs": {},
            "flavor_id": "d8ed4dc7-b41b-4370-bb14-b17ae41d2aab",
            "id": "d8ed4dc7-b41b-4370-bb14-b17ae41d2aab",
            "is_public": true,
            "name": "m1.micro.boot",
            "ram": 512,
            "region": "RegionOne",
            "rx_tx_factor": 1,
            "swap": 0,
            "vcpus": 1
          },
          "sensitive_attributes": [],
          "identity_schema_version": 0,
          "private": "bnVsbA=="
        }
      ]
    },
    {
      "mode": "managed",
      "type": "openstack_compute_flavor_v2",
      "name": "m1_mini",
      "provider": "provider[\"registry.terraform.io/terraform-provider-openstack/openstack\"]",
      "instances": [
        {
          "schema_version": 0,
          "attributes": {
            "description": "",
            "disk": 0,
            "ephemeral": 0,
            "extra_specs": {},
            "flavor_id": "7fc042c0-228a-4292-8442-459b4600affb",
            "id": "7fc042c0-228a-4292-8442-459b4600affb",
            "is_public": true,
            "name": "m1.mini",
            "ram": 1024,
            "region": "RegionOne",
            "rx_tx_factor": 1,
            "swap": 0,
            "vcpus": 1
          },
          "sensitive_attributes": [],
          "identity_schema_version": 0,
          "private": "bnVsbA=="
        }
      ]
    },
    {
      "mode": "managed",
      "type": "openstack_compute_flavor_v2",
      "name": "m1_mini_boot",
      "provider": "provider[\"registry.terraform.io/terraform-provider-openstack/openstack\"]",
      "instances": [
        {
          "schema_version": 0,
          "attributes": {
            "description": "",
            "disk": 10,
            "ephemeral": 0,
            "extra_specs": {},
            "flavor_id": "e36bf57b-bd66-48fe-9f10-48931d1fe9a4",
            "id": "e36bf57b-bd66-48fe-9f10-48931d1fe9a4",
            "is_public": true,
            "name": "m1.mini.boot",
            "ram": 1024,
            "region": "RegionOne",
            "rx_tx_factor": 1,
            "swap": 0,
            "vcpus": 1
          },
          "sensitive_attributes": [],
          "identity_schema_version": 0,
          "private": "bnVsbA=="
        }
      ]
    },
    {
      "mode": "managed",
      "type": "openstack_compute_flavor_v2",
      "name": "m1_small",
      "provider": "provider[\"registry.terraform.io/terraform-provider-openstack/openstack\"]",
      "instances": [
        {
          "schema_version": 0,
          "attributes": {
            "description": "",
            "disk": 0,
            "ephemeral": 0,
            "extra_specs": {},
            "flavor_id": "cb56b4bc-1527-48b9-83ce-b95ee9ddbb00",
            "id": "cb56b4bc-1527-48b9-83ce-b95ee9ddbb00",
            "is_public": true,
            "name": "m1.small",
            "ram": 2048,
            "region": "RegionOne",
            "rx_tx_factor": 1,
            "swap": 0,
            "vcpus": 1
          },
          "sensitive_attributes": [],
          "identity_schema_version": 0,
          "private": "bnVsbA=="
        }
      ]
    },
    {
      "mode": "managed",
      "type": "openstack_compute_flavor_v2",
      "name": "m1_small_boot",
      "provider": "provider[\"registry.terraform.io/terraform-provider-openstack/openstack\"]",
      "instances": [
        {
          "schema_version": 0,
          "attributes": {
            "description": "",
            "disk": 20,
            "ephemeral": 0,
            "extra_specs": {},
            "flavor_id": "85185d86-e6b6-4aae-bfd9-289a8a9b9172",
            "id": "85185d86-e6b6-4aae-bfd9-289a8a9b9172",
            "is_public": true,
            "name": "m1.small.boot",
            "ram": 2048,
            "region": "RegionOne",
            "rx_tx_factor": 1,
            "swap": 0,
            "vcpus": 1
          },
          "sensitive_attributes": [],
          "identity_schema_version": 0,
          "private": "bnVsbA=="
        }
      ]
    }
  ],
  "check_results": null
}
