{
  "version": 4,
  "terraform_version": "1.14.9",
  "serial": 61,
  "lineage": "461992da-344b-7e12-6859-2f8a1cfdbdb7",
  "outputs": {
    "worker_ips": {
      "value": [
        "10.10.30.188",
        "10.10.30.83",
        "10.10.30.31"
      ],
      "type": [
        "tuple",
        [
          "string",
          "string",
          "string"
        ]
      ]
    }
  },
  "resources": [
    {
      "mode": "managed",
      "type": "openstack_blockstorage_volume_v3",
      "name": "gpu_worker_storage",
      "provider": "provider[\"registry.terraform.io/terraform-provider-openstack/openstack\"]",
      "instances": [
        {
          "schema_version": 0,
          "attributes": {
            "attachment": [],
            "availability_zone": "nova",
            "consistency_group_id": null,
            "description": "Local storage for AI GPU worker",
            "enable_online_resize": null,
            "id": "bb7ad18c-ce95-4234-a4a0-f7ba85b768db",
            "image_id": null,
            "metadata": {},
            "multiattach": null,
            "name": "gpu-worker-local-storage",
            "region": "RegionOne",
            "scheduler_hints": [],
            "size": 100,
            "snapshot_id": "",
            "source_replica": null,
            "source_vol_id": "",
            "timeouts": null,
            "volume_type": "ncs-nvme"
          },
          "sensitive_attributes": [],
          "identity_schema_version": 0,
          "private": "eyJlMmJmYjczMC1lY2FhLTExZTYtOGY4OC0zNDM2M2JjN2M0YzAiOnsiY3JlYXRlIjo2MDAwMDAwMDAwMDAsImRlbGV0ZSI6NjAwMDAwMDAwMDAwfX0="
        }
      ]
    },
    {
      "mode": "managed",
      "type": "openstack_blockstorage_volume_v3",
      "name": "k3s_master_01_boot_vol",
      "provider": "provider[\"registry.terraform.io/terraform-provider-openstack/openstack\"]",
      "instances": [
        {
          "schema_version": 0,
          "attributes": {
            "attachment": [],
            "availability_zone": "nova",
            "consistency_group_id": null,
            "description": "Persistent boot disk for cluster Vault",
            "enable_online_resize": null,
            "id": "7252eb6a-47f6-4409-bc9e-75881bf07d0e",
            "image_id": "9e999c7a-df91-4b38-a54e-ce64db6885c9",
            "metadata": {},
            "multiattach": null,
            "name": "k3s-master-01-boot-disk",
            "region": "RegionOne",
            "scheduler_hints": [],
            "size": 40,
            "snapshot_id": "",
            "source_replica": null,
            "source_vol_id": "",
            "timeouts": null,
            "volume_type": "ncs-nvme"
          },
          "sensitive_attributes": [],
          "identity_schema_version": 0,
          "private": "eyJlMmJmYjczMC1lY2FhLTExZTYtOGY4OC0zNDM2M2JjN2M0YzAiOnsiY3JlYXRlIjo2MDAwMDAwMDAwMDAsImRlbGV0ZSI6NjAwMDAwMDAwMDAwfX0="
        }
      ]
    },
    {
      "mode": "managed",
      "type": "openstack_compute_instance_v2",
      "name": "gpu_worker",
      "provider": "provider[\"registry.terraform.io/terraform-provider-openstack/openstack\"]",
      "instances": [
        {
          "schema_version": 0,
          "attributes": {
            "access_ip_v4": "10.10.30.10",
            "access_ip_v6": "",
            "admin_pass": null,
            "all_metadata": {},
            "all_tags": [],
            "availability_zone": "nova",
            "availability_zone_hints": null,
            "block_device": [],
            "config_drive": true,
            "created": "2026-05-12 22:58:11 +0000 UTC",
            "flavor_id": "1b162c76-4399-4be3-9dee-73200b9d1a42",
            "flavor_name": "ai.gpu6gb_01.boot",
            "floating_ip": null,
            "force_delete": false,
            "id": "a9e8ea48-ee16-44d4-bad7-7c3992ccb94f",
            "image_id": "9e999c7a-df91-4b38-a54e-ce64db6885c9",
            "image_name": "Ubuntu-24.04-Minimal",
            "key_pair": "",
            "metadata": null,
            "name": "gpu-worker-01",
            "network": [
              {
                "access_network": false,
                "fixed_ip_v4": "10.10.30.10",
                "fixed_ip_v6": "",
                "floating_ip": "",
                "mac": "fa:16:3e:80:c3:46",
                "name": "k3s_private_net",
                "port": "",
                "uuid": "1c68bff7-768a-4728-ae20-8bcd6f212ed2"
              }
            ],
            "network_mode": null,
            "personality": [],
            "power_state": "active",
            "region": "RegionOne",
            "scheduler_hints": [],
            "security_groups": [
              "internal-sg",
              "k3s-internal-sg"
            ],
            "stop_before_destroy": false,
            "tags": null,
            "timeouts": null,
            "updated": "2026-05-12 22:58:51 +0000 UTC",
            "user_data": "a90bb471b4b46daff198c66986ea89f8b1d1e4b8",
            "vendor_options": [],
            "volume": []
          },
          "sensitive_attributes": [
            [
              {
                "type": "get_attr",
                "value": "admin_pass"
              }
            ],
            [
              {
                "type": "get_attr",
                "value": "user_data"
              }
            ]
          ],
          "identity_schema_version": 0,
          "private": "eyJlMmJmYjczMC1lY2FhLTExZTYtOGY4OC0zNDM2M2JjN2M0YzAiOnsiY3JlYXRlIjoxODAwMDAwMDAwMDAwLCJkZWxldGUiOjE4MDAwMDAwMDAwMDAsInVwZGF0ZSI6MTgwMDAwMDAwMDAwMH19"
        }
      ]
    },
    {
      "mode": "managed",
      "type": "openstack_compute_instance_v2",
      "name": "k3s_worker",
      "provider": "provider[\"registry.terraform.io/terraform-provider-openstack/openstack\"]",
      "instances": [
        {
          "index_key": 0,
          "schema_version": 0,
          "attributes": {
            "access_ip_v4": "10.10.30.188",
            "access_ip_v6": "",
            "admin_pass": null,
            "all_metadata": {},
            "all_tags": [],
            "availability_zone": "nova",
            "availability_zone_hints": null,
            "block_device": [
              {
                "boot_index": 0,
                "delete_on_termination": false,
                "destination_type": "volume",
                "device_type": "",
                "disk_bus": "",
                "guest_format": "",
                "multiattach": false,
                "source_type": "image",
                "uuid": "9e999c7a-df91-4b38-a54e-ce64db6885c9",
                "volume_size": 100,
                "volume_type": "ncs-nvme"
              }
            ],
            "config_drive": true,
            "created": "2026-05-12 22:58:11 +0000 UTC",
            "flavor_id": "85f8896f-6a73-4504-a23a-cae744a39774",
            "flavor_name": "m1.heavy",
            "floating_ip": null,
            "force_delete": false,
            "id": "1e55a28b-1b69-4ea2-8739-7c6227307c52",
            "image_id": "Attempt to boot from volume - no image supplied",
            "image_name": null,
            "key_pair": "",
            "metadata": null,
            "name": "k3s-worker-01",
            "network": [
              {
                "access_network": false,
                "fixed_ip_v4": "10.10.30.188",
                "fixed_ip_v6": "",
                "floating_ip": "",
                "mac": "fa:16:3e:f4:18:73",
                "name": "k3s_private_net",
                "port": "",
                "uuid": "1c68bff7-768a-4728-ae20-8bcd6f212ed2"
              }
            ],
            "network_mode": null,
            "personality": [],
            "power_state": "active",
            "region": "RegionOne",
            "scheduler_hints": [],
            "security_groups": [
              "internal-sg",
              "k3s-internal-sg"
            ],
            "stop_before_destroy": false,
            "tags": null,
            "timeouts": null,
            "updated": "2026-05-12 22:58:56 +0000 UTC",
            "user_data": "a90bb471b4b46daff198c66986ea89f8b1d1e4b8",
            "vendor_options": [],
            "volume": []
          },
          "sensitive_attributes": [
            [
              {
                "type": "get_attr",
                "value": "admin_pass"
              }
            ],
            [
              {
                "type": "get_attr",
                "value": "user_data"
              }
            ]
          ],
          "identity_schema_version": 0,
          "private": "eyJlMmJmYjczMC1lY2FhLTExZTYtOGY4OC0zNDM2M2JjN2M0YzAiOnsiY3JlYXRlIjoxODAwMDAwMDAwMDAwLCJkZWxldGUiOjE4MDAwMDAwMDAwMDAsInVwZGF0ZSI6MTgwMDAwMDAwMDAwMH19"
        },
        {
          "index_key": 1,
          "schema_version": 0,
          "attributes": {
            "access_ip_v4": "10.10.30.83",
            "access_ip_v6": "",
            "admin_pass": null,
            "all_metadata": {},
            "all_tags": [],
            "availability_zone": "nova",
            "availability_zone_hints": null,
            "block_device": [
              {
                "boot_index": 0,
                "delete_on_termination": false,
                "destination_type": "volume",
                "device_type": "",
                "disk_bus": "",
                "guest_format": "",
                "multiattach": false,
                "source_type": "image",
                "uuid": "9e999c7a-df91-4b38-a54e-ce64db6885c9",
                "volume_size": 100,
                "volume_type": "ncs-nvme"
              }
            ],
            "config_drive": true,
            "created": "2026-05-12 22:58:11 +0000 UTC",
            "flavor_id": "85f8896f-6a73-4504-a23a-cae744a39774",
            "flavor_name": "m1.heavy",
            "floating_ip": null,
            "force_delete": false,
            "id": "eb34f614-43d8-40d3-b269-ad870a4692e1",
            "image_id": "Attempt to boot from volume - no image supplied",
            "image_name": null,
            "key_pair": "",
            "metadata": null,
            "name": "k3s-worker-02",
            "network": [
              {
                "access_network": false,
                "fixed_ip_v4": "10.10.30.83",
                "fixed_ip_v6": "",
                "floating_ip": "",
                "mac": "fa:16:3e:fa:7b:67",
                "name": "k3s_private_net",
                "port": "",
                "uuid": "1c68bff7-768a-4728-ae20-8bcd6f212ed2"
              }
            ],
            "network_mode": null,
            "personality": [],
            "power_state": "active",
            "region": "RegionOne",
            "scheduler_hints": [],
            "security_groups": [
              "internal-sg",
              "k3s-internal-sg"
            ],
            "stop_before_destroy": false,
            "tags": null,
            "timeouts": null,
            "updated": "2026-05-12 22:58:49 +0000 UTC",
            "user_data": "a90bb471b4b46daff198c66986ea89f8b1d1e4b8",
            "vendor_options": [],
            "volume": []
          },
          "sensitive_attributes": [
            [
              {
                "type": "get_attr",
                "value": "admin_pass"
              }
            ],
            [
              {
                "type": "get_attr",
                "value": "user_data"
              }
            ]
          ],
          "identity_schema_version": 0,
          "private": "eyJlMmJmYjczMC1lY2FhLTExZTYtOGY4OC0zNDM2M2JjN2M0YzAiOnsiY3JlYXRlIjoxODAwMDAwMDAwMDAwLCJkZWxldGUiOjE4MDAwMDAwMDAwMDAsInVwZGF0ZSI6MTgwMDAwMDAwMDAwMH19"
        },
        {
          "index_key": 2,
          "schema_version": 0,
          "attributes": {
            "access_ip_v4": "10.10.30.31",
            "access_ip_v6": "",
            "admin_pass": null,
            "all_metadata": {},
            "all_tags": [],
            "availability_zone": "nova",
            "availability_zone_hints": null,
            "block_device": [
              {
                "boot_index": 0,
                "delete_on_termination": false,
                "destination_type": "volume",
                "device_type": "",
                "disk_bus": "",
                "guest_format": "",
                "multiattach": false,
                "source_type": "image",
                "uuid": "9e999c7a-df91-4b38-a54e-ce64db6885c9",
                "volume_size": 100,
                "volume_type": "ncs-nvme"
              }
            ],
            "config_drive": true,
            "created": "2026-05-12 22:58:12 +0000 UTC",
            "flavor_id": "85f8896f-6a73-4504-a23a-cae744a39774",
            "flavor_name": "m1.heavy",
            "floating_ip": null,
            "force_delete": false,
            "id": "09dc8ee6-d830-4e51-b09c-efa347598adc",
            "image_id": "Attempt to boot from volume - no image supplied",
            "image_name": null,
            "key_pair": "",
            "metadata": null,
            "name": "k3s-worker-03",
            "network": [
              {
                "access_network": false,
                "fixed_ip_v4": "10.10.30.31",
                "fixed_ip_v6": "",
                "floating_ip": "",
                "mac": "fa:16:3e:5c:f7:0d",
                "name": "k3s_private_net",
                "port": "",
                "uuid": "1c68bff7-768a-4728-ae20-8bcd6f212ed2"
              }
            ],
            "network_mode": null,
            "personality": [],
            "power_state": "active",
            "region": "RegionOne",
            "scheduler_hints": [],
            "security_groups": [
              "internal-sg",
              "k3s-internal-sg"
            ],
            "stop_before_destroy": false,
            "tags": null,
            "timeouts": null,
            "updated": "2026-05-12 22:59:13 +0000 UTC",
            "user_data": "a90bb471b4b46daff198c66986ea89f8b1d1e4b8",
            "vendor_options": [],
            "volume": []
          },
          "sensitive_attributes": [
            [
              {
                "type": "get_attr",
                "value": "admin_pass"
              }
            ],
            [
              {
                "type": "get_attr",
                "value": "user_data"
              }
            ]
          ],
          "identity_schema_version": 0,
          "private": "eyJlMmJmYjczMC1lY2FhLTExZTYtOGY4OC0zNDM2M2JjN2M0YzAiOnsiY3JlYXRlIjoxODAwMDAwMDAwMDAwLCJkZWxldGUiOjE4MDAwMDAwMDAwMDAsInVwZGF0ZSI6MTgwMDAwMDAwMDAwMH19"
        }
      ]
    },
    {
      "mode": "managed",
      "type": "openstack_compute_volume_attach_v2",
      "name": "va_1",
      "provider": "provider[\"registry.terraform.io/terraform-provider-openstack/openstack\"]",
      "instances": [
        {
          "schema_version": 0,
          "attributes": {
            "device": "/dev/vdb",
            "id": "a9e8ea48-ee16-44d4-bad7-7c3992ccb94f/bb7ad18c-ce95-4234-a4a0-f7ba85b768db",
            "instance_id": "a9e8ea48-ee16-44d4-bad7-7c3992ccb94f",
            "multiattach": null,
            "region": "RegionOne",
            "timeouts": null,
            "vendor_options": [],
            "volume_id": "bb7ad18c-ce95-4234-a4a0-f7ba85b768db"
          },
          "sensitive_attributes": [],
          "identity_schema_version": 0,
          "private": "eyJlMmJmYjczMC1lY2FhLTExZTYtOGY4OC0zNDM2M2JjN2M0YzAiOnsiY3JlYXRlIjo2MDAwMDAwMDAwMDAsImRlbGV0ZSI6NjAwMDAwMDAwMDAwfX0=",
          "dependencies": [
            "openstack_blockstorage_volume_v3.gpu_worker_storage",
            "openstack_compute_instance_v2.gpu_worker"
          ]
        }
      ]
    }
  ],
  "check_results": null
}
