{
  "version": 4,
  "terraform_version": "1.14.8",
  "serial": 36,
  "lineage": "afdfb98b-e62e-dde4-91d3-01c411ab6996",
  "outputs": {
    "worker_ips": {
      "value": [
        "10.10.30.126",
        "10.10.30.242"
      ],
      "type": [
        "tuple",
        [
          "string",
          "string"
        ]
      ]
    }
  },
  "resources": [
    {
      "mode": "managed",
      "type": "openstack_blockstorage_volume_v3",
      "name": "gpu_worker_storage",
      "provider": "provider[\"registry.terraform.io/terraform-provider-openstack/openstack\"]",
      "instances": [
        {
          "schema_version": 0,
          "attributes": {
            "attachment": [
              {
                "device": "/dev/vdb",
                "id": "dcd66a33-b48d-498d-b338-bc22590c03db",
                "instance_id": "f818a9df-f5f9-4fc1-a4b7-675522c7adce"
              }
            ],
            "availability_zone": "nova",
            "consistency_group_id": null,
            "description": "Local storage for AI GPU worker",
            "enable_online_resize": null,
            "id": "dcd66a33-b48d-498d-b338-bc22590c03db",
            "image_id": null,
            "metadata": {},
            "multiattach": null,
            "name": "gpu-worker-local-storage",
            "region": "RegionOne",
            "scheduler_hints": [],
            "size": 100,
            "snapshot_id": "",
            "source_replica": null,
            "source_vol_id": "",
            "timeouts": null,
            "volume_type": "ncs-nvme"
          },
          "sensitive_attributes": [],
          "identity_schema_version": 0,
          "private": "eyJlMmJmYjczMC1lY2FhLTExZTYtOGY4OC0zNDM2M2JjN2M0YzAiOnsiY3JlYXRlIjo2MDAwMDAwMDAwMDAsImRlbGV0ZSI6NjAwMDAwMDAwMDAwfX0="
        }
      ]
    },
    {
      "mode": "managed",
      "type": "openstack_blockstorage_volume_v3",
      "name": "k3s_master_01_boot_vol",
      "provider": "provider[\"registry.terraform.io/terraform-provider-openstack/openstack\"]",
      "instances": [
        {
          "schema_version": 0,
          "attributes": {
            "attachment": [
              {
                "device": "/dev/vda",
                "id": "db1ced11-a288-40b6-b018-58b4334d9a70",
                "instance_id": "214d9f7d-6c31-4805-9de7-f9b9db2d9228"
              }
            ],
            "availability_zone": "nova",
            "consistency_group_id": null,
            "description": "Persistent boot disk for cluster Vault",
            "enable_online_resize": null,
            "id": "db1ced11-a288-40b6-b018-58b4334d9a70",
            "image_id": "e46293b4-bdc6-419c-9150-e7d0edb767e5",
            "metadata": {},
            "multiattach": null,
            "name": "k3s-master-01-boot-disk",
            "region": "RegionOne",
            "scheduler_hints": [],
            "size": 40,
            "snapshot_id": "",
            "source_replica": null,
            "source_vol_id": "",
            "timeouts": null,
            "volume_type": "ncs-nvme"
          },
          "sensitive_attributes": [],
          "identity_schema_version": 0,
          "private": "eyJlMmJmYjczMC1lY2FhLTExZTYtOGY4OC0zNDM2M2JjN2M0YzAiOnsiY3JlYXRlIjo2MDAwMDAwMDAwMDAsImRlbGV0ZSI6NjAwMDAwMDAwMDAwfX0="
        }
      ]
    },
    {
      "mode": "managed",
      "type": "openstack_compute_instance_v2",
      "name": "gpu_worker",
      "provider": "provider[\"registry.terraform.io/terraform-provider-openstack/openstack\"]",
      "instances": [
        {
          "schema_version": 0,
          "attributes": {
            "access_ip_v4": "10.10.30.10",
            "access_ip_v6": "",
            "admin_pass": null,
            "all_metadata": {},
            "all_tags": [],
            "availability_zone": "nova",
            "availability_zone_hints": null,
            "block_device": [],
            "config_drive": true,
            "created": "2026-04-18 08:19:40 +0000 UTC",
            "flavor_id": "e0f6c228-650d-4e36-bc91-4f0f3b2ec70c",
            "flavor_name": "ai.gpu6gb_01.boot",
            "floating_ip": null,
            "force_delete": false,
            "id": "f818a9df-f5f9-4fc1-a4b7-675522c7adce",
            "image_id": "e46293b4-bdc6-419c-9150-e7d0edb767e5",
            "image_name": "Ubuntu-24.04-Minimal",
            "key_pair": "",
            "metadata": null,
            "name": "gpu-worker-01",
            "network": [
              {
                "access_network": false,
                "fixed_ip_v4": "10.10.30.10",
                "fixed_ip_v6": "",
                "floating_ip": "",
                "mac": "fa:16:3e:99:58:25",
                "name": "k3s_private_net",
                "port": "",
                "uuid": "dfb559d0-69cf-401c-bbb0-cf8aa590ac36"
              }
            ],
            "network_mode": null,
            "personality": [],
            "power_state": "active",
            "region": "RegionOne",
            "scheduler_hints": [],
            "security_groups": [
              "internal-sg",
              "k3s-internal-sg"
            ],
            "stop_before_destroy": false,
            "tags": [],
            "timeouts": null,
            "updated": "2026-04-18 08:19:53 +0000 UTC",
            "user_data": "a90bb471b4b46daff198c66986ea89f8b1d1e4b8",
            "vendor_options": [],
            "volume": []
          },
          "sensitive_attributes": [
            [
              {
                "type": "get_attr",
                "value": "admin_pass"
              }
            ],
            [
              {
                "type": "get_attr",
                "value": "user_data"
              }
            ]
          ],
          "identity_schema_version": 0,
          "private": "eyJlMmJmYjczMC1lY2FhLTExZTYtOGY4OC0zNDM2M2JjN2M0YzAiOnsiY3JlYXRlIjoxODAwMDAwMDAwMDAwLCJkZWxldGUiOjE4MDAwMDAwMDAwMDAsInVwZGF0ZSI6MTgwMDAwMDAwMDAwMH19"
        }
      ]
    },
    {
      "mode": "managed",
      "type": "openstack_compute_instance_v2",
      "name": "inference_worker",
      "provider": "provider[\"registry.terraform.io/terraform-provider-openstack/openstack\"]",
      "instances": [
        {
          "schema_version": 0,
          "attributes": {
            "access_ip_v4": "10.10.30.15",
            "access_ip_v6": "",
            "admin_pass": null,
            "all_metadata": {},
            "all_tags": [],
            "availability_zone": "nova",
            "availability_zone_hints": null,
            "block_device": [],
            "config_drive": true,
            "created": "2026-04-18 08:19:31 +0000 UTC",
            "flavor_id": "81ffc9f5-3101-4283-8ffa-33300185073e",
            "flavor_name": "ai.inference.boot",
            "floating_ip": null,
            "force_delete": false,
            "id": "7ede913f-39d1-4dd9-9b7a-4c2ab7b0bc1b",
            "image_id": "e46293b4-bdc6-419c-9150-e7d0edb767e5",
            "image_name": "Ubuntu-24.04-Minimal",
            "key_pair": "",
            "metadata": null,
            "name": "inference-worker-01",
            "network": [
              {
                "access_network": false,
                "fixed_ip_v4": "10.10.30.15",
                "fixed_ip_v6": "",
                "floating_ip": "",
                "mac": "fa:16:3e:1c:86:1a",
                "name": "k3s_private_net",
                "port": "",
                "uuid": "dfb559d0-69cf-401c-bbb0-cf8aa590ac36"
              }
            ],
            "network_mode": null,
            "personality": [],
            "power_state": "active",
            "region": "RegionOne",
            "scheduler_hints": [],
            "security_groups": [
              "internal-sg",
              "k3s-internal-sg"
            ],
            "stop_before_destroy": false,
            "tags": [],
            "timeouts": null,
            "updated": "2026-04-18 20:50:15 +0000 UTC",
            "user_data": "a90bb471b4b46daff198c66986ea89f8b1d1e4b8",
            "vendor_options": [],
            "volume": []
          },
          "sensitive_attributes": [
            [
              {
                "type": "get_attr",
                "value": "admin_pass"
              }
            ],
            [
              {
                "type": "get_attr",
                "value": "user_data"
              }
            ]
          ],
          "identity_schema_version": 0,
          "private": "eyJlMmJmYjczMC1lY2FhLTExZTYtOGY4OC0zNDM2M2JjN2M0YzAiOnsiY3JlYXRlIjoxODAwMDAwMDAwMDAwLCJkZWxldGUiOjE4MDAwMDAwMDAwMDAsInVwZGF0ZSI6MTgwMDAwMDAwMDAwMH19"
        }
      ]
    },
    {
      "mode": "managed",
      "type": "openstack_compute_instance_v2",
      "name": "k3s_master_01",
      "provider": "provider[\"registry.terraform.io/terraform-provider-openstack/openstack\"]",
      "instances": [
        {
          "schema_version": 0,
          "attributes": {
            "access_ip_v4": "10.10.30.5",
            "access_ip_v6": "",
            "admin_pass": null,
            "all_metadata": {},
            "all_tags": [],
            "availability_zone": "nova",
            "availability_zone_hints": null,
            "block_device": [
              {
                "boot_index": 0,
                "delete_on_termination": false,
                "destination_type": "volume",
                "device_type": "",
                "disk_bus": "",
                "guest_format": "",
                "multiattach": false,
                "source_type": "volume",
                "uuid": "db1ced11-a288-40b6-b018-58b4334d9a70",
                "volume_size": 0,
                "volume_type": ""
              }
            ],
            "config_drive": true,
            "created": "2026-04-18 08:19:32 +0000 UTC",
            "flavor_id": "7c8ee057-2683-4ccf-9867-48a45d3f69ee",
            "flavor_name": "m1.medium",
            "floating_ip": null,
            "force_delete": false,
            "id": "214d9f7d-6c31-4805-9de7-f9b9db2d9228",
            "image_id": "Attempt to boot from volume - no image supplied",
            "image_name": null,
            "key_pair": "",
            "metadata": null,
            "name": "k3s-master-01",
            "network": [
              {
                "access_network": false,
                "fixed_ip_v4": "10.10.30.5",
                "fixed_ip_v6": "",
                "floating_ip": "",
                "mac": "fa:16:3e:ce:10:18",
                "name": "k3s_private_net",
                "port": "",
                "uuid": "dfb559d0-69cf-401c-bbb0-cf8aa590ac36"
              }
            ],
            "network_mode": null,
            "personality": [],
            "power_state": "active",
            "region": "RegionOne",
            "scheduler_hints": [],
            "security_groups": [
              "internal-sg",
              "k3s-internal-sg"
            ],
            "stop_before_destroy": false,
            "tags": [],
            "timeouts": null,
            "updated": "2026-04-18 20:50:18 +0000 UTC",
            "user_data": "a90bb471b4b46daff198c66986ea89f8b1d1e4b8",
            "vendor_options": [],
            "volume": []
          },
          "sensitive_attributes": [
            [
              {
                "type": "get_attr",
                "value": "admin_pass"
              }
            ],
            [
              {
                "type": "get_attr",
                "value": "user_data"
              }
            ]
          ],
          "identity_schema_version": 0,
          "private": "eyJlMmJmYjczMC1lY2FhLTExZTYtOGY4OC0zNDM2M2JjN2M0YzAiOnsiY3JlYXRlIjoxODAwMDAwMDAwMDAwLCJkZWxldGUiOjE4MDAwMDAwMDAwMDAsInVwZGF0ZSI6MTgwMDAwMDAwMDAwMH19",
          "dependencies": [
            "openstack_blockstorage_volume_v3.k3s_master_01_boot_vol"
          ]
        }
      ]
    },
    {
      "mode": "managed",
      "type": "openstack_compute_instance_v2",
      "name": "k3s_worker",
      "provider": "provider[\"registry.terraform.io/terraform-provider-openstack/openstack\"]",
      "instances": [
        {
          "index_key": 0,
          "schema_version": 0,
          "attributes": {
            "access_ip_v4": "10.10.30.126",
            "access_ip_v6": "",
            "admin_pass": null,
            "all_metadata": {},
            "all_tags": [],
            "availability_zone": "nova",
            "availability_zone_hints": null,
            "block_device": [
              {
                "boot_index": 0,
                "delete_on_termination": true,
                "destination_type": "volume",
                "device_type": "",
                "disk_bus": "",
                "guest_format": "",
                "multiattach": false,
                "source_type": "image",
                "uuid": "e46293b4-bdc6-419c-9150-e7d0edb767e5",
                "volume_size": 40,
                "volume_type": "ncs-nvme"
              }
            ],
            "config_drive": true,
            "created": "2026-04-18 21:01:41 +0000 UTC",
            "flavor_id": "9726435c-55dd-4c17-b559-e232a644680d",
            "flavor_name": "m1.large",
            "floating_ip": null,
            "force_delete": false,
            "id": "bec81784-9fbb-47d1-99e1-22004c41e3da",
            "image_id": "Attempt to boot from volume - no image supplied",
            "image_name": null,
            "key_pair": "",
            "metadata": null,
            "name": "k3s-worker-0",
            "network": [
              {
                "access_network": false,
                "fixed_ip_v4": "10.10.30.126",
                "fixed_ip_v6": "",
                "floating_ip": "",
                "mac": "fa:16:3e:2c:95:1a",
                "name": "k3s_private_net",
                "port": "",
                "uuid": "dfb559d0-69cf-401c-bbb0-cf8aa590ac36"
              }
            ],
            "network_mode": null,
            "personality": [],
            "power_state": "active",
            "region": "RegionOne",
            "scheduler_hints": [],
            "security_groups": [
              "internal-sg",
              "k3s-internal-sg"
            ],
            "stop_before_destroy": false,
            "tags": null,
            "timeouts": null,
            "updated": "2026-04-18 21:02:31 +0000 UTC",
            "user_data": "a90bb471b4b46daff198c66986ea89f8b1d1e4b8",
            "vendor_options": [],
            "volume": []
          },
          "sensitive_attributes": [
            [
              {
                "type": "get_attr",
                "value": "admin_pass"
              }
            ],
            [
              {
                "type": "get_attr",
                "value": "user_data"
              }
            ]
          ],
          "identity_schema_version": 0,
          "private": "eyJlMmJmYjczMC1lY2FhLTExZTYtOGY4OC0zNDM2M2JjN2M0YzAiOnsiY3JlYXRlIjoxODAwMDAwMDAwMDAwLCJkZWxldGUiOjE4MDAwMDAwMDAwMDAsInVwZGF0ZSI6MTgwMDAwMDAwMDAwMH19"
        },
        {
          "index_key": 1,
          "schema_version": 0,
          "attributes": {
            "access_ip_v4": "10.10.30.242",
            "access_ip_v6": "",
            "admin_pass": null,
            "all_metadata": {},
            "all_tags": [],
            "availability_zone": "nova",
            "availability_zone_hints": null,
            "block_device": [
              {
                "boot_index": 0,
                "delete_on_termination": true,
                "destination_type": "volume",
                "device_type": "",
                "disk_bus": "",
                "guest_format": "",
                "multiattach": false,
                "source_type": "image",
                "uuid": "e46293b4-bdc6-419c-9150-e7d0edb767e5",
                "volume_size": 40,
                "volume_type": "ncs-nvme"
              }
            ],
            "config_drive": true,
            "created": "2026-04-18 21:01:41 +0000 UTC",
            "flavor_id": "9726435c-55dd-4c17-b559-e232a644680d",
            "flavor_name": "m1.large",
            "floating_ip": null,
            "force_delete": false,
            "id": "23408bd6-eb42-4d73-8fc5-ff245459bc6d",
            "image_id": "Attempt to boot from volume - no image supplied",
            "image_name": null,
            "key_pair": "",
            "metadata": null,
            "name": "k3s-worker-1",
            "network": [
              {
                "access_network": false,
                "fixed_ip_v4": "10.10.30.242",
                "fixed_ip_v6": "",
                "floating_ip": "",
                "mac": "fa:16:3e:61:31:76",
                "name": "k3s_private_net",
                "port": "",
                "uuid": "dfb559d0-69cf-401c-bbb0-cf8aa590ac36"
              }
            ],
            "network_mode": null,
            "personality": [],
            "power_state": "active",
            "region": "RegionOne",
            "scheduler_hints": [],
            "security_groups": [
              "internal-sg",
              "k3s-internal-sg"
            ],
            "stop_before_destroy": false,
            "tags": null,
            "timeouts": null,
            "updated": "2026-04-18 21:02:20 +0000 UTC",
            "user_data": "a90bb471b4b46daff198c66986ea89f8b1d1e4b8",
            "vendor_options": [],
            "volume": []
          },
          "sensitive_attributes": [
            [
              {
                "type": "get_attr",
                "value": "admin_pass"
              }
            ],
            [
              {
                "type": "get_attr",
                "value": "user_data"
              }
            ]
          ],
          "identity_schema_version": 0,
          "private": "eyJlMmJmYjczMC1lY2FhLTExZTYtOGY4OC0zNDM2M2JjN2M0YzAiOnsiY3JlYXRlIjoxODAwMDAwMDAwMDAwLCJkZWxldGUiOjE4MDAwMDAwMDAwMDAsInVwZGF0ZSI6MTgwMDAwMDAwMDAwMH19"
        }
      ]
    },
    {
      "mode": "managed",
      "type": "openstack_compute_volume_attach_v2",
      "name": "va_1",
      "provider": "provider[\"registry.terraform.io/terraform-provider-openstack/openstack\"]",
      "instances": [
        {
          "schema_version": 0,
          "attributes": {
            "device": "/dev/vdb",
            "id": "f818a9df-f5f9-4fc1-a4b7-675522c7adce/dcd66a33-b48d-498d-b338-bc22590c03db",
            "instance_id": "f818a9df-f5f9-4fc1-a4b7-675522c7adce",
            "multiattach": null,
            "region": "RegionOne",
            "timeouts": null,
            "vendor_options": [],
            "volume_id": "dcd66a33-b48d-498d-b338-bc22590c03db"
          },
          "sensitive_attributes": [],
          "identity_schema_version": 0,
          "private": "eyJlMmJmYjczMC1lY2FhLTExZTYtOGY4OC0zNDM2M2JjN2M0YzAiOnsiY3JlYXRlIjo2MDAwMDAwMDAwMDAsImRlbGV0ZSI6NjAwMDAwMDAwMDAwfX0=",
          "dependencies": [
            "openstack_blockstorage_volume_v3.gpu_worker_storage",
            "openstack_compute_instance_v2.gpu_worker"
          ]
        }
      ]
    }
  ],
  "check_results": null
}
