{
  "version": 4,
  "terraform_version": "1.14.9",
  "serial": 15,
  "lineage": "734659cb-c1b0-4220-0cce-75ccbbd398f2",
  "outputs": {},
  "resources": [
    {
      "mode": "managed",
      "type": "openstack_blockstorage_volume_v3",
      "name": "gpu_worker_storage",
      "provider": "provider[\"registry.terraform.io/terraform-provider-openstack/openstack\"]",
      "instances": [
        {
          "schema_version": 0,
          "attributes": {
            "attachment": [
              {
                "device": "/dev/vdb",
                "id": "7ff72a71-c4d4-4d91-9d83-6862b4f86963",
                "instance_id": "c981aaf1-9073-4ec0-88c8-54de2c5e4d19"
              }
            ],
            "availability_zone": "nova",
            "consistency_group_id": null,
            "description": "Local storage for AI GPU worker",
            "enable_online_resize": null,
            "id": "7ff72a71-c4d4-4d91-9d83-6862b4f86963",
            "image_id": null,
            "metadata": {},
            "multiattach": null,
            "name": "gpu-worker-local-storage",
            "region": "RegionOne",
            "scheduler_hints": [],
            "size": 100,
            "snapshot_id": "",
            "source_replica": null,
            "source_vol_id": "",
            "timeouts": null,
            "volume_type": "ncs-nvme"
          },
          "sensitive_attributes": [],
          "identity_schema_version": 0,
          "private": "eyJlMmJmYjczMC1lY2FhLTExZTYtOGY4OC0zNDM2M2JjN2M0YzAiOnsiY3JlYXRlIjo2MDAwMDAwMDAwMDAsImRlbGV0ZSI6NjAwMDAwMDAwMDAwfX0="
        }
      ]
    },
    {
      "mode": "managed",
      "type": "openstack_blockstorage_volume_v3",
      "name": "k3s_master_01_boot_vol",
      "provider": "provider[\"registry.terraform.io/terraform-provider-openstack/openstack\"]",
      "instances": [
        {
          "schema_version": 0,
          "attributes": {
            "attachment": [],
            "availability_zone": "nova",
            "consistency_group_id": null,
            "description": "Persistent boot disk for cluster Vault",
            "enable_online_resize": null,
            "id": "52b46da8-55ff-465c-84a7-6ee028c2e923",
            "image_id": "32746a96-61e7-4717-89d3-567dd6b849b9",
            "metadata": {},
            "multiattach": null,
            "name": "k3s-master-01-boot-disk",
            "region": "RegionOne",
            "scheduler_hints": [],
            "size": 40,
            "snapshot_id": "",
            "source_replica": null,
            "source_vol_id": "",
            "timeouts": null,
            "volume_type": "ncs-nvme"
          },
          "sensitive_attributes": [],
          "identity_schema_version": 0,
          "private": "eyJlMmJmYjczMC1lY2FhLTExZTYtOGY4OC0zNDM2M2JjN2M0YzAiOnsiY3JlYXRlIjo2MDAwMDAwMDAwMDAsImRlbGV0ZSI6NjAwMDAwMDAwMDAwfX0="
        }
      ]
    },
    {
      "mode": "managed",
      "type": "openstack_compute_instance_v2",
      "name": "gpu_worker",
      "provider": "provider[\"registry.terraform.io/terraform-provider-openstack/openstack\"]",
      "instances": [
        {
          "schema_version": 0,
          "attributes": {
            "access_ip_v4": "10.10.30.10",
            "access_ip_v6": "",
            "admin_pass": null,
            "all_metadata": {},
            "all_tags": [],
            "availability_zone": "nova",
            "availability_zone_hints": null,
            "block_device": [],
            "config_drive": true,
            "created": "2026-05-01 01:57:29 +0000 UTC",
            "flavor_id": "3aa66d2b-22a9-4a41-bc60-09cbb4e28686",
            "flavor_name": "ai.gpu6gb_01.boot",
            "floating_ip": null,
            "force_delete": false,
            "id": "c981aaf1-9073-4ec0-88c8-54de2c5e4d19",
            "image_id": "32746a96-61e7-4717-89d3-567dd6b849b9",
            "image_name": "Ubuntu-24.04-Minimal",
            "key_pair": "",
            "metadata": null,
            "name": "gpu-worker-01",
            "network": [
              {
                "access_network": false,
                "fixed_ip_v4": "10.10.30.10",
                "fixed_ip_v6": "",
                "floating_ip": "",
                "mac": "fa:16:3e:a8:98:d0",
                "name": "k3s_private_net",
                "port": "",
                "uuid": "432fbf96-90d5-475e-b829-e49bdc859678"
              }
            ],
            "network_mode": null,
            "personality": [],
            "power_state": "active",
            "region": "RegionOne",
            "scheduler_hints": [],
            "security_groups": [
              "internal-sg",
              "k3s-internal-sg"
            ],
            "stop_before_destroy": false,
            "tags": [],
            "timeouts": null,
            "updated": "2026-05-01 01:57:57 +0000 UTC",
            "user_data": "a90bb471b4b46daff198c66986ea89f8b1d1e4b8",
            "vendor_options": [],
            "volume": []
          },
          "sensitive_attributes": [
            [
              {
                "type": "get_attr",
                "value": "admin_pass"
              }
            ],
            [
              {
                "type": "get_attr",
                "value": "user_data"
              }
            ]
          ],
          "identity_schema_version": 0,
          "private": "eyJlMmJmYjczMC1lY2FhLTExZTYtOGY4OC0zNDM2M2JjN2M0YzAiOnsiY3JlYXRlIjoxODAwMDAwMDAwMDAwLCJkZWxldGUiOjE4MDAwMDAwMDAwMDAsInVwZGF0ZSI6MTgwMDAwMDAwMDAwMH19"
        }
      ]
    },
    {
      "mode": "managed",
      "type": "openstack_compute_instance_v2",
      "name": "inference_worker",
      "provider": "provider[\"registry.terraform.io/terraform-provider-openstack/openstack\"]",
      "instances": [
        {
          "schema_version": 0,
          "attributes": {
            "access_ip_v4": "10.10.30.13",
            "access_ip_v6": "",
            "admin_pass": null,
            "all_metadata": {},
            "all_tags": [],
            "availability_zone": "nova",
            "availability_zone_hints": null,
            "block_device": [],
            "config_drive": true,
            "created": "2026-05-01 02:02:32 +0000 UTC",
            "flavor_id": "fa31097f-5650-4093-9953-0f93b6db8cdb",
            "flavor_name": "ai.inference.boot",
            "floating_ip": null,
            "force_delete": false,
            "id": "4d37ce20-a151-47d4-aa4b-47431a44fc1d",
            "image_id": "32746a96-61e7-4717-89d3-567dd6b849b9",
            "image_name": "Ubuntu-24.04-Minimal",
            "key_pair": "",
            "metadata": null,
            "name": "inference-worker-01",
            "network": [
              {
                "access_network": false,
                "fixed_ip_v4": "10.10.30.13",
                "fixed_ip_v6": "",
                "floating_ip": "",
                "mac": "fa:16:3e:0a:7a:86",
                "name": "k3s_private_net",
                "port": "",
                "uuid": "432fbf96-90d5-475e-b829-e49bdc859678"
              }
            ],
            "network_mode": null,
            "personality": [],
            "power_state": "active",
            "region": "RegionOne",
            "scheduler_hints": [],
            "security_groups": [
              "internal-sg",
              "k3s-internal-sg"
            ],
            "stop_before_destroy": false,
            "tags": null,
            "timeouts": null,
            "updated": "2026-05-01 02:03:01 +0000 UTC",
            "user_data": "a90bb471b4b46daff198c66986ea89f8b1d1e4b8",
            "vendor_options": [],
            "volume": []
          },
          "sensitive_attributes": [
            [
              {
                "type": "get_attr",
                "value": "admin_pass"
              }
            ],
            [
              {
                "type": "get_attr",
                "value": "user_data"
              }
            ]
          ],
          "identity_schema_version": 0,
          "private": "eyJlMmJmYjczMC1lY2FhLTExZTYtOGY4OC0zNDM2M2JjN2M0YzAiOnsiY3JlYXRlIjoxODAwMDAwMDAwMDAwLCJkZWxldGUiOjE4MDAwMDAwMDAwMDAsInVwZGF0ZSI6MTgwMDAwMDAwMDAwMH19"
        }
      ]
    },
    {
      "mode": "managed",
      "type": "openstack_compute_instance_v2",
      "name": "k3s_master_01",
      "provider": "provider[\"registry.terraform.io/terraform-provider-openstack/openstack\"]",
      "instances": [
        {
          "schema_version": 0,
          "attributes": {
            "access_ip_v4": "10.10.30.3",
            "access_ip_v6": "",
            "admin_pass": null,
            "all_metadata": {},
            "all_tags": [],
            "availability_zone": "nova",
            "availability_zone_hints": null,
            "block_device": [
              {
                "boot_index": 0,
                "delete_on_termination": false,
                "destination_type": "volume",
                "device_type": "",
                "disk_bus": "",
                "guest_format": "",
                "multiattach": false,
                "source_type": "volume",
                "uuid": "52b46da8-55ff-465c-84a7-6ee028c2e923",
                "volume_size": 0,
                "volume_type": ""
              }
            ],
            "config_drive": true,
            "created": "2026-05-01 02:02:21 +0000 UTC",
            "flavor_id": "5b9a78d8-0043-4cb7-9072-aee2a59a6960",
            "flavor_name": "m1.medium",
            "floating_ip": null,
            "force_delete": false,
            "id": "f5519c37-6d6f-4f8d-828c-5ef4e3bff0b7",
            "image_id": "Attempt to boot from volume - no image supplied",
            "image_name": null,
            "key_pair": "",
            "metadata": null,
            "name": "k3s-master-01",
            "network": [
              {
                "access_network": false,
                "fixed_ip_v4": "10.10.30.3",
                "fixed_ip_v6": "",
                "floating_ip": "",
                "mac": "fa:16:3e:33:82:9b",
                "name": "k3s_private_net",
                "port": "",
                "uuid": "432fbf96-90d5-475e-b829-e49bdc859678"
              }
            ],
            "network_mode": null,
            "personality": [],
            "power_state": "active",
            "region": "RegionOne",
            "scheduler_hints": [],
            "security_groups": [
              "internal-sg",
              "k3s-internal-sg"
            ],
            "stop_before_destroy": false,
            "tags": null,
            "timeouts": null,
            "updated": "2026-05-01 02:02:37 +0000 UTC",
            "user_data": "a90bb471b4b46daff198c66986ea89f8b1d1e4b8",
            "vendor_options": [],
            "volume": []
          },
          "sensitive_attributes": [
            [
              {
                "type": "get_attr",
                "value": "admin_pass"
              }
            ],
            [
              {
                "type": "get_attr",
                "value": "user_data"
              }
            ]
          ],
          "identity_schema_version": 0,
          "private": "eyJlMmJmYjczMC1lY2FhLTExZTYtOGY4OC0zNDM2M2JjN2M0YzAiOnsiY3JlYXRlIjoxODAwMDAwMDAwMDAwLCJkZWxldGUiOjE4MDAwMDAwMDAwMDAsInVwZGF0ZSI6MTgwMDAwMDAwMDAwMH19",
          "dependencies": [
            "openstack_blockstorage_volume_v3.k3s_master_01_boot_vol"
          ]
        }
      ]
    },
    {
      "mode": "managed",
      "type": "openstack_compute_instance_v2",
      "name": "k3s_worker_01",
      "provider": "provider[\"registry.terraform.io/terraform-provider-openstack/openstack\"]",
      "instances": [
        {
          "schema_version": 0,
          "attributes": {
            "access_ip_v4": "10.10.30.11",
            "access_ip_v6": "",
            "admin_pass": null,
            "all_metadata": {},
            "all_tags": [],
            "availability_zone": "nova",
            "availability_zone_hints": null,
            "block_device": [
              {
                "boot_index": 0,
                "delete_on_termination": true,
                "destination_type": "volume",
                "device_type": "",
                "disk_bus": "",
                "guest_format": "",
                "multiattach": false,
                "source_type": "image",
                "uuid": "32746a96-61e7-4717-89d3-567dd6b849b9",
                "volume_size": 40,
                "volume_type": "ncs-nvme"
              }
            ],
            "config_drive": true,
            "created": "2026-05-01 02:02:32 +0000 UTC",
            "flavor_id": "1c5f54a4-fe3c-4c18-a45b-55b926d6d3ed",
            "flavor_name": "m1.large",
            "floating_ip": null,
            "force_delete": false,
            "id": "b87060a1-78af-4f7d-a786-852e2a705341",
            "image_id": "Attempt to boot from volume - no image supplied",
            "image_name": null,
            "key_pair": "",
            "metadata": null,
            "name": "k3s-worker-01",
            "network": [
              {
                "access_network": false,
                "fixed_ip_v4": "10.10.30.11",
                "fixed_ip_v6": "",
                "floating_ip": "",
                "mac": "fa:16:3e:ee:89:ad",
                "name": "k3s_private_net",
                "port": "",
                "uuid": "432fbf96-90d5-475e-b829-e49bdc859678"
              }
            ],
            "network_mode": null,
            "personality": [],
            "power_state": "active",
            "region": "RegionOne",
            "scheduler_hints": [],
            "security_groups": [
              "internal-sg",
              "k3s-internal-sg"
            ],
            "stop_before_destroy": false,
            "tags": null,
            "timeouts": null,
            "updated": "2026-05-01 02:03:12 +0000 UTC",
            "user_data": "a90bb471b4b46daff198c66986ea89f8b1d1e4b8",
            "vendor_options": [],
            "volume": []
          },
          "sensitive_attributes": [
            [
              {
                "type": "get_attr",
                "value": "admin_pass"
              }
            ],
            [
              {
                "type": "get_attr",
                "value": "user_data"
              }
            ]
          ],
          "identity_schema_version": 0,
          "private": "eyJlMmJmYjczMC1lY2FhLTExZTYtOGY4OC0zNDM2M2JjN2M0YzAiOnsiY3JlYXRlIjoxODAwMDAwMDAwMDAwLCJkZWxldGUiOjE4MDAwMDAwMDAwMDAsInVwZGF0ZSI6MTgwMDAwMDAwMDAwMH19"
        }
      ]
    },
    {
      "mode": "managed",
      "type": "openstack_compute_instance_v2",
      "name": "k3s_worker_02",
      "provider": "provider[\"registry.terraform.io/terraform-provider-openstack/openstack\"]",
      "instances": [
        {
          "schema_version": 0,
          "attributes": {
            "access_ip_v4": "10.10.30.12",
            "access_ip_v6": "",
            "admin_pass": null,
            "all_metadata": {},
            "all_tags": [],
            "availability_zone": "nova",
            "availability_zone_hints": null,
            "block_device": [
              {
                "boot_index": 0,
                "delete_on_termination": true,
                "destination_type": "volume",
                "device_type": "",
                "disk_bus": "",
                "guest_format": "",
                "multiattach": false,
                "source_type": "image",
                "uuid": "32746a96-61e7-4717-89d3-567dd6b849b9",
                "volume_size": 40,
                "volume_type": "ncs-nvme"
              }
            ],
            "config_drive": true,
            "created": "2026-05-01 01:57:29 +0000 UTC",
            "flavor_id": "1c5f54a4-fe3c-4c18-a45b-55b926d6d3ed",
            "flavor_name": "m1.large",
            "floating_ip": null,
            "force_delete": false,
            "id": "bf9d7b6b-8276-400f-bbf0-4fff591daeea",
            "image_id": "Attempt to boot from volume - no image supplied",
            "image_name": null,
            "key_pair": "",
            "metadata": null,
            "name": "k3s-worker-02",
            "network": [
              {
                "access_network": false,
                "fixed_ip_v4": "10.10.30.12",
                "fixed_ip_v6": "",
                "floating_ip": "",
                "mac": "fa:16:3e:7e:38:72",
                "name": "k3s_private_net",
                "port": "",
                "uuid": "432fbf96-90d5-475e-b829-e49bdc859678"
              }
            ],
            "network_mode": null,
            "personality": [],
            "power_state": "active",
            "region": "RegionOne",
            "scheduler_hints": [],
            "security_groups": [
              "internal-sg",
              "k3s-internal-sg"
            ],
            "stop_before_destroy": false,
            "tags": [],
            "timeouts": null,
            "updated": "2026-05-01 01:58:13 +0000 UTC",
            "user_data": "a90bb471b4b46daff198c66986ea89f8b1d1e4b8",
            "vendor_options": [],
            "volume": []
          },
          "sensitive_attributes": [
            [
              {
                "type": "get_attr",
                "value": "admin_pass"
              }
            ],
            [
              {
                "type": "get_attr",
                "value": "user_data"
              }
            ]
          ],
          "identity_schema_version": 0,
          "private": "eyJlMmJmYjczMC1lY2FhLTExZTYtOGY4OC0zNDM2M2JjN2M0YzAiOnsiY3JlYXRlIjoxODAwMDAwMDAwMDAwLCJkZWxldGUiOjE4MDAwMDAwMDAwMDAsInVwZGF0ZSI6MTgwMDAwMDAwMDAwMH19"
        }
      ]
    },
    {
      "mode": "managed",
      "type": "openstack_compute_volume_attach_v2",
      "name": "va_1",
      "provider": "provider[\"registry.terraform.io/terraform-provider-openstack/openstack\"]",
      "instances": [
        {
          "schema_version": 0,
          "attributes": {
            "device": "/dev/vdb",
            "id": "c981aaf1-9073-4ec0-88c8-54de2c5e4d19/7ff72a71-c4d4-4d91-9d83-6862b4f86963",
            "instance_id": "c981aaf1-9073-4ec0-88c8-54de2c5e4d19",
            "multiattach": null,
            "region": "RegionOne",
            "timeouts": null,
            "vendor_options": [],
            "volume_id": "7ff72a71-c4d4-4d91-9d83-6862b4f86963"
          },
          "sensitive_attributes": [],
          "identity_schema_version": 0,
          "private": "eyJlMmJmYjczMC1lY2FhLTExZTYtOGY4OC0zNDM2M2JjN2M0YzAiOnsiY3JlYXRlIjo2MDAwMDAwMDAwMDAsImRlbGV0ZSI6NjAwMDAwMDAwMDAwfX0=",
          "dependencies": [
            "openstack_blockstorage_volume_v3.gpu_worker_storage",
            "openstack_compute_instance_v2.gpu_worker"
          ]
        }
      ]
    }
  ],
  "check_results": null
}
