{
  "version": 4,
  "terraform_version": "1.14.9",
  "serial": 36,
  "lineage": "461992da-344b-7e12-6859-2f8a1cfdbdb7",
  "outputs": {
    "worker_ips": {
      "value": [
        "10.10.30.111",
        "10.10.30.11",
        "10.10.30.226"
      ],
      "type": [
        "tuple",
        [
          "string",
          "string",
          "string"
        ]
      ]
    }
  },
  "resources": [
    {
      "mode": "managed",
      "type": "openstack_blockstorage_volume_v3",
      "name": "gpu_worker_storage",
      "provider": "provider[\"registry.terraform.io/terraform-provider-openstack/openstack\"]",
      "instances": [
        {
          "schema_version": 0,
          "attributes": {
            "attachment": [
              {
                "device": "/dev/vdb",
                "id": "3b01ea4a-2bf6-40c3-9404-080f8c31542b",
                "instance_id": "8f240220-0319-4377-bcb4-2fea29eee471"
              }
            ],
            "availability_zone": "nova",
            "consistency_group_id": null,
            "description": "Local storage for AI GPU worker",
            "enable_online_resize": null,
            "id": "3b01ea4a-2bf6-40c3-9404-080f8c31542b",
            "image_id": null,
            "metadata": {},
            "multiattach": null,
            "name": "gpu-worker-local-storage",
            "region": "RegionOne",
            "scheduler_hints": [],
            "size": 100,
            "snapshot_id": "",
            "source_replica": null,
            "source_vol_id": "",
            "timeouts": null,
            "volume_type": "ncs-nvme"
          },
          "sensitive_attributes": [],
          "identity_schema_version": 0,
          "private": "eyJlMmJmYjczMC1lY2FhLTExZTYtOGY4OC0zNDM2M2JjN2M0YzAiOnsiY3JlYXRlIjo2MDAwMDAwMDAwMDAsImRlbGV0ZSI6NjAwMDAwMDAwMDAwfX0="
        }
      ]
    },
    {
      "mode": "managed",
      "type": "openstack_blockstorage_volume_v3",
      "name": "k3s_master_01_boot_vol",
      "provider": "provider[\"registry.terraform.io/terraform-provider-openstack/openstack\"]",
      "instances": [
        {
          "schema_version": 0,
          "attributes": {
            "attachment": [
              {
                "device": "/dev/vda",
                "id": "40bca320-5dda-42c2-9179-cd2893fc89d4",
                "instance_id": "9ddfe2bb-15b9-4a90-a4c7-ce3c978888cd"
              }
            ],
            "availability_zone": "nova",
            "consistency_group_id": null,
            "description": "Persistent boot disk for cluster Vault",
            "enable_online_resize": null,
            "id": "40bca320-5dda-42c2-9179-cd2893fc89d4",
            "image_id": "6b9939b0-c42c-4d2c-8454-02eac0bdc364",
            "metadata": {},
            "multiattach": null,
            "name": "k3s-master-01-boot-disk",
            "region": "RegionOne",
            "scheduler_hints": [],
            "size": 40,
            "snapshot_id": "",
            "source_replica": null,
            "source_vol_id": "",
            "timeouts": null,
            "volume_type": "ncs-nvme"
          },
          "sensitive_attributes": [],
          "identity_schema_version": 0,
          "private": "eyJlMmJmYjczMC1lY2FhLTExZTYtOGY4OC0zNDM2M2JjN2M0YzAiOnsiY3JlYXRlIjo2MDAwMDAwMDAwMDAsImRlbGV0ZSI6NjAwMDAwMDAwMDAwfX0="
        }
      ]
    },
    {
      "mode": "managed",
      "type": "openstack_compute_instance_v2",
      "name": "gpu_worker",
      "provider": "provider[\"registry.terraform.io/terraform-provider-openstack/openstack\"]",
      "instances": [
        {
          "schema_version": 0,
          "attributes": {
            "access_ip_v4": "10.10.30.10",
            "access_ip_v6": "",
            "admin_pass": null,
            "all_metadata": {},
            "all_tags": [],
            "availability_zone": "nova",
            "availability_zone_hints": null,
            "block_device": [],
            "config_drive": true,
            "created": "2026-05-04 13:01:55 +0000 UTC",
            "flavor_id": "aaf01aea-4b07-48c6-a5fb-310e7eb2cf74",
            "flavor_name": "ai.gpu6gb_01.boot",
            "floating_ip": null,
            "force_delete": false,
            "id": "8f240220-0319-4377-bcb4-2fea29eee471",
            "image_id": "6b9939b0-c42c-4d2c-8454-02eac0bdc364",
            "image_name": "Ubuntu-24.04-Minimal",
            "key_pair": "",
            "metadata": null,
            "name": "gpu-worker-01",
            "network": [
              {
                "access_network": false,
                "fixed_ip_v4": "10.10.30.10",
                "fixed_ip_v6": "",
                "floating_ip": "",
                "mac": "fa:16:3e:59:01:56",
                "name": "k3s_private_net",
                "port": "",
                "uuid": "bac73c96-818b-4f55-9a34-8ab12237cfab"
              }
            ],
            "network_mode": null,
            "personality": [],
            "power_state": "active",
            "region": "RegionOne",
            "scheduler_hints": [],
            "security_groups": [
              "internal-sg",
              "k3s-internal-sg"
            ],
            "stop_before_destroy": false,
            "tags": [],
            "timeouts": null,
            "updated": "2026-05-04 13:02:31 +0000 UTC",
            "user_data": "a90bb471b4b46daff198c66986ea89f8b1d1e4b8",
            "vendor_options": [],
            "volume": []
          },
          "sensitive_attributes": [
            [
              {
                "type": "get_attr",
                "value": "admin_pass"
              }
            ],
            [
              {
                "type": "get_attr",
                "value": "user_data"
              }
            ]
          ],
          "identity_schema_version": 0,
          "private": "eyJlMmJmYjczMC1lY2FhLTExZTYtOGY4OC0zNDM2M2JjN2M0YzAiOnsiY3JlYXRlIjoxODAwMDAwMDAwMDAwLCJkZWxldGUiOjE4MDAwMDAwMDAwMDAsInVwZGF0ZSI6MTgwMDAwMDAwMDAwMH19"
        }
      ]
    },
    {
      "mode": "managed",
      "type": "openstack_compute_instance_v2",
      "name": "k3s_master_01",
      "provider": "provider[\"registry.terraform.io/terraform-provider-openstack/openstack\"]",
      "instances": [
        {
          "schema_version": 0,
          "attributes": {
            "access_ip_v4": "10.10.30.3",
            "access_ip_v6": "",
            "admin_pass": null,
            "all_metadata": {},
            "all_tags": [],
            "availability_zone": "nova",
            "availability_zone_hints": null,
            "block_device": [
              {
                "boot_index": 0,
                "delete_on_termination": false,
                "destination_type": "volume",
                "device_type": "",
                "disk_bus": "",
                "guest_format": "",
                "multiattach": false,
                "source_type": "volume",
                "uuid": "40bca320-5dda-42c2-9179-cd2893fc89d4",
                "volume_size": 0,
                "volume_type": ""
              }
            ],
            "config_drive": true,
            "created": "2026-05-04 13:02:25 +0000 UTC",
            "flavor_id": "e0798bb5-e53a-478c-a3ad-215bcce536fc",
            "flavor_name": "m1.medium",
            "floating_ip": null,
            "force_delete": false,
            "id": "9ddfe2bb-15b9-4a90-a4c7-ce3c978888cd",
            "image_id": "Attempt to boot from volume - no image supplied",
            "image_name": null,
            "key_pair": "",
            "metadata": null,
            "name": "k3s-master-01",
            "network": [
              {
                "access_network": false,
                "fixed_ip_v4": "10.10.30.3",
                "fixed_ip_v6": "",
                "floating_ip": "",
                "mac": "fa:16:3e:1b:5b:8c",
                "name": "k3s_private_net",
                "port": "",
                "uuid": "bac73c96-818b-4f55-9a34-8ab12237cfab"
              }
            ],
            "network_mode": null,
            "personality": [],
            "power_state": "active",
            "region": "RegionOne",
            "scheduler_hints": [],
            "security_groups": [
              "internal-sg",
              "k3s-internal-sg"
            ],
            "stop_before_destroy": false,
            "tags": [],
            "timeouts": null,
            "updated": "2026-05-05 02:55:18 +0000 UTC",
            "user_data": "a90bb471b4b46daff198c66986ea89f8b1d1e4b8",
            "vendor_options": [],
            "volume": []
          },
          "sensitive_attributes": [
            [
              {
                "type": "get_attr",
                "value": "admin_pass"
              }
            ],
            [
              {
                "type": "get_attr",
                "value": "user_data"
              }
            ]
          ],
          "identity_schema_version": 0,
          "private": "eyJlMmJmYjczMC1lY2FhLTExZTYtOGY4OC0zNDM2M2JjN2M0YzAiOnsiY3JlYXRlIjoxODAwMDAwMDAwMDAwLCJkZWxldGUiOjE4MDAwMDAwMDAwMDAsInVwZGF0ZSI6MTgwMDAwMDAwMDAwMH19",
          "dependencies": [
            "openstack_blockstorage_volume_v3.k3s_master_01_boot_vol"
          ]
        }
      ]
    },
    {
      "mode": "managed",
      "type": "openstack_compute_instance_v2",
      "name": "k3s_worker",
      "provider": "provider[\"registry.terraform.io/terraform-provider-openstack/openstack\"]",
      "instances": [
        {
          "index_key": 0,
          "schema_version": 0,
          "attributes": {
            "access_ip_v4": "10.10.30.111",
            "access_ip_v6": "",
            "admin_pass": null,
            "all_metadata": {},
            "all_tags": [],
            "availability_zone": "nova",
            "availability_zone_hints": null,
            "block_device": [
              {
                "boot_index": 0,
                "delete_on_termination": false,
                "destination_type": "volume",
                "device_type": "",
                "disk_bus": "",
                "guest_format": "",
                "multiattach": false,
                "source_type": "image",
                "uuid": "6b9939b0-c42c-4d2c-8454-02eac0bdc364",
                "volume_size": 100,
                "volume_type": "ncs-nvme"
              }
            ],
            "config_drive": true,
            "created": "2026-05-05 15:46:22 +0000 UTC",
            "flavor_id": "5fae7e49-cf8c-4f1a-8fd2-ed3e617d7713",
            "flavor_name": "m1.heavy",
            "floating_ip": null,
            "force_delete": false,
            "id": "a59b8fe5-ec9c-45fa-ae2a-a83cd4b66388",
            "image_id": "Attempt to boot from volume - no image supplied",
            "image_name": null,
            "key_pair": "",
            "metadata": null,
            "name": "k3s-worker-01",
            "network": [
              {
                "access_network": false,
                "fixed_ip_v4": "10.10.30.111",
                "fixed_ip_v6": "",
                "floating_ip": "",
                "mac": "fa:16:3e:e5:38:9d",
                "name": "k3s_private_net",
                "port": "",
                "uuid": "bac73c96-818b-4f55-9a34-8ab12237cfab"
              }
            ],
            "network_mode": null,
            "personality": [],
            "power_state": "active",
            "region": "RegionOne",
            "scheduler_hints": [],
            "security_groups": [
              "internal-sg",
              "k3s-internal-sg"
            ],
            "stop_before_destroy": false,
            "tags": null,
            "timeouts": null,
            "updated": "2026-05-05 15:46:58 +0000 UTC",
            "user_data": "a90bb471b4b46daff198c66986ea89f8b1d1e4b8",
            "vendor_options": [],
            "volume": []
          },
          "sensitive_attributes": [
            [
              {
                "type": "get_attr",
                "value": "admin_pass"
              }
            ],
            [
              {
                "type": "get_attr",
                "value": "user_data"
              }
            ]
          ],
          "identity_schema_version": 0,
          "private": "eyJlMmJmYjczMC1lY2FhLTExZTYtOGY4OC0zNDM2M2JjN2M0YzAiOnsiY3JlYXRlIjoxODAwMDAwMDAwMDAwLCJkZWxldGUiOjE4MDAwMDAwMDAwMDAsInVwZGF0ZSI6MTgwMDAwMDAwMDAwMH19"
        },
        {
          "index_key": 1,
          "schema_version": 0,
          "attributes": {
            "access_ip_v4": "10.10.30.11",
            "access_ip_v6": "",
            "admin_pass": null,
            "all_metadata": {},
            "all_tags": [],
            "availability_zone": "nova",
            "availability_zone_hints": null,
            "block_device": [
              {
                "boot_index": 0,
                "delete_on_termination": false,
                "destination_type": "volume",
                "device_type": "",
                "disk_bus": "",
                "guest_format": "",
                "multiattach": false,
                "source_type": "image",
                "uuid": "6b9939b0-c42c-4d2c-8454-02eac0bdc364",
                "volume_size": 100,
                "volume_type": "ncs-nvme"
              }
            ],
            "config_drive": true,
            "created": "2026-05-05 15:46:22 +0000 UTC",
            "flavor_id": "5fae7e49-cf8c-4f1a-8fd2-ed3e617d7713",
            "flavor_name": "m1.heavy",
            "floating_ip": null,
            "force_delete": false,
            "id": "dccfe5b6-1532-4355-9fdf-22286079e1b9",
            "image_id": "Attempt to boot from volume - no image supplied",
            "image_name": null,
            "key_pair": "",
            "metadata": null,
            "name": "k3s-worker-02",
            "network": [
              {
                "access_network": false,
                "fixed_ip_v4": "10.10.30.11",
                "fixed_ip_v6": "",
                "floating_ip": "",
                "mac": "fa:16:3e:cf:c3:11",
                "name": "k3s_private_net",
                "port": "",
                "uuid": "bac73c96-818b-4f55-9a34-8ab12237cfab"
              }
            ],
            "network_mode": null,
            "personality": [],
            "power_state": "active",
            "region": "RegionOne",
            "scheduler_hints": [],
            "security_groups": [
              "internal-sg",
              "k3s-internal-sg"
            ],
            "stop_before_destroy": false,
            "tags": null,
            "timeouts": null,
            "updated": "2026-05-05 15:47:12 +0000 UTC",
            "user_data": "a90bb471b4b46daff198c66986ea89f8b1d1e4b8",
            "vendor_options": [],
            "volume": []
          },
          "sensitive_attributes": [
            [
              {
                "type": "get_attr",
                "value": "admin_pass"
              }
            ],
            [
              {
                "type": "get_attr",
                "value": "user_data"
              }
            ]
          ],
          "identity_schema_version": 0,
          "private": "eyJlMmJmYjczMC1lY2FhLTExZTYtOGY4OC0zNDM2M2JjN2M0YzAiOnsiY3JlYXRlIjoxODAwMDAwMDAwMDAwLCJkZWxldGUiOjE4MDAwMDAwMDAwMDAsInVwZGF0ZSI6MTgwMDAwMDAwMDAwMH19"
        },
        {
          "index_key": 2,
          "schema_version": 0,
          "attributes": {
            "access_ip_v4": "10.10.30.226",
            "access_ip_v6": "",
            "admin_pass": null,
            "all_metadata": {},
            "all_tags": [],
            "availability_zone": "nova",
            "availability_zone_hints": null,
            "block_device": [
              {
                "boot_index": 0,
                "delete_on_termination": false,
                "destination_type": "volume",
                "device_type": "",
                "disk_bus": "",
                "guest_format": "",
                "multiattach": false,
                "source_type": "image",
                "uuid": "6b9939b0-c42c-4d2c-8454-02eac0bdc364",
                "volume_size": 100,
                "volume_type": "ncs-nvme"
              }
            ],
            "config_drive": true,
            "created": "2026-05-05 15:46:23 +0000 UTC",
            "flavor_id": "5fae7e49-cf8c-4f1a-8fd2-ed3e617d7713",
            "flavor_name": "m1.heavy",
            "floating_ip": null,
            "force_delete": false,
            "id": "f0c850d7-ef73-45c7-b797-cbbd6d8b066a",
            "image_id": "Attempt to boot from volume - no image supplied",
            "image_name": null,
            "key_pair": "",
            "metadata": null,
            "name": "k3s-worker-03",
            "network": [
              {
                "access_network": false,
                "fixed_ip_v4": "10.10.30.226",
                "fixed_ip_v6": "",
                "floating_ip": "",
                "mac": "fa:16:3e:08:4e:c0",
                "name": "k3s_private_net",
                "port": "",
                "uuid": "bac73c96-818b-4f55-9a34-8ab12237cfab"
              }
            ],
            "network_mode": null,
            "personality": [],
            "power_state": "active",
            "region": "RegionOne",
            "scheduler_hints": [],
            "security_groups": [
              "internal-sg",
              "k3s-internal-sg"
            ],
            "stop_before_destroy": false,
            "tags": null,
            "timeouts": null,
            "updated": "2026-05-05 15:47:05 +0000 UTC",
            "user_data": "a90bb471b4b46daff198c66986ea89f8b1d1e4b8",
            "vendor_options": [],
            "volume": []
          },
          "sensitive_attributes": [
            [
              {
                "type": "get_attr",
                "value": "admin_pass"
              }
            ],
            [
              {
                "type": "get_attr",
                "value": "user_data"
              }
            ]
          ],
          "identity_schema_version": 0,
          "private": "eyJlMmJmYjczMC1lY2FhLTExZTYtOGY4OC0zNDM2M2JjN2M0YzAiOnsiY3JlYXRlIjoxODAwMDAwMDAwMDAwLCJkZWxldGUiOjE4MDAwMDAwMDAwMDAsInVwZGF0ZSI6MTgwMDAwMDAwMDAwMH19"
        }
      ]
    },
    {
      "mode": "managed",
      "type": "openstack_compute_volume_attach_v2",
      "name": "va_1",
      "provider": "provider[\"registry.terraform.io/terraform-provider-openstack/openstack\"]",
      "instances": [
        {
          "schema_version": 0,
          "attributes": {
            "device": "/dev/vdb",
            "id": "8f240220-0319-4377-bcb4-2fea29eee471/3b01ea4a-2bf6-40c3-9404-080f8c31542b",
            "instance_id": "8f240220-0319-4377-bcb4-2fea29eee471",
            "multiattach": null,
            "region": "RegionOne",
            "timeouts": null,
            "vendor_options": [],
            "volume_id": "3b01ea4a-2bf6-40c3-9404-080f8c31542b"
          },
          "sensitive_attributes": [],
          "identity_schema_version": 0,
          "private": "eyJlMmJmYjczMC1lY2FhLTExZTYtOGY4OC0zNDM2M2JjN2M0YzAiOnsiY3JlYXRlIjo2MDAwMDAwMDAwMDAsImRlbGV0ZSI6NjAwMDAwMDAwMDAwfX0=",
          "dependencies": [
            "openstack_blockstorage_volume_v3.gpu_worker_storage",
            "openstack_compute_instance_v2.gpu_worker"
          ]
        }
      ]
    }
  ],
  "check_results": null
}
