{
  "version": 4,
  "terraform_version": "1.14.8",
  "serial": 11,
  "lineage": "cfa61950-4385-9700-7475-6ec65e15fd28",
  "outputs": {
    "jumpbox_public_ip": {
      "value": "172.16.20.61",
      "type": "string"
    }
  },
  "resources": [
    {
      "mode": "data",
      "type": "openstack_networking_network_v2",
      "name": "mgmt_private_net",
      "provider": "provider[\"registry.terraform.io/terraform-provider-openstack/openstack\"]",
      "instances": [
        {
          "schema_version": 0,
          "attributes": {
            "admin_state_up": "true",
            "all_tags": [],
            "availability_zone_hints": [],
            "description": "",
            "dns_domain": "",
            "external": false,
            "id": "d773ea36-7e65-4bb4-8736-2bdcc9d5eede",
            "matching_subnet_cidr": null,
            "mtu": 1450,
            "name": "mgmt_private_net",
            "network_id": null,
            "region": "RegionOne",
            "segments": [
              {
                "network_type": "vxlan",
                "physical_network": "",
                "segmentation_id": 259
              }
            ],
            "shared": "false",
            "status": null,
            "subnets": [
              "84bf5cb8-8642-4cd5-b300-d47227bb839b"
            ],
            "tags": null,
            "tenant_id": "b43e7f1d24f347ea9a0da898471e37d0",
            "transparent_vlan": false
          },
          "sensitive_attributes": [],
          "identity_schema_version": 0
        }
      ]
    },
    {
      "mode": "managed",
      "type": "openstack_blockstorage_volume_v3",
      "name": "jumpbox_boot_vol",
      "provider": "provider[\"registry.terraform.io/terraform-provider-openstack/openstack\"]",
      "instances": [
        {
          "schema_version": 0,
          "attributes": {
            "attachment": [],
            "availability_zone": "nova",
            "consistency_group_id": null,
            "description": "",
            "enable_online_resize": null,
            "id": "c350a439-c49c-4b2e-983e-ecece44f3a07",
            "image_id": "e46293b4-bdc6-419c-9150-e7d0edb767e5",
            "metadata": {},
            "multiattach": null,
            "name": "jumpbox-boot-volume",
            "region": "RegionOne",
            "scheduler_hints": [],
            "size": 20,
            "snapshot_id": "",
            "source_replica": null,
            "source_vol_id": "",
            "timeouts": null,
            "volume_type": "ncs-nvme"
          },
          "sensitive_attributes": [],
          "identity_schema_version": 0,
          "private": "eyJlMmJmYjczMC1lY2FhLTExZTYtOGY4OC0zNDM2M2JjN2M0YzAiOnsiY3JlYXRlIjo2MDAwMDAwMDAwMDAsImRlbGV0ZSI6NjAwMDAwMDAwMDAwfX0="
        }
      ]
    },
    {
      "mode": "managed",
      "type": "openstack_compute_floatingip_associate_v2",
      "name": "jumpbox_fip_assoc",
      "provider": "provider[\"registry.terraform.io/terraform-provider-openstack/openstack\"]",
      "instances": [
        {
          "schema_version": 0,
          "attributes": {
            "fixed_ip": "",
            "floating_ip": "172.16.20.61",
            "id": "172.16.20.61/e043a966-67ee-4caa-8af6-78b654285c85/",
            "instance_id": "e043a966-67ee-4caa-8af6-78b654285c85",
            "region": "RegionOne",
            "timeouts": null,
            "wait_until_associated": null
          },
          "sensitive_attributes": [],
          "identity_schema_version": 0,
          "private": "eyJlMmJmYjczMC1lY2FhLTExZTYtOGY4OC0zNDM2M2JjN2M0YzAiOnsiY3JlYXRlIjo2MDAwMDAwMDAwMDB9fQ==",
          "dependencies": [
            "data.openstack_networking_network_v2.mgmt_private_net",
            "openstack_blockstorage_volume_v3.jumpbox_boot_vol",
            "openstack_compute_instance_v2.jumpbox",
            "openstack_networking_floatingip_v2.jumpbox_fip"
          ]
        }
      ]
    },
    {
      "mode": "managed",
      "type": "openstack_compute_instance_v2",
      "name": "jumpbox",
      "provider": "provider[\"registry.terraform.io/terraform-provider-openstack/openstack\"]",
      "instances": [
        {
          "schema_version": 0,
          "attributes": {
            "access_ip_v4": "10.10.10.178",
            "access_ip_v6": "",
            "admin_pass": null,
            "all_metadata": {},
            "all_tags": [],
            "availability_zone": "nova",
            "availability_zone_hints": null,
            "block_device": [
              {
                "boot_index": 0,
                "delete_on_termination": false,
                "destination_type": "volume",
                "device_type": "",
                "disk_bus": "",
                "guest_format": "",
                "multiattach": false,
                "source_type": "volume",
                "uuid": "c350a439-c49c-4b2e-983e-ecece44f3a07",
                "volume_size": 0,
                "volume_type": ""
              }
            ],
            "config_drive": true,
            "created": "2026-04-17 17:21:49 +0000 UTC",
            "flavor_id": "65325f4e-96f3-4509-b97e-7a8c670f2775",
            "flavor_name": "m1.micro",
            "floating_ip": null,
            "force_delete": false,
            "id": "e043a966-67ee-4caa-8af6-78b654285c85",
            "image_id": "Attempt to boot from volume - no image supplied",
            "image_name": null,
            "key_pair": "",
            "metadata": null,
            "name": "jumpbox",
            "network": [
              {
                "access_network": false,
                "fixed_ip_v4": "10.10.10.178",
                "fixed_ip_v6": "",
                "floating_ip": "",
                "mac": "fa:16:3e:83:6f:a8",
                "name": "mgmt_private_net",
                "port": "",
                "uuid": "d773ea36-7e65-4bb4-8736-2bdcc9d5eede"
              }
            ],
            "network_mode": null,
            "personality": [],
            "power_state": "active",
            "region": "RegionOne",
            "scheduler_hints": [],
            "security_groups": [
              "jumpbox-sg"
            ],
            "stop_before_destroy": false,
            "tags": null,
            "timeouts": null,
            "updated": "2026-04-17 17:22:04 +0000 UTC",
            "user_data": "a1e531106c063108be38bf1a0ab4d1018289f8d8",
            "vendor_options": [],
            "volume": []
          },
          "sensitive_attributes": [
            [
              {
                "type": "get_attr",
                "value": "admin_pass"
              }
            ],
            [
              {
                "type": "get_attr",
                "value": "user_data"
              }
            ]
          ],
          "identity_schema_version": 0,
          "private": "eyJlMmJmYjczMC1lY2FhLTExZTYtOGY4OC0zNDM2M2JjN2M0YzAiOnsiY3JlYXRlIjoxODAwMDAwMDAwMDAwLCJkZWxldGUiOjE4MDAwMDAwMDAwMDAsInVwZGF0ZSI6MTgwMDAwMDAwMDAwMH19",
          "dependencies": [
            "data.openstack_networking_network_v2.mgmt_private_net",
            "openstack_blockstorage_volume_v3.jumpbox_boot_vol"
          ]
        }
      ]
    },
    {
      "mode": "managed",
      "type": "openstack_networking_floatingip_v2",
      "name": "jumpbox_fip",
      "provider": "provider[\"registry.terraform.io/terraform-provider-openstack/openstack\"]",
      "instances": [
        {
          "schema_version": 0,
          "attributes": {
            "address": "172.16.20.61",
            "all_tags": [],
            "description": "",
            "dns_domain": "",
            "dns_name": "",
            "fixed_ip": "",
            "id": "e8de41dc-3e4b-4af3-ac91-1d470b8e9618",
            "pool": "public",
            "port_id": "",
            "region": "RegionOne",
            "subnet_id": null,
            "subnet_ids": null,
            "tags": null,
            "tenant_id": "b43e7f1d24f347ea9a0da898471e37d0",
            "timeouts": null,
            "value_specs": null
          },
          "sensitive_attributes": [],
          "identity_schema_version": 0,
          "private": "eyJlMmJmYjczMC1lY2FhLTExZTYtOGY4OC0zNDM2M2JjN2M0YzAiOnsiY3JlYXRlIjo2MDAwMDAwMDAwMDAsImRlbGV0ZSI6NjAwMDAwMDAwMDAwfX0="
        }
      ]
    }
  ],
  "check_results": null
}
