{
  "version": 4,
  "terraform_version": "1.14.8",
  "serial": 56,
  "lineage": "b47de6e5-ceef-76cf-8a9f-c60978b53125",
  "outputs": {},
  "resources": [
    {
      "mode": "managed",
      "type": "openstack_networking_network_v2",
      "name": "data_net",
      "provider": "provider[\"registry.terraform.io/terraform-provider-openstack/openstack\"]",
      "instances": [
        {
          "schema_version": 0,
          "attributes": {
            "admin_state_up": true,
            "all_tags": [],
            "availability_zone_hints": [],
            "description": "",
            "dns_domain": "",
            "external": false,
            "id": "dd65cf1b-b518-405e-8de4-faa56e749bef",
            "mtu": 1450,
            "name": "data_private_net",
            "port_security_enabled": true,
            "qos_policy_id": "",
            "region": "RegionOne",
            "segments": [
              {
                "network_type": "vxlan",
                "physical_network": "",
                "segmentation_id": 983
              }
            ],
            "shared": false,
            "tags": [],
            "tenant_id": "b43e7f1d24f347ea9a0da898471e37d0",
            "timeouts": null,
            "transparent_vlan": false,
            "value_specs": null
          },
          "sensitive_attributes": [],
          "identity_schema_version": 0,
          "private": "eyJlMmJmYjczMC1lY2FhLTExZTYtOGY4OC0zNDM2M2JjN2M0YzAiOnsiY3JlYXRlIjo2MDAwMDAwMDAwMDAsImRlbGV0ZSI6NjAwMDAwMDAwMDAwfX0="
        }
      ]
    },
    {
      "mode": "managed",
      "type": "openstack_networking_network_v2",
      "name": "k3s_net",
      "provider": "provider[\"registry.terraform.io/terraform-provider-openstack/openstack\"]",
      "instances": [
        {
          "schema_version": 0,
          "attributes": {
            "admin_state_up": true,
            "all_tags": [],
            "availability_zone_hints": [],
            "description": "",
            "dns_domain": "",
            "external": false,
            "id": "511fe99b-740f-413b-87c9-2ddf542d271d",
            "mtu": 1450,
            "name": "service_private_net",
            "port_security_enabled": true,
            "qos_policy_id": "",
            "region": "RegionOne",
            "segments": [
              {
                "network_type": "vxlan",
                "physical_network": "",
                "segmentation_id": 977
              }
            ],
            "shared": false,
            "tags": [],
            "tenant_id": "b43e7f1d24f347ea9a0da898471e37d0",
            "timeouts": null,
            "transparent_vlan": false,
            "value_specs": null
          },
          "sensitive_attributes": [],
          "identity_schema_version": 0,
          "private": "eyJlMmJmYjczMC1lY2FhLTExZTYtOGY4OC0zNDM2M2JjN2M0YzAiOnsiY3JlYXRlIjo2MDAwMDAwMDAwMDAsImRlbGV0ZSI6NjAwMDAwMDAwMDAwfX0="
        }
      ]
    },
    {
      "mode": "managed",
      "type": "openstack_networking_network_v2",
      "name": "mgmt_net",
      "provider": "provider[\"registry.terraform.io/terraform-provider-openstack/openstack\"]",
      "instances": [
        {
          "schema_version": 0,
          "attributes": {
            "admin_state_up": true,
            "all_tags": [],
            "availability_zone_hints": [],
            "description": "",
            "dns_domain": "",
            "external": false,
            "id": "44eee9bc-bd3d-4b31-8949-ed66abf9cfce",
            "mtu": 1450,
            "name": "mgmt_private_net",
            "port_security_enabled": true,
            "qos_policy_id": "",
            "region": "RegionOne",
            "segments": [
              {
                "network_type": "vxlan",
                "physical_network": "",
                "segmentation_id": 636
              }
            ],
            "shared": false,
            "tags": [],
            "tenant_id": "b43e7f1d24f347ea9a0da898471e37d0",
            "timeouts": null,
            "transparent_vlan": false,
            "value_specs": null
          },
          "sensitive_attributes": [],
          "identity_schema_version": 0,
          "private": "eyJlMmJmYjczMC1lY2FhLTExZTYtOGY4OC0zNDM2M2JjN2M0YzAiOnsiY3JlYXRlIjo2MDAwMDAwMDAwMDAsImRlbGV0ZSI6NjAwMDAwMDAwMDAwfX0="
        }
      ]
    },
    {
      "mode": "managed",
      "type": "openstack_networking_network_v2",
      "name": "public_net",
      "provider": "provider[\"registry.terraform.io/terraform-provider-openstack/openstack\"]",
      "instances": [
        {
          "schema_version": 0,
          "attributes": {
            "admin_state_up": true,
            "all_tags": [],
            "availability_zone_hints": [],
            "description": "",
            "dns_domain": "",
            "external": true,
            "id": "ed7bc128-2074-4088-83d4-971d7c8c94b3",
            "mtu": 1500,
            "name": "public",
            "port_security_enabled": true,
            "qos_policy_id": "",
            "region": "RegionOne",
            "segments": [
              {
                "network_type": "vlan",
                "physical_network": "physnet1",
                "segmentation_id": 20
              }
            ],
            "shared": true,
            "tags": [],
            "tenant_id": "b43e7f1d24f347ea9a0da898471e37d0",
            "timeouts": null,
            "transparent_vlan": false,
            "value_specs": null
          },
          "sensitive_attributes": [],
          "identity_schema_version": 0,
          "private": "eyJlMmJmYjczMC1lY2FhLTExZTYtOGY4OC0zNDM2M2JjN2M0YzAiOnsiY3JlYXRlIjo2MDAwMDAwMDAwMDAsImRlbGV0ZSI6NjAwMDAwMDAwMDAwfX0="
        }
      ]
    },
    {
      "mode": "managed",
      "type": "openstack_networking_network_v2",
      "name": "service_net",
      "provider": "provider[\"registry.terraform.io/terraform-provider-openstack/openstack\"]",
      "instances": [
        {
          "schema_version": 0,
          "attributes": {
            "admin_state_up": true,
            "all_tags": [],
            "availability_zone_hints": [],
            "description": "",
            "dns_domain": "",
            "external": false,
            "id": "984393c3-f31b-4dc9-8721-a26b06257fc8",
            "mtu": 1450,
            "name": "k3s_private_net",
            "port_security_enabled": true,
            "qos_policy_id": "",
            "region": "RegionOne",
            "segments": [
              {
                "network_type": "vxlan",
                "physical_network": "",
                "segmentation_id": 615
              }
            ],
            "shared": false,
            "tags": [],
            "tenant_id": "b43e7f1d24f347ea9a0da898471e37d0",
            "timeouts": null,
            "transparent_vlan": false,
            "value_specs": null
          },
          "sensitive_attributes": [],
          "identity_schema_version": 0,
          "private": "eyJlMmJmYjczMC1lY2FhLTExZTYtOGY4OC0zNDM2M2JjN2M0YzAiOnsiY3JlYXRlIjo2MDAwMDAwMDAwMDAsImRlbGV0ZSI6NjAwMDAwMDAwMDAwfX0="
        }
      ]
    },
    {
      "mode": "managed",
      "type": "openstack_networking_router_interface_v2",
      "name": "data_itf",
      "provider": "provider[\"registry.terraform.io/terraform-provider-openstack/openstack\"]",
      "instances": [
        {
          "schema_version": 0,
          "attributes": {
            "force_destroy": false,
            "id": "d16ce926-4212-42f4-96a3-1d1c0310d55b",
            "port_id": "d16ce926-4212-42f4-96a3-1d1c0310d55b",
            "region": "RegionOne",
            "router_id": "6b4277d6-8b6d-459b-85a6-d4fb7f17a8f2",
            "subnet_id": "357130fa-de9f-4610-94f2-5be9dde44883",
            "timeouts": null
          },
          "sensitive_attributes": [],
          "identity_schema_version": 0,
          "private": "eyJlMmJmYjczMC1lY2FhLTExZTYtOGY4OC0zNDM2M2JjN2M0YzAiOnsiY3JlYXRlIjo2MDAwMDAwMDAwMDAsImRlbGV0ZSI6NjAwMDAwMDAwMDAwfX0=",
          "dependencies": [
            "openstack_networking_network_v2.data_net",
            "openstack_networking_network_v2.public_net",
            "openstack_networking_router_v2.vpc_router",
            "openstack_networking_subnet_v2.data_subnet"
          ]
        }
      ]
    },
    {
      "mode": "managed",
      "type": "openstack_networking_router_interface_v2",
      "name": "k3s_itf",
      "provider": "provider[\"registry.terraform.io/terraform-provider-openstack/openstack\"]",
      "instances": [
        {
          "schema_version": 0,
          "attributes": {
            "force_destroy": false,
            "id": "815ffeb5-e68c-4cc4-988d-b2d999bb258f",
            "port_id": "815ffeb5-e68c-4cc4-988d-b2d999bb258f",
            "region": "RegionOne",
            "router_id": "6b4277d6-8b6d-459b-85a6-d4fb7f17a8f2",
            "subnet_id": "c45904aa-1ec9-44c3-8776-634c0e8eea34",
            "timeouts": null
          },
          "sensitive_attributes": [],
          "identity_schema_version": 0,
          "private": "eyJlMmJmYjczMC1lY2FhLTExZTYtOGY4OC0zNDM2M2JjN2M0YzAiOnsiY3JlYXRlIjo2MDAwMDAwMDAwMDAsImRlbGV0ZSI6NjAwMDAwMDAwMDAwfX0=",
          "dependencies": [
            "openstack_networking_network_v2.k3s_net",
            "openstack_networking_network_v2.public_net",
            "openstack_networking_router_v2.vpc_router",
            "openstack_networking_subnet_v2.k3s_subnet"
          ]
        }
      ]
    },
    {
      "mode": "managed",
      "type": "openstack_networking_router_interface_v2",
      "name": "mgmt_itf",
      "provider": "provider[\"registry.terraform.io/terraform-provider-openstack/openstack\"]",
      "instances": [
        {
          "schema_version": 0,
          "attributes": {
            "force_destroy": false,
            "id": "dacce0a1-10a1-407b-bdf2-fbf2e42b525d",
            "port_id": "dacce0a1-10a1-407b-bdf2-fbf2e42b525d",
            "region": "RegionOne",
            "router_id": "6b4277d6-8b6d-459b-85a6-d4fb7f17a8f2",
            "subnet_id": "ccc5f948-a7ef-4e60-b027-3744a613357f",
            "timeouts": null
          },
          "sensitive_attributes": [],
          "identity_schema_version": 0,
          "private": "eyJlMmJmYjczMC1lY2FhLTExZTYtOGY4OC0zNDM2M2JjN2M0YzAiOnsiY3JlYXRlIjo2MDAwMDAwMDAwMDAsImRlbGV0ZSI6NjAwMDAwMDAwMDAwfX0=",
          "dependencies": [
            "openstack_networking_network_v2.mgmt_net",
            "openstack_networking_network_v2.public_net",
            "openstack_networking_router_v2.vpc_router",
            "openstack_networking_subnet_v2.mgmt_subnet"
          ]
        }
      ]
    },
    {
      "mode": "managed",
      "type": "openstack_networking_router_interface_v2",
      "name": "service_itf",
      "provider": "provider[\"registry.terraform.io/terraform-provider-openstack/openstack\"]",
      "instances": [
        {
          "schema_version": 0,
          "attributes": {
            "force_destroy": false,
            "id": "cd6fa4b0-7814-4ad6-8bbb-fdd4a65c7b48",
            "port_id": "cd6fa4b0-7814-4ad6-8bbb-fdd4a65c7b48",
            "region": "RegionOne",
            "router_id": "6b4277d6-8b6d-459b-85a6-d4fb7f17a8f2",
            "subnet_id": "5ece360c-2411-4eeb-b469-3a2d7d8b7cd1",
            "timeouts": null
          },
          "sensitive_attributes": [],
          "identity_schema_version": 0,
          "private": "eyJlMmJmYjczMC1lY2FhLTExZTYtOGY4OC0zNDM2M2JjN2M0YzAiOnsiY3JlYXRlIjo2MDAwMDAwMDAwMDAsImRlbGV0ZSI6NjAwMDAwMDAwMDAwfX0=",
          "dependencies": [
            "openstack_networking_network_v2.public_net",
            "openstack_networking_network_v2.service_net",
            "openstack_networking_router_v2.vpc_router",
            "openstack_networking_subnet_v2.service_subnet"
          ]
        }
      ]
    },
    {
      "mode": "managed",
      "type": "openstack_networking_router_v2",
      "name": "vpc_router",
      "provider": "provider[\"registry.terraform.io/terraform-provider-openstack/openstack\"]",
      "instances": [
        {
          "schema_version": 0,
          "attributes": {
            "admin_state_up": true,
            "all_tags": [],
            "availability_zone_hints": [],
            "description": "",
            "distributed": false,
            "enable_snat": true,
            "external_fixed_ip": [
              {
                "ip_address": "172.16.20.47",
                "subnet_id": "ad875b10-a19d-41d3-a154-20ff62c9098b"
              }
            ],
            "external_gateway": "ed7bc128-2074-4088-83d4-971d7c8c94b3",
            "external_network_id": "ed7bc128-2074-4088-83d4-971d7c8c94b3",
            "external_subnet_ids": null,
            "id": "6b4277d6-8b6d-459b-85a6-d4fb7f17a8f2",
            "name": "vpc_router",
            "region": "RegionOne",
            "tags": [],
            "tenant_id": "b43e7f1d24f347ea9a0da898471e37d0",
            "timeouts": null,
            "value_specs": null,
            "vendor_options": []
          },
          "sensitive_attributes": [],
          "identity_schema_version": 0,
          "private": "eyJlMmJmYjczMC1lY2FhLTExZTYtOGY4OC0zNDM2M2JjN2M0YzAiOnsiY3JlYXRlIjo2MDAwMDAwMDAwMDAsImRlbGV0ZSI6NjAwMDAwMDAwMDAwfX0=",
          "dependencies": [
            "openstack_networking_network_v2.public_net"
          ]
        }
      ]
    },
    {
      "mode": "managed",
      "type": "openstack_networking_secgroup_rule_v2",
      "name": "allow_ssh_to_vault",
      "provider": "provider[\"registry.terraform.io/terraform-provider-openstack/openstack\"]",
      "instances": [
        {
          "schema_version": 0,
          "attributes": {
            "description": "",
            "direction": "ingress",
            "ethertype": "IPv4",
            "id": "fe6aa89c-dbb9-463e-a26d-74eb68d2a8c3",
            "port_range_max": 22,
            "port_range_min": 22,
            "protocol": "tcp",
            "region": "RegionOne",
            "remote_group_id": "d72e9bc7-78be-40c9-b001-ea7e11c7a6e9",
            "remote_ip_prefix": "",
            "security_group_id": "0c72bfad-c8d0-4aa6-a8dd-f4776f40f3a5",
            "tenant_id": "b43e7f1d24f347ea9a0da898471e37d0",
            "timeouts": null
          },
          "sensitive_attributes": [],
          "identity_schema_version": 0,
          "private": "eyJlMmJmYjczMC1lY2FhLTExZTYtOGY4OC0zNDM2M2JjN2M0YzAiOnsiZGVsZXRlIjo2MDAwMDAwMDAwMDB9fQ==",
          "dependencies": [
            "openstack_networking_secgroup_v2.bastion_sg",
            "openstack_networking_secgroup_v2.cluster_vault_sg"
          ]
        }
      ]
    },
    {
      "mode": "managed",
      "type": "openstack_networking_secgroup_rule_v2",
      "name": "allow_vault_internal",
      "provider": "provider[\"registry.terraform.io/terraform-provider-openstack/openstack\"]",
      "instances": [
        {
          "schema_version": 0,
          "attributes": {
            "description": "",
            "direction": "ingress",
            "ethertype": "IPv4",
            "id": "51e2eee3-fe63-4831-ac2a-bd7a020dba9d",
            "port_range_max": 8200,
            "port_range_min": 8200,
            "protocol": "tcp",
            "region": "RegionOne",
            "remote_group_id": "",
            "remote_ip_prefix": "10.0.0.0/16",
            "security_group_id": "0c72bfad-c8d0-4aa6-a8dd-f4776f40f3a5",
            "tenant_id": "b43e7f1d24f347ea9a0da898471e37d0",
            "timeouts": null
          },
          "sensitive_attributes": [],
          "identity_schema_version": 0,
          "private": "eyJlMmJmYjczMC1lY2FhLTExZTYtOGY4OC0zNDM2M2JjN2M0YzAiOnsiZGVsZXRlIjo2MDAwMDAwMDAwMDB9fQ==",
          "dependencies": [
            "openstack_networking_secgroup_v2.cluster_vault_sg"
          ]
        }
      ]
    },
    {
      "mode": "managed",
      "type": "openstack_networking_secgroup_rule_v2",
      "name": "bastion_sg_rules",
      "provider": "provider[\"registry.terraform.io/terraform-provider-openstack/openstack\"]",
      "instances": [
        {
          "index_key": "External to ngix proxy http",
          "schema_version": 0,
          "attributes": {
            "description": "",
            "direction": "ingress",
            "ethertype": "IPv4",
            "id": "8ccaa8f1-f68b-45e0-bb23-fb4bee5cb2ba",
            "port_range_max": 80,
            "port_range_min": 80,
            "protocol": "tcp",
            "region": "RegionOne",
            "remote_group_id": "",
            "remote_ip_prefix": "0.0.0.0/0",
            "security_group_id": "d72e9bc7-78be-40c9-b001-ea7e11c7a6e9",
            "tenant_id": "b43e7f1d24f347ea9a0da898471e37d0",
            "timeouts": null
          },
          "sensitive_attributes": [],
          "identity_schema_version": 0,
          "private": "eyJlMmJmYjczMC1lY2FhLTExZTYtOGY4OC0zNDM2M2JjN2M0YzAiOnsiZGVsZXRlIjo2MDAwMDAwMDAwMDB9fQ==",
          "dependencies": [
            "openstack_networking_secgroup_v2.bastion_sg"
          ]
        },
        {
          "index_key": "External to ngix proxy https",
          "schema_version": 0,
          "attributes": {
            "description": "",
            "direction": "ingress",
            "ethertype": "IPv4",
            "id": "deca087d-ad8b-4475-b402-ae2cf1ce4448",
            "port_range_max": 443,
            "port_range_min": 443,
            "protocol": "tcp",
            "region": "RegionOne",
            "remote_group_id": "",
            "remote_ip_prefix": "0.0.0.0/0",
            "security_group_id": "d72e9bc7-78be-40c9-b001-ea7e11c7a6e9",
            "tenant_id": "b43e7f1d24f347ea9a0da898471e37d0",
            "timeouts": null
          },
          "sensitive_attributes": [],
          "identity_schema_version": 0,
          "private": "eyJlMmJmYjczMC1lY2FhLTExZTYtOGY4OC0zNDM2M2JjN2M0YzAiOnsiZGVsZXRlIjo2MDAwMDAwMDAwMDB9fQ==",
          "dependencies": [
            "openstack_networking_secgroup_v2.bastion_sg"
          ]
        },
        {
          "index_key": "internal to squid to external",
          "schema_version": 0,
          "attributes": {
            "description": "",
            "direction": "ingress",
            "ethertype": "IPv4",
            "id": "3279db8c-7aec-4b50-a8ab-519b088190c5",
            "port_range_max": 3128,
            "port_range_min": 3128,
            "protocol": "tcp",
            "region": "RegionOne",
            "remote_group_id": "",
            "remote_ip_prefix": "10.10.0.0/16",
            "security_group_id": "d72e9bc7-78be-40c9-b001-ea7e11c7a6e9",
            "tenant_id": "b43e7f1d24f347ea9a0da898471e37d0",
            "timeouts": null
          },
          "sensitive_attributes": [],
          "identity_schema_version": 0,
          "private": "eyJlMmJmYjczMC1lY2FhLTExZTYtOGY4OC0zNDM2M2JjN2M0YzAiOnsiZGVsZXRlIjo2MDAwMDAwMDAwMDB9fQ==",
          "dependencies": [
            "openstack_networking_secgroup_v2.bastion_sg"
          ]
        },
        {
          "index_key": "ssh external",
          "schema_version": 0,
          "attributes": {
            "description": "",
            "direction": "ingress",
            "ethertype": "IPv4",
            "id": "5b29a044-b634-4569-b5cf-655a3219c529",
            "port_range_max": 22,
            "port_range_min": 22,
            "protocol": "tcp",
            "region": "RegionOne",
            "remote_group_id": "",
            "remote_ip_prefix": "0.0.0.0/0",
            "security_group_id": "d72e9bc7-78be-40c9-b001-ea7e11c7a6e9",
            "tenant_id": "b43e7f1d24f347ea9a0da898471e37d0",
            "timeouts": null
          },
          "sensitive_attributes": [],
          "identity_schema_version": 0,
          "private": "eyJlMmJmYjczMC1lY2FhLTExZTYtOGY4OC0zNDM2M2JjN2M0YzAiOnsiZGVsZXRlIjo2MDAwMDAwMDAwMDB9fQ==",
          "dependencies": [
            "openstack_networking_secgroup_v2.bastion_sg"
          ]
        }
      ]
    },
    {
      "mode": "managed",
      "type": "openstack_networking_secgroup_rule_v2",
      "name": "filer_port",
      "provider": "provider[\"registry.terraform.io/terraform-provider-openstack/openstack\"]",
      "instances": [
        {
          "schema_version": 0,
          "attributes": {
            "description": "",
            "direction": "ingress",
            "ethertype": "IPv4",
            "id": "b7da2759-ac44-469e-b9a2-2aa8282a8a83",
            "port_range_max": 8888,
            "port_range_min": 8888,
            "protocol": "tcp",
            "region": "RegionOne",
            "remote_group_id": "",
            "remote_ip_prefix": "10.10.0.0/16",
            "security_group_id": "dc8be9f2-a04e-406a-81cd-0ffb9f8e9942",
            "tenant_id": "b43e7f1d24f347ea9a0da898471e37d0",
            "timeouts": null
          },
          "sensitive_attributes": [],
          "identity_schema_version": 0,
          "private": "eyJlMmJmYjczMC1lY2FhLTExZTYtOGY4OC0zNDM2M2JjN2M0YzAiOnsiZGVsZXRlIjo2MDAwMDAwMDAwMDB9fQ==",
          "dependencies": [
            "openstack_networking_secgroup_v2.seaweedfs_sg"
          ]
        }
      ]
    },
    {
      "mode": "managed",
      "type": "openstack_networking_secgroup_rule_v2",
      "name": "gitlab_sg_rules",
      "provider": "provider[\"registry.terraform.io/terraform-provider-openstack/openstack\"]",
      "instances": [
        {
          "index_key": "Allow bastion to access http traffic",
          "schema_version": 0,
          "attributes": {
            "description": "",
            "direction": "ingress",
            "ethertype": "IPv4",
            "id": "106cd72f-833b-45f6-a73d-0c6d1d06fe51",
            "port_range_max": 80,
            "port_range_min": 80,
            "protocol": "tcp",
            "region": "RegionOne",
            "remote_group_id": "",
            "remote_ip_prefix": "",
            "security_group_id": "7d673337-81d8-4d98-9578-e66992689e8c",
            "tenant_id": "b43e7f1d24f347ea9a0da898471e37d0",
            "timeouts": null
          },
          "sensitive_attributes": [],
          "identity_schema_version": 0,
          "private": "eyJlMmJmYjczMC1lY2FhLTExZTYtOGY4OC0zNDM2M2JjN2M0YzAiOnsiZGVsZXRlIjo2MDAwMDAwMDAwMDB9fQ==",
          "dependencies": [
            "openstack_networking_secgroup_v2.gitlab_sg"
          ]
        },
        {
          "index_key": "Allow bastion to access https traffic",
          "schema_version": 0,
          "attributes": {
            "description": "",
            "direction": "ingress",
            "ethertype": "IPv4",
            "id": "cdd49d0e-abcb-4c39-8add-060ceb9d81a3",
            "port_range_max": 443,
            "port_range_min": 443,
            "protocol": "tcp",
            "region": "RegionOne",
            "remote_group_id": "",
            "remote_ip_prefix": "",
            "security_group_id": "7d673337-81d8-4d98-9578-e66992689e8c",
            "tenant_id": "b43e7f1d24f347ea9a0da898471e37d0",
            "timeouts": null
          },
          "sensitive_attributes": [],
          "identity_schema_version": 0,
          "private": "eyJlMmJmYjczMC1lY2FhLTExZTYtOGY4OC0zNDM2M2JjN2M0YzAiOnsiZGVsZXRlIjo2MDAwMDAwMDAwMDB9fQ==",
          "dependencies": [
            "openstack_networking_secgroup_v2.gitlab_sg"
          ]
        }
      ]
    },
    {
      "mode": "managed",
      "type": "openstack_networking_secgroup_rule_v2",
      "name": "k3s_internal_rules",
      "provider": "provider[\"registry.terraform.io/terraform-provider-openstack/openstack\"]",
      "instances": [
        {
          "index_key": "Cilium Health",
          "schema_version": 0,
          "attributes": {
            "description": "",
            "direction": "ingress",
            "ethertype": "IPv4",
            "id": "d59e99ec-962f-4093-8c89-aa6ca51ab57d",
            "port_range_max": 4240,
            "port_range_min": 4240,
            "protocol": "tcp",
            "region": "RegionOne",
            "remote_group_id": "",
            "remote_ip_prefix": "10.10.30.0/24",
            "security_group_id": "8b4a2bd2-9b1a-488d-8da0-c35b45bc1538",
            "tenant_id": "b43e7f1d24f347ea9a0da898471e37d0",
            "timeouts": null
          },
          "sensitive_attributes": [],
          "identity_schema_version": 0,
          "private": "eyJlMmJmYjczMC1lY2FhLTExZTYtOGY4OC0zNDM2M2JjN2M0YzAiOnsiZGVsZXRlIjo2MDAwMDAwMDAwMDB9fQ==",
          "dependencies": [
            "openstack_networking_secgroup_v2.k3s_internal"
          ]
        },
        {
          "index_key": "K3s API",
          "schema_version": 0,
          "attributes": {
            "description": "",
            "direction": "ingress",
            "ethertype": "IPv4",
            "id": "e2cec6ee-b791-4655-a6ae-08ea782cb31e",
            "port_range_max": 6443,
            "port_range_min": 6443,
            "protocol": "tcp",
            "region": "RegionOne",
            "remote_group_id": "",
            "remote_ip_prefix": "10.10.30.0/24",
            "security_group_id": "8b4a2bd2-9b1a-488d-8da0-c35b45bc1538",
            "tenant_id": "b43e7f1d24f347ea9a0da898471e37d0",
            "timeouts": null
          },
          "sensitive_attributes": [],
          "identity_schema_version": 0,
          "private": "eyJlMmJmYjczMC1lY2FhLTExZTYtOGY4OC0zNDM2M2JjN2M0YzAiOnsiZGVsZXRlIjo2MDAwMDAwMDAwMDB9fQ==",
          "dependencies": [
            "openstack_networking_secgroup_v2.k3s_internal"
          ]
        },
        {
          "index_key": "VXLAN Overlay",
          "schema_version": 0,
          "attributes": {
            "description": "",
            "direction": "ingress",
            "ethertype": "IPv4",
            "id": "335e97e4-4a8e-4cff-ba74-c3ad599e62aa",
            "port_range_max": 8472,
            "port_range_min": 8472,
            "protocol": "udp",
            "region": "RegionOne",
            "remote_group_id": "",
            "remote_ip_prefix": "10.10.30.0/24",
            "security_group_id": "8b4a2bd2-9b1a-488d-8da0-c35b45bc1538",
            "tenant_id": "b43e7f1d24f347ea9a0da898471e37d0",
            "timeouts": null
          },
          "sensitive_attributes": [],
          "identity_schema_version": 0,
          "private": "eyJlMmJmYjczMC1lY2FhLTExZTYtOGY4OC0zNDM2M2JjN2M0YzAiOnsiZGVsZXRlIjo2MDAwMDAwMDAwMDB9fQ==",
          "dependencies": [
            "openstack_networking_secgroup_v2.k3s_internal"
          ]
        },
        {
          "index_key": "etcd HA",
          "schema_version": 0,
          "attributes": {
            "description": "",
            "direction": "ingress",
            "ethertype": "IPv4",
            "id": "7071a5fe-2844-47e9-9714-916ba8f14047",
            "port_range_max": 2380,
            "port_range_min": 2379,
            "protocol": "tcp",
            "region": "RegionOne",
            "remote_group_id": "",
            "remote_ip_prefix": "10.10.30.0/24",
            "security_group_id": "8b4a2bd2-9b1a-488d-8da0-c35b45bc1538",
            "tenant_id": "b43e7f1d24f347ea9a0da898471e37d0",
            "timeouts": null
          },
          "sensitive_attributes": [],
          "identity_schema_version": 0,
          "private": "eyJlMmJmYjczMC1lY2FhLTExZTYtOGY4OC0zNDM2M2JjN2M0YzAiOnsiZGVsZXRlIjo2MDAwMDAwMDAwMDB9fQ==",
          "dependencies": [
            "openstack_networking_secgroup_v2.k3s_internal"
          ]
        },
        {
          "index_key": "kubectl logs",
          "schema_version": 0,
          "attributes": {
            "description": "",
            "direction": "ingress",
            "ethertype": "IPv4",
            "id": "8208b302-20d8-4638-9f85-522ef909f857",
            "port_range_max": 10250,
            "port_range_min": 10250,
            "protocol": "tcp",
            "region": "RegionOne",
            "remote_group_id": "",
            "remote_ip_prefix": "10.10.30.0/24",
            "security_group_id": "8b4a2bd2-9b1a-488d-8da0-c35b45bc1538",
            "tenant_id": "b43e7f1d24f347ea9a0da898471e37d0",
            "timeouts": null
          },
          "sensitive_attributes": [],
          "identity_schema_version": 0,
          "private": "eyJlMmJmYjczMC1lY2FhLTExZTYtOGY4OC0zNDM2M2JjN2M0YzAiOnsiZGVsZXRlIjo2MDAwMDAwMDAwMDB9fQ==",
          "dependencies": [
            "openstack_networking_secgroup_v2.k3s_internal"
          ]
        }
      ]
    },
    {
      "mode": "managed",
      "type": "openstack_networking_secgroup_rule_v2",
      "name": "master_port",
      "provider": "provider[\"registry.terraform.io/terraform-provider-openstack/openstack\"]",
      "instances": [
        {
          "schema_version": 0,
          "attributes": {
            "description": "",
            "direction": "ingress",
            "ethertype": "IPv4",
            "id": "4084675d-e5e4-4800-ad72-81817c586d40",
            "port_range_max": 9333,
            "port_range_min": 9333,
            "protocol": "tcp",
            "region": "RegionOne",
            "remote_group_id": "",
            "remote_ip_prefix": "10.10.0.0/16",
            "security_group_id": "dc8be9f2-a04e-406a-81cd-0ffb9f8e9942",
            "tenant_id": "b43e7f1d24f347ea9a0da898471e37d0",
            "timeouts": null
          },
          "sensitive_attributes": [],
          "identity_schema_version": 0,
          "private": "eyJlMmJmYjczMC1lY2FhLTExZTYtOGY4OC0zNDM2M2JjN2M0YzAiOnsiZGVsZXRlIjo2MDAwMDAwMDAwMDB9fQ==",
          "dependencies": [
            "openstack_networking_secgroup_v2.seaweedfs_sg"
          ]
        }
      ]
    },
    {
      "mode": "managed",
      "type": "openstack_networking_secgroup_rule_v2",
      "name": "mgmt_vault_api",
      "provider": "provider[\"registry.terraform.io/terraform-provider-openstack/openstack\"]",
      "instances": [
        {
          "index_key": 0,
          "schema_version": 0,
          "attributes": {
            "description": "",
            "direction": "ingress",
            "ethertype": "IPv4",
            "id": "1414e3cd-f1da-438e-aecd-709226581fc3",
            "port_range_max": 8200,
            "port_range_min": 8200,
            "protocol": "tcp",
            "region": "RegionOne",
            "remote_group_id": "",
            "remote_ip_prefix": "10.0.0.0/8",
            "security_group_id": "3e11de2f-c135-4baf-aa15-f775e4cef505",
            "tenant_id": "b43e7f1d24f347ea9a0da898471e37d0",
            "timeouts": null
          },
          "sensitive_attributes": [],
          "identity_schema_version": 0,
          "private": "eyJlMmJmYjczMC1lY2FhLTExZTYtOGY4OC0zNDM2M2JjN2M0YzAiOnsiZGVsZXRlIjo2MDAwMDAwMDAwMDB9fQ==",
          "dependencies": [
            "openstack_networking_secgroup_v2.mgmt_vault_sg"
          ]
        },
        {
          "index_key": 1,
          "schema_version": 0,
          "attributes": {
            "description": "",
            "direction": "ingress",
            "ethertype": "IPv4",
            "id": "9a65da31-2d90-446e-b816-2d2123a29d51",
            "port_range_max": 8201,
            "port_range_min": 8201,
            "protocol": "tcp",
            "region": "RegionOne",
            "remote_group_id": "",
            "remote_ip_prefix": "10.0.0.0/8",
            "security_group_id": "3e11de2f-c135-4baf-aa15-f775e4cef505",
            "tenant_id": "b43e7f1d24f347ea9a0da898471e37d0",
            "timeouts": null
          },
          "sensitive_attributes": [],
          "identity_schema_version": 0,
          "private": "eyJlMmJmYjczMC1lY2FhLTExZTYtOGY4OC0zNDM2M2JjN2M0YzAiOnsiZGVsZXRlIjo2MDAwMDAwMDAwMDB9fQ==",
          "dependencies": [
            "openstack_networking_secgroup_v2.mgmt_vault_sg"
          ]
        }
      ]
    },
    {
      "mode": "managed",
      "type": "openstack_networking_secgroup_rule_v2",
      "name": "mgmt_vault_ssh",
      "provider": "provider[\"registry.terraform.io/terraform-provider-openstack/openstack\"]",
      "instances": [
        {
          "schema_version": 0,
          "attributes": {
            "description": "",
            "direction": "ingress",
            "ethertype": "IPv4",
            "id": "983a07ed-f460-4d63-92c5-20be5b775403",
            "port_range_max": 22,
            "port_range_min": 22,
            "protocol": "tcp",
            "region": "RegionOne",
            "remote_group_id": "",
            "remote_ip_prefix": "10.10.10.0/24",
            "security_group_id": "3e11de2f-c135-4baf-aa15-f775e4cef505",
            "tenant_id": "b43e7f1d24f347ea9a0da898471e37d0",
            "timeouts": null
          },
          "sensitive_attributes": [],
          "identity_schema_version": 0,
          "private": "eyJlMmJmYjczMC1lY2FhLTExZTYtOGY4OC0zNDM2M2JjN2M0YzAiOnsiZGVsZXRlIjo2MDAwMDAwMDAwMDB9fQ==",
          "dependencies": [
            "openstack_networking_secgroup_v2.mgmt_vault_sg"
          ]
        }
      ]
    },
    {
      "mode": "managed",
      "type": "openstack_networking_secgroup_rule_v2",
      "name": "s3_port",
      "provider": "provider[\"registry.terraform.io/terraform-provider-openstack/openstack\"]",
      "instances": [
        {
          "schema_version": 0,
          "attributes": {
            "description": "",
            "direction": "ingress",
            "ethertype": "IPv4",
            "id": "2e9b6308-71f1-499f-878d-b2370527e131",
            "port_range_max": 8333,
            "port_range_min": 8333,
            "protocol": "tcp",
            "region": "RegionOne",
            "remote_group_id": "",
            "remote_ip_prefix": "10.10.0.0/16",
            "security_group_id": "dc8be9f2-a04e-406a-81cd-0ffb9f8e9942",
            "tenant_id": "b43e7f1d24f347ea9a0da898471e37d0",
            "timeouts": null
          },
          "sensitive_attributes": [],
          "identity_schema_version": 0,
          "private": "eyJlMmJmYjczMC1lY2FhLTExZTYtOGY4OC0zNDM2M2JjN2M0YzAiOnsiZGVsZXRlIjo2MDAwMDAwMDAwMDB9fQ==",
          "dependencies": [
            "openstack_networking_secgroup_v2.seaweedfs_sg"
          ]
        }
      ]
    },
    {
      "mode": "managed",
      "type": "openstack_networking_secgroup_rule_v2",
      "name": "ssh_from_jump",
      "provider": "provider[\"registry.terraform.io/terraform-provider-openstack/openstack\"]",
      "instances": [
        {
          "schema_version": 0,
          "attributes": {
            "description": "",
            "direction": "ingress",
            "ethertype": "IPv4",
            "id": "d8951b21-90ed-431d-a65e-cde4cf682ecb",
            "port_range_max": 22,
            "port_range_min": 22,
            "protocol": "tcp",
            "region": "RegionOne",
            "remote_group_id": "d72e9bc7-78be-40c9-b001-ea7e11c7a6e9",
            "remote_ip_prefix": "",
            "security_group_id": "c64f5ed0-7888-4e45-bb2f-3050782dfc09",
            "tenant_id": "b43e7f1d24f347ea9a0da898471e37d0",
            "timeouts": null
          },
          "sensitive_attributes": [],
          "identity_schema_version": 0,
          "private": "eyJlMmJmYjczMC1lY2FhLTExZTYtOGY4OC0zNDM2M2JjN2M0YzAiOnsiZGVsZXRlIjo2MDAwMDAwMDAwMDB9fQ==",
          "dependencies": [
            "openstack_networking_secgroup_v2.bastion_sg",
            "openstack_networking_secgroup_v2.internal_sg"
          ]
        }
      ]
    },
    {
      "mode": "managed",
      "type": "openstack_networking_secgroup_rule_v2",
      "name": "volume_port",
      "provider": "provider[\"registry.terraform.io/terraform-provider-openstack/openstack\"]",
      "instances": [
        {
          "schema_version": 0,
          "attributes": {
            "description": "",
            "direction": "ingress",
            "ethertype": "IPv4",
            "id": "8ca5062e-f902-4659-a8a1-382487341927",
            "port_range_max": 8080,
            "port_range_min": 8080,
            "protocol": "tcp",
            "region": "RegionOne",
            "remote_group_id": "",
            "remote_ip_prefix": "10.10.0.0/16",
            "security_group_id": "dc8be9f2-a04e-406a-81cd-0ffb9f8e9942",
            "tenant_id": "b43e7f1d24f347ea9a0da898471e37d0",
            "timeouts": null
          },
          "sensitive_attributes": [],
          "identity_schema_version": 0,
          "private": "eyJlMmJmYjczMC1lY2FhLTExZTYtOGY4OC0zNDM2M2JjN2M0YzAiOnsiZGVsZXRlIjo2MDAwMDAwMDAwMDB9fQ==",
          "dependencies": [
            "openstack_networking_secgroup_v2.seaweedfs_sg"
          ]
        }
      ]
    },
    {
      "mode": "managed",
      "type": "openstack_networking_secgroup_v2",
      "name": "bastion_sg",
      "provider": "provider[\"registry.terraform.io/terraform-provider-openstack/openstack\"]",
      "instances": [
        {
          "schema_version": 0,
          "attributes": {
            "all_tags": [],
            "delete_default_rules": null,
            "description": "",
            "id": "d72e9bc7-78be-40c9-b001-ea7e11c7a6e9",
            "name": "bastion-sg",
            "region": "RegionOne",
            "tags": [],
            "tenant_id": "b43e7f1d24f347ea9a0da898471e37d0",
            "timeouts": null
          },
          "sensitive_attributes": [],
          "identity_schema_version": 0,
          "private": "eyJlMmJmYjczMC1lY2FhLTExZTYtOGY4OC0zNDM2M2JjN2M0YzAiOnsiZGVsZXRlIjo2MDAwMDAwMDAwMDB9fQ=="
        }
      ]
    },
    {
      "mode": "managed",
      "type": "openstack_networking_secgroup_v2",
      "name": "cluster_vault_sg",
      "provider": "provider[\"registry.terraform.io/terraform-provider-openstack/openstack\"]",
      "instances": [
        {
          "schema_version": 0,
          "attributes": {
            "all_tags": [],
            "delete_default_rules": null,
            "description": "Security group for HashiCorp Vault",
            "id": "0c72bfad-c8d0-4aa6-a8dd-f4776f40f3a5",
            "name": "cluster-vault-sg",
            "region": "RegionOne",
            "tags": [],
            "tenant_id": "b43e7f1d24f347ea9a0da898471e37d0",
            "timeouts": null
          },
          "sensitive_attributes": [],
          "identity_schema_version": 0,
          "private": "eyJlMmJmYjczMC1lY2FhLTExZTYtOGY4OC0zNDM2M2JjN2M0YzAiOnsiZGVsZXRlIjo2MDAwMDAwMDAwMDB9fQ=="
        }
      ]
    },
    {
      "mode": "managed",
      "type": "openstack_networking_secgroup_v2",
      "name": "gitlab_sg",
      "provider": "provider[\"registry.terraform.io/terraform-provider-openstack/openstack\"]",
      "instances": [
        {
          "schema_version": 0,
          "attributes": {
            "all_tags": [],
            "delete_default_rules": null,
            "description": "",
            "id": "7d673337-81d8-4d98-9578-e66992689e8c",
            "name": "gitlab-sg",
            "region": "RegionOne",
            "tags": [],
            "tenant_id": "b43e7f1d24f347ea9a0da898471e37d0",
            "timeouts": null
          },
          "sensitive_attributes": [],
          "identity_schema_version": 0,
          "private": "eyJlMmJmYjczMC1lY2FhLTExZTYtOGY4OC0zNDM2M2JjN2M0YzAiOnsiZGVsZXRlIjo2MDAwMDAwMDAwMDB9fQ=="
        }
      ]
    },
    {
      "mode": "managed",
      "type": "openstack_networking_secgroup_v2",
      "name": "internal_sg",
      "provider": "provider[\"registry.terraform.io/terraform-provider-openstack/openstack\"]",
      "instances": [
        {
          "schema_version": 0,
          "attributes": {
            "all_tags": [],
            "delete_default_rules": null,
            "description": "Provide shared access to the vms e.g ssh from the jump box",
            "id": "c64f5ed0-7888-4e45-bb2f-3050782dfc09",
            "name": "internal-sg",
            "region": "RegionOne",
            "tags": [],
            "tenant_id": "b43e7f1d24f347ea9a0da898471e37d0",
            "timeouts": null
          },
          "sensitive_attributes": [],
          "identity_schema_version": 0,
          "private": "eyJlMmJmYjczMC1lY2FhLTExZTYtOGY4OC0zNDM2M2JjN2M0YzAiOnsiZGVsZXRlIjo2MDAwMDAwMDAwMDB9fQ=="
        }
      ]
    },
    {
      "mode": "managed",
      "type": "openstack_networking_secgroup_v2",
      "name": "k3s_internal",
      "provider": "provider[\"registry.terraform.io/terraform-provider-openstack/openstack\"]",
      "instances": [
        {
          "schema_version": 0,
          "attributes": {
            "all_tags": [],
            "delete_default_rules": null,
            "description": "Internal cluster communication for Cilium and K3s",
            "id": "8b4a2bd2-9b1a-488d-8da0-c35b45bc1538",
            "name": "k3s-internal-sg",
            "region": "RegionOne",
            "tags": [],
            "tenant_id": "b43e7f1d24f347ea9a0da898471e37d0",
            "timeouts": null
          },
          "sensitive_attributes": [],
          "identity_schema_version": 0,
          "private": "eyJlMmJmYjczMC1lY2FhLTExZTYtOGY4OC0zNDM2M2JjN2M0YzAiOnsiZGVsZXRlIjo2MDAwMDAwMDAwMDB9fQ=="
        }
      ]
    },
    {
      "mode": "managed",
      "type": "openstack_networking_secgroup_v2",
      "name": "mgmt_vault_sg",
      "provider": "provider[\"registry.terraform.io/terraform-provider-openstack/openstack\"]",
      "instances": [
        {
          "schema_version": 0,
          "attributes": {
            "all_tags": [],
            "delete_default_rules": null,
            "description": "Security group for the Transit Auto-Unseal Vault",
            "id": "3e11de2f-c135-4baf-aa15-f775e4cef505",
            "name": "mgmt-vault-sg",
            "region": "RegionOne",
            "tags": [],
            "tenant_id": "b43e7f1d24f347ea9a0da898471e37d0",
            "timeouts": null
          },
          "sensitive_attributes": [],
          "identity_schema_version": 0,
          "private": "eyJlMmJmYjczMC1lY2FhLTExZTYtOGY4OC0zNDM2M2JjN2M0YzAiOnsiZGVsZXRlIjo2MDAwMDAwMDAwMDB9fQ=="
        }
      ]
    },
    {
      "mode": "managed",
      "type": "openstack_networking_secgroup_v2",
      "name": "seaweedfs_sg",
      "provider": "provider[\"registry.terraform.io/terraform-provider-openstack/openstack\"]",
      "instances": [
        {
          "schema_version": 0,
          "attributes": {
            "all_tags": [],
            "delete_default_rules": null,
            "description": "Security group for the the object storage (s3)",
            "id": "dc8be9f2-a04e-406a-81cd-0ffb9f8e9942",
            "name": "seaweedfs-sg",
            "region": "RegionOne",
            "tags": [],
            "tenant_id": "b43e7f1d24f347ea9a0da898471e37d0",
            "timeouts": null
          },
          "sensitive_attributes": [],
          "identity_schema_version": 0,
          "private": "eyJlMmJmYjczMC1lY2FhLTExZTYtOGY4OC0zNDM2M2JjN2M0YzAiOnsiZGVsZXRlIjo2MDAwMDAwMDAwMDB9fQ=="
        }
      ]
    },
    {
      "mode": "managed",
      "type": "openstack_networking_subnet_v2",
      "name": "data_subnet",
      "provider": "provider[\"registry.terraform.io/terraform-provider-openstack/openstack\"]",
      "instances": [
        {
          "schema_version": 0,
          "attributes": {
            "all_tags": [],
            "allocation_pool": [
              {
                "end": "10.10.20.254",
                "start": "10.10.20.2"
              }
            ],
            "allocation_pools": [
              {
                "end": "10.10.20.254",
                "start": "10.10.20.2"
              }
            ],
            "cidr": "10.10.20.0/24",
            "description": "",
            "dns_nameservers": [],
            "enable_dhcp": true,
            "gateway_ip": "10.10.20.1",
            "host_routes": [],
            "id": "357130fa-de9f-4610-94f2-5be9dde44883",
            "ip_version": 4,
            "ipv6_address_mode": "",
            "ipv6_ra_mode": "",
            "name": "data_subnet",
            "network_id": "dd65cf1b-b518-405e-8de4-faa56e749bef",
            "no_gateway": false,
            "prefix_length": null,
            "region": "RegionOne",
            "service_types": [],
            "subnetpool_id": "",
            "tags": [],
            "tenant_id": "b43e7f1d24f347ea9a0da898471e37d0",
            "timeouts": null,
            "value_specs": null
          },
          "sensitive_attributes": [],
          "identity_schema_version": 0,
          "private": "eyJlMmJmYjczMC1lY2FhLTExZTYtOGY4OC0zNDM2M2JjN2M0YzAiOnsiY3JlYXRlIjo2MDAwMDAwMDAwMDAsImRlbGV0ZSI6NjAwMDAwMDAwMDAwfX0=",
          "dependencies": [
            "openstack_networking_network_v2.data_net"
          ]
        }
      ]
    },
    {
      "mode": "managed",
      "type": "openstack_networking_subnet_v2",
      "name": "k3s_subnet",
      "provider": "provider[\"registry.terraform.io/terraform-provider-openstack/openstack\"]",
      "instances": [
        {
          "schema_version": 0,
          "attributes": {
            "all_tags": [],
            "allocation_pool": [
              {
                "end": "10.10.40.254",
                "start": "10.10.40.2"
              }
            ],
            "allocation_pools": [
              {
                "end": "10.10.40.254",
                "start": "10.10.40.2"
              }
            ],
            "cidr": "10.10.40.0/24",
            "description": "",
            "dns_nameservers": [],
            "enable_dhcp": true,
            "gateway_ip": "10.10.40.1",
            "host_routes": [],
            "id": "c45904aa-1ec9-44c3-8776-634c0e8eea34",
            "ip_version": 4,
            "ipv6_address_mode": "",
            "ipv6_ra_mode": "",
            "name": "service_subnet",
            "network_id": "511fe99b-740f-413b-87c9-2ddf542d271d",
            "no_gateway": false,
            "prefix_length": null,
            "region": "RegionOne",
            "service_types": [],
            "subnetpool_id": "",
            "tags": [],
            "tenant_id": "b43e7f1d24f347ea9a0da898471e37d0",
            "timeouts": null,
            "value_specs": null
          },
          "sensitive_attributes": [],
          "identity_schema_version": 0,
          "private": "eyJlMmJmYjczMC1lY2FhLTExZTYtOGY4OC0zNDM2M2JjN2M0YzAiOnsiY3JlYXRlIjo2MDAwMDAwMDAwMDAsImRlbGV0ZSI6NjAwMDAwMDAwMDAwfX0=",
          "dependencies": [
            "openstack_networking_network_v2.k3s_net"
          ]
        }
      ]
    },
    {
      "mode": "managed",
      "type": "openstack_networking_subnet_v2",
      "name": "mgmt_subnet",
      "provider": "provider[\"registry.terraform.io/terraform-provider-openstack/openstack\"]",
      "instances": [
        {
          "schema_version": 0,
          "attributes": {
            "all_tags": [],
            "allocation_pool": [
              {
                "end": "10.10.10.254",
                "start": "10.10.10.2"
              }
            ],
            "allocation_pools": [
              {
                "end": "10.10.10.254",
                "start": "10.10.10.2"
              }
            ],
            "cidr": "10.10.10.0/24",
            "description": "",
            "dns_nameservers": [],
            "enable_dhcp": true,
            "gateway_ip": "10.10.10.1",
            "host_routes": [],
            "id": "ccc5f948-a7ef-4e60-b027-3744a613357f",
            "ip_version": 4,
            "ipv6_address_mode": "",
            "ipv6_ra_mode": "",
            "name": "mgmt_subnet",
            "network_id": "44eee9bc-bd3d-4b31-8949-ed66abf9cfce",
            "no_gateway": false,
            "prefix_length": null,
            "region": "RegionOne",
            "service_types": [],
            "subnetpool_id": "",
            "tags": [],
            "tenant_id": "b43e7f1d24f347ea9a0da898471e37d0",
            "timeouts": null,
            "value_specs": null
          },
          "sensitive_attributes": [],
          "identity_schema_version": 0,
          "private": "eyJlMmJmYjczMC1lY2FhLTExZTYtOGY4OC0zNDM2M2JjN2M0YzAiOnsiY3JlYXRlIjo2MDAwMDAwMDAwMDAsImRlbGV0ZSI6NjAwMDAwMDAwMDAwfX0=",
          "dependencies": [
            "openstack_networking_network_v2.mgmt_net"
          ]
        }
      ]
    },
    {
      "mode": "managed",
      "type": "openstack_networking_subnet_v2",
      "name": "public_subnet",
      "provider": "provider[\"registry.terraform.io/terraform-provider-openstack/openstack\"]",
      "instances": [
        {
          "schema_version": 0,
          "attributes": {
            "all_tags": [],
            "allocation_pool": [
              {
                "end": "172.16.20.120",
                "start": "172.16.20.5"
              }
            ],
            "allocation_pools": [
              {
                "end": "172.16.20.120",
                "start": "172.16.20.5"
              }
            ],
            "cidr": "172.16.20.0/24",
            "description": "",
            "dns_nameservers": [
              "172.16.20.1",
              "8.8.8.8",
              "1.1.1.1"
            ],
            "enable_dhcp": false,
            "gateway_ip": "172.16.20.1",
            "host_routes": [],
            "id": "ad875b10-a19d-41d3-a154-20ff62c9098b",
            "ip_version": 4,
            "ipv6_address_mode": "",
            "ipv6_ra_mode": "",
            "name": "public_subnet",
            "network_id": "ed7bc128-2074-4088-83d4-971d7c8c94b3",
            "no_gateway": false,
            "prefix_length": null,
            "region": "RegionOne",
            "service_types": [],
            "subnetpool_id": "",
            "tags": [],
            "tenant_id": "b43e7f1d24f347ea9a0da898471e37d0",
            "timeouts": null,
            "value_specs": null
          },
          "sensitive_attributes": [],
          "identity_schema_version": 0,
          "private": "eyJlMmJmYjczMC1lY2FhLTExZTYtOGY4OC0zNDM2M2JjN2M0YzAiOnsiY3JlYXRlIjo2MDAwMDAwMDAwMDAsImRlbGV0ZSI6NjAwMDAwMDAwMDAwfX0=",
          "dependencies": [
            "openstack_networking_network_v2.public_net"
          ]
        }
      ]
    },
    {
      "mode": "managed",
      "type": "openstack_networking_subnet_v2",
      "name": "service_subnet",
      "provider": "provider[\"registry.terraform.io/terraform-provider-openstack/openstack\"]",
      "instances": [
        {
          "schema_version": 0,
          "attributes": {
            "all_tags": [],
            "allocation_pool": [
              {
                "end": "10.10.30.254",
                "start": "10.10.30.2"
              }
            ],
            "allocation_pools": [
              {
                "end": "10.10.30.254",
                "start": "10.10.30.2"
              }
            ],
            "cidr": "10.10.30.0/24",
            "description": "",
            "dns_nameservers": [],
            "enable_dhcp": true,
            "gateway_ip": "10.10.30.1",
            "host_routes": [],
            "id": "5ece360c-2411-4eeb-b469-3a2d7d8b7cd1",
            "ip_version": 4,
            "ipv6_address_mode": "",
            "ipv6_ra_mode": "",
            "name": "k3s_subnet",
            "network_id": "984393c3-f31b-4dc9-8721-a26b06257fc8",
            "no_gateway": false,
            "prefix_length": null,
            "region": "RegionOne",
            "service_types": [],
            "subnetpool_id": "",
            "tags": [],
            "tenant_id": "b43e7f1d24f347ea9a0da898471e37d0",
            "timeouts": null,
            "value_specs": null
          },
          "sensitive_attributes": [],
          "identity_schema_version": 0,
          "private": "eyJlMmJmYjczMC1lY2FhLTExZTYtOGY4OC0zNDM2M2JjN2M0YzAiOnsiY3JlYXRlIjo2MDAwMDAwMDAwMDAsImRlbGV0ZSI6NjAwMDAwMDAwMDAwfX0=",
          "dependencies": [
            "openstack_networking_network_v2.service_net"
          ]
        }
      ]
    }
  ],
  "check_results": null
}
