{
  "version": 4,
  "terraform_version": "1.14.8",
  "serial": 35,
  "lineage": "41d1c99b-dfd8-0063-6312-fa21a6672e85",
  "outputs": {
    "jumpbox_ip": {
      "value": "172.16.20.65",
      "type": "string"
    }
  },
  "resources": [
    {
      "mode": "managed",
      "type": "openstack_compute_floatingip_associate_v2",
      "name": "fip_assoc",
      "provider": "provider[\"registry.terraform.io/terraform-provider-openstack/openstack\"]",
      "instances": [
        {
          "schema_version": 0,
          "attributes": {
            "fixed_ip": "",
            "floating_ip": "172.16.20.65",
            "id": "172.16.20.65/47bc0a3d-a073-4f1b-b064-987ca53fb60c/",
            "instance_id": "47bc0a3d-a073-4f1b-b064-987ca53fb60c",
            "region": "RegionOne",
            "timeouts": null,
            "wait_until_associated": null
          },
          "sensitive_attributes": [],
          "identity_schema_version": 0,
          "private": "eyJlMmJmYjczMC1lY2FhLTExZTYtOGY4OC0zNDM2M2JjN2M0YzAiOnsiY3JlYXRlIjo2MDAwMDAwMDAwMDB9fQ==",
          "dependencies": [
            "openstack_compute_instance_v2.jumpbox",
            "openstack_compute_keypair_v2.management_key",
            "openstack_networking_floatingip_v2.fip_jump",
            "openstack_networking_network_v2.mgmt_net",
            "openstack_networking_secgroup_v2.jumpbox_sg"
          ]
        }
      ]
    },
    {
      "mode": "managed",
      "type": "openstack_compute_instance_v2",
      "name": "jumpbox",
      "provider": "provider[\"registry.terraform.io/terraform-provider-openstack/openstack\"]",
      "instances": [
        {
          "schema_version": 0,
          "attributes": {
            "access_ip_v4": "10.10.10.171",
            "access_ip_v6": "",
            "admin_pass": null,
            "all_metadata": {},
            "all_tags": [],
            "availability_zone": "nova",
            "availability_zone_hints": null,
            "block_device": [],
            "config_drive": null,
            "created": "2026-04-17 06:13:43 +0000 UTC",
            "flavor_id": "bdaa65a5-9f11-495e-8751-645793fb681c",
            "flavor_name": "standard.micro",
            "floating_ip": null,
            "force_delete": false,
            "id": "47bc0a3d-a073-4f1b-b064-987ca53fb60c",
            "image_id": "e46293b4-bdc6-419c-9150-e7d0edb767e5",
            "image_name": "Ubuntu-24.04-Minimal",
            "key_pair": "root-cluster-key",
            "metadata": null,
            "name": "jumpbox",
            "network": [
              {
                "access_network": false,
                "fixed_ip_v4": "10.10.10.171",
                "fixed_ip_v6": "",
                "floating_ip": "",
                "mac": "fa:16:3e:ce:0d:56",
                "name": "mgmt_private_net",
                "port": "",
                "uuid": "d773ea36-7e65-4bb4-8736-2bdcc9d5eede"
              }
            ],
            "network_mode": null,
            "personality": [],
            "power_state": "active",
            "region": "RegionOne",
            "scheduler_hints": [],
            "security_groups": [
              "jumpbox-sg"
            ],
            "stop_before_destroy": false,
            "tags": [],
            "timeouts": null,
            "updated": "2026-04-17 06:14:07 +0000 UTC",
            "user_data": null,
            "vendor_options": [],
            "volume": []
          },
          "sensitive_attributes": [
            [
              {
                "type": "get_attr",
                "value": "admin_pass"
              }
            ]
          ],
          "identity_schema_version": 0,
          "private": "eyJlMmJmYjczMC1lY2FhLTExZTYtOGY4OC0zNDM2M2JjN2M0YzAiOnsiY3JlYXRlIjoxODAwMDAwMDAwMDAwLCJkZWxldGUiOjE4MDAwMDAwMDAwMDAsInVwZGF0ZSI6MTgwMDAwMDAwMDAwMH19",
          "dependencies": [
            "openstack_compute_keypair_v2.management_key",
            "openstack_networking_network_v2.mgmt_net",
            "openstack_networking_secgroup_v2.jumpbox_sg"
          ]
        }
      ]
    },
    {
      "mode": "managed",
      "type": "openstack_compute_keypair_v2",
      "name": "management_key",
      "provider": "provider[\"registry.terraform.io/terraform-provider-openstack/openstack\"]",
      "instances": [
        {
          "schema_version": 0,
          "attributes": {
            "fingerprint": "b2:43:02:a9:36:f1:8a:ac:99:ce:ff:dc:8c:04:01:7f",
            "id": "root-cluster-key",
            "name": "root-cluster-key",
            "private_key": "",
            "public_key": "ssh-ed25519 AAAAC3NzaC1lZDI1NTE5AAAAIIrxMWhek9LvyvqbIuMrqsi6ok7tRclNOgAAdCZSZj7i antiamoah890@Fedora-workstation.lan\n",
            "region": "RegionOne",
            "user_id": "",
            "value_specs": null
          },
          "sensitive_attributes": [
            [
              {
                "type": "get_attr",
                "value": "private_key"
              }
            ]
          ],
          "identity_schema_version": 0,
          "private": "bnVsbA=="
        }
      ]
    },
    {
      "mode": "managed",
      "type": "openstack_networking_floatingip_v2",
      "name": "fip_jump",
      "provider": "provider[\"registry.terraform.io/terraform-provider-openstack/openstack\"]",
      "instances": [
        {
          "schema_version": 0,
          "attributes": {
            "address": "172.16.20.65",
            "all_tags": [],
            "description": "",
            "dns_domain": "",
            "dns_name": "",
            "fixed_ip": "",
            "id": "84b5d81d-cc60-41da-bfe5-2b7ea5f3d9e1",
            "pool": "public",
            "port_id": "",
            "region": "RegionOne",
            "subnet_id": null,
            "subnet_ids": null,
            "tags": null,
            "tenant_id": "b43e7f1d24f347ea9a0da898471e37d0",
            "timeouts": null,
            "value_specs": null
          },
          "sensitive_attributes": [],
          "identity_schema_version": 0,
          "private": "eyJlMmJmYjczMC1lY2FhLTExZTYtOGY4OC0zNDM2M2JjN2M0YzAiOnsiY3JlYXRlIjo2MDAwMDAwMDAwMDAsImRlbGV0ZSI6NjAwMDAwMDAwMDAwfX0="
        }
      ]
    },
    {
      "mode": "managed",
      "type": "openstack_networking_network_v2",
      "name": "data_net",
      "provider": "provider[\"registry.terraform.io/terraform-provider-openstack/openstack\"]",
      "instances": [
        {
          "schema_version": 0,
          "attributes": {
            "admin_state_up": true,
            "all_tags": [],
            "availability_zone_hints": [],
            "description": "",
            "dns_domain": "",
            "external": false,
            "id": "8c963ad7-af7f-4793-8b70-318ec0908d43",
            "mtu": 1450,
            "name": "data_private_net",
            "port_security_enabled": true,
            "qos_policy_id": "",
            "region": "RegionOne",
            "segments": [
              {
                "network_type": "vxlan",
                "physical_network": "",
                "segmentation_id": 470
              }
            ],
            "shared": false,
            "tags": [],
            "tenant_id": "b43e7f1d24f347ea9a0da898471e37d0",
            "timeouts": null,
            "transparent_vlan": false,
            "value_specs": null
          },
          "sensitive_attributes": [],
          "identity_schema_version": 0,
          "private": "eyJlMmJmYjczMC1lY2FhLTExZTYtOGY4OC0zNDM2M2JjN2M0YzAiOnsiY3JlYXRlIjo2MDAwMDAwMDAwMDAsImRlbGV0ZSI6NjAwMDAwMDAwMDAwfX0="
        }
      ]
    },
    {
      "mode": "managed",
      "type": "openstack_networking_network_v2",
      "name": "k3s_net",
      "provider": "provider[\"registry.terraform.io/terraform-provider-openstack/openstack\"]",
      "instances": [
        {
          "schema_version": 0,
          "attributes": {
            "admin_state_up": true,
            "all_tags": [],
            "availability_zone_hints": [],
            "description": "",
            "dns_domain": "",
            "external": false,
            "id": "dfb559d0-69cf-401c-bbb0-cf8aa590ac36",
            "mtu": 1450,
            "name": "k3s_private_net",
            "port_security_enabled": true,
            "qos_policy_id": "",
            "region": "RegionOne",
            "segments": [
              {
                "network_type": "vxlan",
                "physical_network": "",
                "segmentation_id": 612
              }
            ],
            "shared": false,
            "tags": [],
            "tenant_id": "b43e7f1d24f347ea9a0da898471e37d0",
            "timeouts": null,
            "transparent_vlan": false,
            "value_specs": null
          },
          "sensitive_attributes": [],
          "identity_schema_version": 0,
          "private": "eyJlMmJmYjczMC1lY2FhLTExZTYtOGY4OC0zNDM2M2JjN2M0YzAiOnsiY3JlYXRlIjo2MDAwMDAwMDAwMDAsImRlbGV0ZSI6NjAwMDAwMDAwMDAwfX0="
        }
      ]
    },
    {
      "mode": "managed",
      "type": "openstack_networking_network_v2",
      "name": "mgmt_net",
      "provider": "provider[\"registry.terraform.io/terraform-provider-openstack/openstack\"]",
      "instances": [
        {
          "schema_version": 0,
          "attributes": {
            "admin_state_up": true,
            "all_tags": [],
            "availability_zone_hints": [],
            "description": "",
            "dns_domain": "",
            "external": false,
            "id": "d773ea36-7e65-4bb4-8736-2bdcc9d5eede",
            "mtu": 1450,
            "name": "mgmt_private_net",
            "port_security_enabled": true,
            "qos_policy_id": "",
            "region": "RegionOne",
            "segments": [
              {
                "network_type": "vxlan",
                "physical_network": "",
                "segmentation_id": 259
              }
            ],
            "shared": false,
            "tags": [],
            "tenant_id": "b43e7f1d24f347ea9a0da898471e37d0",
            "timeouts": null,
            "transparent_vlan": false,
            "value_specs": null
          },
          "sensitive_attributes": [],
          "identity_schema_version": 0,
          "private": "eyJlMmJmYjczMC1lY2FhLTExZTYtOGY4OC0zNDM2M2JjN2M0YzAiOnsiY3JlYXRlIjo2MDAwMDAwMDAwMDAsImRlbGV0ZSI6NjAwMDAwMDAwMDAwfX0="
        }
      ]
    },
    {
      "mode": "managed",
      "type": "openstack_networking_network_v2",
      "name": "public_net",
      "provider": "provider[\"registry.terraform.io/terraform-provider-openstack/openstack\"]",
      "instances": [
        {
          "schema_version": 0,
          "attributes": {
            "admin_state_up": true,
            "all_tags": [],
            "availability_zone_hints": [],
            "description": "",
            "dns_domain": "",
            "external": true,
            "id": "3bcde90e-8539-454d-9efb-22699ae5c8a3",
            "mtu": 1500,
            "name": "public",
            "port_security_enabled": true,
            "qos_policy_id": "",
            "region": "RegionOne",
            "segments": [
              {
                "network_type": "vlan",
                "physical_network": "physnet1",
                "segmentation_id": 20
              }
            ],
            "shared": true,
            "tags": [],
            "tenant_id": "b43e7f1d24f347ea9a0da898471e37d0",
            "timeouts": null,
            "transparent_vlan": false,
            "value_specs": null
          },
          "sensitive_attributes": [],
          "identity_schema_version": 0,
          "private": "eyJlMmJmYjczMC1lY2FhLTExZTYtOGY4OC0zNDM2M2JjN2M0YzAiOnsiY3JlYXRlIjo2MDAwMDAwMDAwMDAsImRlbGV0ZSI6NjAwMDAwMDAwMDAwfX0="
        }
      ]
    },
    {
      "mode": "managed",
      "type": "openstack_networking_router_interface_v2",
      "name": "data_itf",
      "provider": "provider[\"registry.terraform.io/terraform-provider-openstack/openstack\"]",
      "instances": [
        {
          "schema_version": 0,
          "attributes": {
            "force_destroy": false,
            "id": "25d96560-7a94-4111-9f56-b495cc052171",
            "port_id": "25d96560-7a94-4111-9f56-b495cc052171",
            "region": "RegionOne",
            "router_id": "7f943fa1-b1de-4c3a-a1db-b85c4cca0f48",
            "subnet_id": "b4586ea7-9cbc-4069-892d-d912f793ff44",
            "timeouts": null
          },
          "sensitive_attributes": [],
          "identity_schema_version": 0,
          "private": "eyJlMmJmYjczMC1lY2FhLTExZTYtOGY4OC0zNDM2M2JjN2M0YzAiOnsiY3JlYXRlIjo2MDAwMDAwMDAwMDAsImRlbGV0ZSI6NjAwMDAwMDAwMDAwfX0=",
          "dependencies": [
            "openstack_networking_network_v2.data_net",
            "openstack_networking_network_v2.public_net",
            "openstack_networking_router_v2.vpc_router",
            "openstack_networking_subnet_v2.data_subnet"
          ]
        }
      ]
    },
    {
      "mode": "managed",
      "type": "openstack_networking_router_interface_v2",
      "name": "k3s_itf",
      "provider": "provider[\"registry.terraform.io/terraform-provider-openstack/openstack\"]",
      "instances": [
        {
          "schema_version": 0,
          "attributes": {
            "force_destroy": false,
            "id": "12ab90c0-c03c-4f3b-a522-5237680e9b8f",
            "port_id": "12ab90c0-c03c-4f3b-a522-5237680e9b8f",
            "region": "RegionOne",
            "router_id": "7f943fa1-b1de-4c3a-a1db-b85c4cca0f48",
            "subnet_id": "5cd634f2-e192-4af5-9fad-c662441df4d5",
            "timeouts": null
          },
          "sensitive_attributes": [],
          "identity_schema_version": 0,
          "private": "eyJlMmJmYjczMC1lY2FhLTExZTYtOGY4OC0zNDM2M2JjN2M0YzAiOnsiY3JlYXRlIjo2MDAwMDAwMDAwMDAsImRlbGV0ZSI6NjAwMDAwMDAwMDAwfX0=",
          "dependencies": [
            "openstack_networking_network_v2.k3s_net",
            "openstack_networking_network_v2.public_net",
            "openstack_networking_router_v2.vpc_router",
            "openstack_networking_subnet_v2.k3s_subnet"
          ]
        }
      ]
    },
    {
      "mode": "managed",
      "type": "openstack_networking_router_interface_v2",
      "name": "mgmt_itf",
      "provider": "provider[\"registry.terraform.io/terraform-provider-openstack/openstack\"]",
      "instances": [
        {
          "schema_version": 0,
          "attributes": {
            "force_destroy": false,
            "id": "08e3b8b2-b7b4-4b0f-ad05-de6a87e88b55",
            "port_id": "08e3b8b2-b7b4-4b0f-ad05-de6a87e88b55",
            "region": "RegionOne",
            "router_id": "7f943fa1-b1de-4c3a-a1db-b85c4cca0f48",
            "subnet_id": "84bf5cb8-8642-4cd5-b300-d47227bb839b",
            "timeouts": null
          },
          "sensitive_attributes": [],
          "identity_schema_version": 0,
          "private": "eyJlMmJmYjczMC1lY2FhLTExZTYtOGY4OC0zNDM2M2JjN2M0YzAiOnsiY3JlYXRlIjo2MDAwMDAwMDAwMDAsImRlbGV0ZSI6NjAwMDAwMDAwMDAwfX0=",
          "dependencies": [
            "openstack_networking_network_v2.mgmt_net",
            "openstack_networking_network_v2.public_net",
            "openstack_networking_router_v2.vpc_router",
            "openstack_networking_subnet_v2.mgmt_subnet"
          ]
        }
      ]
    },
    {
      "mode": "managed",
      "type": "openstack_networking_router_v2",
      "name": "vpc_router",
      "provider": "provider[\"registry.terraform.io/terraform-provider-openstack/openstack\"]",
      "instances": [
        {
          "schema_version": 0,
          "attributes": {
            "admin_state_up": true,
            "all_tags": [],
            "availability_zone_hints": [],
            "description": "",
            "distributed": false,
            "enable_snat": true,
            "external_fixed_ip": [],
            "external_gateway": "3bcde90e-8539-454d-9efb-22699ae5c8a3",
            "external_network_id": "3bcde90e-8539-454d-9efb-22699ae5c8a3",
            "external_subnet_ids": null,
            "id": "7f943fa1-b1de-4c3a-a1db-b85c4cca0f48",
            "name": "vpc_router",
            "region": "RegionOne",
            "tags": [],
            "tenant_id": "b43e7f1d24f347ea9a0da898471e37d0",
            "timeouts": null,
            "value_specs": null,
            "vendor_options": []
          },
          "sensitive_attributes": [],
          "identity_schema_version": 0,
          "private": "eyJlMmJmYjczMC1lY2FhLTExZTYtOGY4OC0zNDM2M2JjN2M0YzAiOnsiY3JlYXRlIjo2MDAwMDAwMDAwMDAsImRlbGV0ZSI6NjAwMDAwMDAwMDAwfX0=",
          "dependencies": [
            "openstack_networking_network_v2.public_net"
          ]
        }
      ]
    },
    {
      "mode": "managed",
      "type": "openstack_networking_secgroup_rule_v2",
      "name": "seaweed_s3",
      "provider": "provider[\"registry.terraform.io/terraform-provider-openstack/openstack\"]",
      "instances": [
        {
          "schema_version": 0,
          "attributes": {
            "description": "",
            "direction": "ingress",
            "ethertype": "IPv4",
            "id": "754258df-c857-4aef-9422-d909938db5f3",
            "port_range_max": 8333,
            "port_range_min": 8333,
            "protocol": "tcp",
            "region": "RegionOne",
            "remote_group_id": "",
            "remote_ip_prefix": "10.0.0.0/16",
            "security_group_id": "6b0e5e8e-a492-4651-99d6-cb4ad2dc5ee8",
            "tenant_id": "b43e7f1d24f347ea9a0da898471e37d0",
            "timeouts": null
          },
          "sensitive_attributes": [],
          "identity_schema_version": 0,
          "private": "eyJlMmJmYjczMC1lY2FhLTExZTYtOGY4OC0zNDM2M2JjN2M0YzAiOnsiZGVsZXRlIjo2MDAwMDAwMDAwMDB9fQ==",
          "dependencies": [
            "openstack_networking_secgroup_v2.internal_sg"
          ]
        }
      ]
    },
    {
      "mode": "managed",
      "type": "openstack_networking_secgroup_rule_v2",
      "name": "ssh_ext",
      "provider": "provider[\"registry.terraform.io/terraform-provider-openstack/openstack\"]",
      "instances": [
        {
          "schema_version": 0,
          "attributes": {
            "description": "",
            "direction": "ingress",
            "ethertype": "IPv4",
            "id": "46c8258a-0b2f-4652-8147-82581bb4feb1",
            "port_range_max": 22,
            "port_range_min": 22,
            "protocol": "tcp",
            "region": "RegionOne",
            "remote_group_id": "",
            "remote_ip_prefix": "172.16.0.0/16",
            "security_group_id": "8435b4c5-6687-41f0-a019-91770d20efc6",
            "tenant_id": "b43e7f1d24f347ea9a0da898471e37d0",
            "timeouts": null
          },
          "sensitive_attributes": [],
          "identity_schema_version": 0,
          "private": "eyJlMmJmYjczMC1lY2FhLTExZTYtOGY4OC0zNDM2M2JjN2M0YzAiOnsiZGVsZXRlIjo2MDAwMDAwMDAwMDB9fQ==",
          "dependencies": [
            "openstack_networking_secgroup_v2.jumpbox_sg"
          ]
        }
      ]
    },
    {
      "mode": "managed",
      "type": "openstack_networking_secgroup_rule_v2",
      "name": "ssh_from_jump",
      "provider": "provider[\"registry.terraform.io/terraform-provider-openstack/openstack\"]",
      "instances": [
        {
          "schema_version": 0,
          "attributes": {
            "description": "",
            "direction": "ingress",
            "ethertype": "IPv4",
            "id": "138d2c72-4d78-4443-95a1-024dad856e1b",
            "port_range_max": 22,
            "port_range_min": 22,
            "protocol": "tcp",
            "region": "RegionOne",
            "remote_group_id": "8435b4c5-6687-41f0-a019-91770d20efc6",
            "remote_ip_prefix": "",
            "security_group_id": "6b0e5e8e-a492-4651-99d6-cb4ad2dc5ee8",
            "tenant_id": "b43e7f1d24f347ea9a0da898471e37d0",
            "timeouts": null
          },
          "sensitive_attributes": [],
          "identity_schema_version": 0,
          "private": "eyJlMmJmYjczMC1lY2FhLTExZTYtOGY4OC0zNDM2M2JjN2M0YzAiOnsiZGVsZXRlIjo2MDAwMDAwMDAwMDB9fQ==",
          "dependencies": [
            "openstack_networking_secgroup_v2.internal_sg",
            "openstack_networking_secgroup_v2.jumpbox_sg"
          ]
        }
      ]
    },
    {
      "mode": "managed",
      "type": "openstack_networking_secgroup_v2",
      "name": "internal_sg",
      "provider": "provider[\"registry.terraform.io/terraform-provider-openstack/openstack\"]",
      "instances": [
        {
          "schema_version": 0,
          "attributes": {
            "all_tags": [],
            "delete_default_rules": null,
            "description": "",
            "id": "6b0e5e8e-a492-4651-99d6-cb4ad2dc5ee8",
            "name": "internal-sg",
            "region": "RegionOne",
            "tags": [],
            "tenant_id": "b43e7f1d24f347ea9a0da898471e37d0",
            "timeouts": null
          },
          "sensitive_attributes": [],
          "identity_schema_version": 0,
          "private": "eyJlMmJmYjczMC1lY2FhLTExZTYtOGY4OC0zNDM2M2JjN2M0YzAiOnsiZGVsZXRlIjo2MDAwMDAwMDAwMDB9fQ=="
        }
      ]
    },
    {
      "mode": "managed",
      "type": "openstack_networking_secgroup_v2",
      "name": "jumpbox_sg",
      "provider": "provider[\"registry.terraform.io/terraform-provider-openstack/openstack\"]",
      "instances": [
        {
          "schema_version": 0,
          "attributes": {
            "all_tags": [],
            "delete_default_rules": null,
            "description": "",
            "id": "8435b4c5-6687-41f0-a019-91770d20efc6",
            "name": "jumpbox-sg",
            "region": "RegionOne",
            "tags": [],
            "tenant_id": "b43e7f1d24f347ea9a0da898471e37d0",
            "timeouts": null
          },
          "sensitive_attributes": [],
          "identity_schema_version": 0,
          "private": "eyJlMmJmYjczMC1lY2FhLTExZTYtOGY4OC0zNDM2M2JjN2M0YzAiOnsiZGVsZXRlIjo2MDAwMDAwMDAwMDB9fQ=="
        }
      ]
    },
    {
      "mode": "managed",
      "type": "openstack_networking_subnet_v2",
      "name": "data_subnet",
      "provider": "provider[\"registry.terraform.io/terraform-provider-openstack/openstack\"]",
      "instances": [
        {
          "schema_version": 0,
          "attributes": {
            "all_tags": [],
            "allocation_pool": [
              {
                "end": "10.10.20.254",
                "start": "10.10.20.2"
              }
            ],
            "allocation_pools": [
              {
                "end": "10.10.20.254",
                "start": "10.10.20.2"
              }
            ],
            "cidr": "10.10.20.0/24",
            "description": "",
            "dns_nameservers": [],
            "enable_dhcp": true,
            "gateway_ip": "10.10.20.1",
            "host_routes": [],
            "id": "b4586ea7-9cbc-4069-892d-d912f793ff44",
            "ip_version": 4,
            "ipv6_address_mode": "",
            "ipv6_ra_mode": "",
            "name": "",
            "network_id": "8c963ad7-af7f-4793-8b70-318ec0908d43",
            "no_gateway": false,
            "prefix_length": null,
            "region": "RegionOne",
            "service_types": [],
            "subnetpool_id": "",
            "tags": [],
            "tenant_id": "b43e7f1d24f347ea9a0da898471e37d0",
            "timeouts": null,
            "value_specs": null
          },
          "sensitive_attributes": [],
          "identity_schema_version": 0,
          "private": "eyJlMmJmYjczMC1lY2FhLTExZTYtOGY4OC0zNDM2M2JjN2M0YzAiOnsiY3JlYXRlIjo2MDAwMDAwMDAwMDAsImRlbGV0ZSI6NjAwMDAwMDAwMDAwfX0=",
          "dependencies": [
            "openstack_networking_network_v2.data_net"
          ]
        }
      ]
    },
    {
      "mode": "managed",
      "type": "openstack_networking_subnet_v2",
      "name": "k3s_subnet",
      "provider": "provider[\"registry.terraform.io/terraform-provider-openstack/openstack\"]",
      "instances": [
        {
          "schema_version": 0,
          "attributes": {
            "all_tags": [],
            "allocation_pool": [
              {
                "end": "10.10.30.254",
                "start": "10.10.30.2"
              }
            ],
            "allocation_pools": [
              {
                "end": "10.10.30.254",
                "start": "10.10.30.2"
              }
            ],
            "cidr": "10.10.30.0/24",
            "description": "",
            "dns_nameservers": [],
            "enable_dhcp": true,
            "gateway_ip": "10.10.30.1",
            "host_routes": [],
            "id": "5cd634f2-e192-4af5-9fad-c662441df4d5",
            "ip_version": 4,
            "ipv6_address_mode": "",
            "ipv6_ra_mode": "",
            "name": "",
            "network_id": "dfb559d0-69cf-401c-bbb0-cf8aa590ac36",
            "no_gateway": false,
            "prefix_length": null,
            "region": "RegionOne",
            "service_types": [],
            "subnetpool_id": "",
            "tags": [],
            "tenant_id": "b43e7f1d24f347ea9a0da898471e37d0",
            "timeouts": null,
            "value_specs": null
          },
          "sensitive_attributes": [],
          "identity_schema_version": 0,
          "private": "eyJlMmJmYjczMC1lY2FhLTExZTYtOGY4OC0zNDM2M2JjN2M0YzAiOnsiY3JlYXRlIjo2MDAwMDAwMDAwMDAsImRlbGV0ZSI6NjAwMDAwMDAwMDAwfX0=",
          "dependencies": [
            "openstack_networking_network_v2.k3s_net"
          ]
        }
      ]
    },
    {
      "mode": "managed",
      "type": "openstack_networking_subnet_v2",
      "name": "mgmt_subnet",
      "provider": "provider[\"registry.terraform.io/terraform-provider-openstack/openstack\"]",
      "instances": [
        {
          "schema_version": 0,
          "attributes": {
            "all_tags": [],
            "allocation_pool": [
              {
                "end": "10.10.10.254",
                "start": "10.10.10.2"
              }
            ],
            "allocation_pools": [
              {
                "end": "10.10.10.254",
                "start": "10.10.10.2"
              }
            ],
            "cidr": "10.10.10.0/24",
            "description": "",
            "dns_nameservers": [],
            "enable_dhcp": true,
            "gateway_ip": "10.10.10.1",
            "host_routes": [],
            "id": "84bf5cb8-8642-4cd5-b300-d47227bb839b",
            "ip_version": 4,
            "ipv6_address_mode": "",
            "ipv6_ra_mode": "",
            "name": "",
            "network_id": "d773ea36-7e65-4bb4-8736-2bdcc9d5eede",
            "no_gateway": false,
            "prefix_length": null,
            "region": "RegionOne",
            "service_types": [],
            "subnetpool_id": "",
            "tags": [],
            "tenant_id": "b43e7f1d24f347ea9a0da898471e37d0",
            "timeouts": null,
            "value_specs": null
          },
          "sensitive_attributes": [],
          "identity_schema_version": 0,
          "private": "eyJlMmJmYjczMC1lY2FhLTExZTYtOGY4OC0zNDM2M2JjN2M0YzAiOnsiY3JlYXRlIjo2MDAwMDAwMDAwMDAsImRlbGV0ZSI6NjAwMDAwMDAwMDAwfX0=",
          "dependencies": [
            "openstack_networking_network_v2.mgmt_net"
          ]
        }
      ]
    },
    {
      "mode": "managed",
      "type": "openstack_networking_subnet_v2",
      "name": "public_subnet",
      "provider": "provider[\"registry.terraform.io/terraform-provider-openstack/openstack\"]",
      "instances": [
        {
          "schema_version": 0,
          "attributes": {
            "all_tags": [],
            "allocation_pool": [
              {
                "end": "172.16.20.120",
                "start": "172.16.20.5"
              }
            ],
            "allocation_pools": [
              {
                "end": "172.16.20.120",
                "start": "172.16.20.5"
              }
            ],
            "cidr": "172.16.20.0/24",
            "description": "",
            "dns_nameservers": [
              "172.16.20.1",
              "8.8.8.8",
              "1.1.1.1"
            ],
            "enable_dhcp": false,
            "gateway_ip": "172.16.20.1",
            "host_routes": [],
            "id": "d4c9356b-1b45-469c-83bf-65b67038ab82",
            "ip_version": 4,
            "ipv6_address_mode": "",
            "ipv6_ra_mode": "",
            "name": "public_subnet",
            "network_id": "3bcde90e-8539-454d-9efb-22699ae5c8a3",
            "no_gateway": false,
            "prefix_length": null,
            "region": "RegionOne",
            "service_types": [],
            "subnetpool_id": "",
            "tags": [],
            "tenant_id": "b43e7f1d24f347ea9a0da898471e37d0",
            "timeouts": null,
            "value_specs": null
          },
          "sensitive_attributes": [],
          "identity_schema_version": 0,
          "private": "eyJlMmJmYjczMC1lY2FhLTExZTYtOGY4OC0zNDM2M2JjN2M0YzAiOnsiY3JlYXRlIjo2MDAwMDAwMDAwMDAsImRlbGV0ZSI6NjAwMDAwMDAwMDAwfX0=",
          "dependencies": [
            "openstack_networking_network_v2.public_net"
          ]
        }
      ]
    }
  ],
  "check_results": null
}
