{
  "version": 4,
  "terraform_version": "1.14.9",
  "serial": 16,
  "lineage": "9f59cac0-fc59-ea33-95d4-dca5e155d8c4",
  "outputs": {
    "bastion_public_ip": {
      "value": "172.16.20.252",
      "type": "string"
    }
  },
  "resources": [
    {
      "mode": "data",
      "type": "openstack_networking_network_v2",
      "name": "mgmt_private_net",
      "provider": "provider[\"registry.terraform.io/terraform-provider-openstack/openstack\"]",
      "instances": [
        {
          "schema_version": 0,
          "attributes": {
            "admin_state_up": "true",
            "all_tags": [],
            "availability_zone_hints": [],
            "description": "",
            "dns_domain": "",
            "external": false,
            "id": "ca9b4064-76f8-4edc-af82-10f5bdc53661",
            "matching_subnet_cidr": null,
            "mtu": 1450,
            "name": "mgmt_private_net",
            "network_id": null,
            "region": "RegionOne",
            "segments": [
              {
                "network_type": "vxlan",
                "physical_network": "",
                "segmentation_id": 480
              }
            ],
            "shared": "false",
            "status": null,
            "subnets": [
              "b89be2b1-8af9-4e23-89fe-8bb175aafada"
            ],
            "tags": null,
            "tenant_id": "642500fa91d54f62accad19c369f1d84",
            "transparent_vlan": false
          },
          "sensitive_attributes": [],
          "identity_schema_version": 0
        }
      ]
    },
    {
      "mode": "managed",
      "type": "openstack_blockstorage_volume_v3",
      "name": "bastion_boot_vol",
      "provider": "provider[\"registry.terraform.io/terraform-provider-openstack/openstack\"]",
      "instances": [
        {
          "schema_version": 0,
          "attributes": {
            "attachment": [],
            "availability_zone": "nova",
            "consistency_group_id": null,
            "description": "",
            "enable_online_resize": null,
            "id": "b6c13422-c866-4826-b4c5-88c04e62ef80",
            "image_id": "6b9939b0-c42c-4d2c-8454-02eac0bdc364",
            "metadata": {},
            "multiattach": null,
            "name": "bastion-boot-volume",
            "region": "RegionOne",
            "scheduler_hints": [],
            "size": 20,
            "snapshot_id": "",
            "source_replica": null,
            "source_vol_id": "",
            "timeouts": null,
            "volume_type": "ncs-nvme"
          },
          "sensitive_attributes": [],
          "identity_schema_version": 0,
          "private": "eyJlMmJmYjczMC1lY2FhLTExZTYtOGY4OC0zNDM2M2JjN2M0YzAiOnsiY3JlYXRlIjo2MDAwMDAwMDAwMDAsImRlbGV0ZSI6NjAwMDAwMDAwMDAwfX0="
        }
      ]
    },
    {
      "mode": "managed",
      "type": "openstack_compute_floatingip_associate_v2",
      "name": "bastion_fip_assoc",
      "provider": "provider[\"registry.terraform.io/terraform-provider-openstack/openstack\"]",
      "instances": [
        {
          "schema_version": 0,
          "attributes": {
            "fixed_ip": "",
            "floating_ip": "172.16.20.252",
            "id": "172.16.20.252/a5ddddf7-5e53-4018-9e8e-341e763b5992/",
            "instance_id": "a5ddddf7-5e53-4018-9e8e-341e763b5992",
            "region": "RegionOne",
            "timeouts": null,
            "wait_until_associated": null
          },
          "sensitive_attributes": [],
          "identity_schema_version": 0,
          "private": "eyJlMmJmYjczMC1lY2FhLTExZTYtOGY4OC0zNDM2M2JjN2M0YzAiOnsiY3JlYXRlIjo2MDAwMDAwMDAwMDB9fQ==",
          "dependencies": [
            "data.openstack_networking_network_v2.mgmt_private_net",
            "openstack_blockstorage_volume_v3.bastion_boot_vol",
            "openstack_compute_instance_v2.bastion",
            "openstack_networking_floatingip_v2.bastion_fip"
          ]
        }
      ]
    },
    {
      "mode": "managed",
      "type": "openstack_compute_instance_v2",
      "name": "bastion",
      "provider": "provider[\"registry.terraform.io/terraform-provider-openstack/openstack\"]",
      "instances": [
        {
          "schema_version": 0,
          "attributes": {
            "access_ip_v4": "10.10.10.10",
            "access_ip_v6": "",
            "admin_pass": null,
            "all_metadata": {},
            "all_tags": [],
            "availability_zone": "nova",
            "availability_zone_hints": null,
            "block_device": [
              {
                "boot_index": 0,
                "delete_on_termination": false,
                "destination_type": "volume",
                "device_type": "",
                "disk_bus": "",
                "guest_format": "",
                "multiattach": false,
                "source_type": "volume",
                "uuid": "b6c13422-c866-4826-b4c5-88c04e62ef80",
                "volume_size": 0,
                "volume_type": ""
              }
            ],
            "config_drive": true,
            "created": "2026-05-04 10:39:24 +0000 UTC",
            "flavor_id": "f6c6d770-f449-454e-824e-2e2b51e61d53",
            "flavor_name": "m1.small",
            "floating_ip": null,
            "force_delete": false,
            "id": "a5ddddf7-5e53-4018-9e8e-341e763b5992",
            "image_id": "Attempt to boot from volume - no image supplied",
            "image_name": null,
            "key_pair": "cluster-auth-key",
            "metadata": null,
            "name": "bastion-server",
            "network": [
              {
                "access_network": false,
                "fixed_ip_v4": "10.10.10.10",
                "fixed_ip_v6": "",
                "floating_ip": "",
                "mac": "fa:16:3e:22:1d:0f",
                "name": "mgmt_private_net",
                "port": "",
                "uuid": "ca9b4064-76f8-4edc-af82-10f5bdc53661"
              }
            ],
            "network_mode": null,
            "personality": [],
            "power_state": "active",
            "region": "RegionOne",
            "scheduler_hints": [],
            "security_groups": [
              "bastion-sg"
            ],
            "stop_before_destroy": false,
            "tags": null,
            "timeouts": null,
            "updated": "2026-05-04 10:39:41 +0000 UTC",
            "user_data": "dda6d8318eabc7a4819a51790c5bcb0b39cf7cee",
            "vendor_options": [],
            "volume": []
          },
          "sensitive_attributes": [
            [
              {
                "type": "get_attr",
                "value": "admin_pass"
              }
            ]
          ],
          "identity_schema_version": 0,
          "private": "eyJlMmJmYjczMC1lY2FhLTExZTYtOGY4OC0zNDM2M2JjN2M0YzAiOnsiY3JlYXRlIjoxODAwMDAwMDAwMDAwLCJkZWxldGUiOjE4MDAwMDAwMDAwMDAsInVwZGF0ZSI6MTgwMDAwMDAwMDAwMH19",
          "dependencies": [
            "data.openstack_networking_network_v2.mgmt_private_net",
            "openstack_blockstorage_volume_v3.bastion_boot_vol"
          ]
        }
      ]
    },
    {
      "mode": "managed",
      "type": "openstack_networking_floatingip_v2",
      "name": "bastion_fip",
      "provider": "provider[\"registry.terraform.io/terraform-provider-openstack/openstack\"]",
      "instances": [
        {
          "schema_version": 0,
          "attributes": {
            "address": "172.16.20.252",
            "all_tags": [],
            "description": "",
            "dns_domain": "",
            "dns_name": "",
            "fixed_ip": "",
            "id": "f0a0fd84-0474-4493-b08e-0655c257ac99",
            "pool": "public",
            "port_id": "",
            "region": "RegionOne",
            "subnet_id": null,
            "subnet_ids": null,
            "tags": [],
            "tenant_id": "642500fa91d54f62accad19c369f1d84",
            "timeouts": null,
            "value_specs": null
          },
          "sensitive_attributes": [],
          "identity_schema_version": 0,
          "private": "eyJlMmJmYjczMC1lY2FhLTExZTYtOGY4OC0zNDM2M2JjN2M0YzAiOnsiY3JlYXRlIjo2MDAwMDAwMDAwMDAsImRlbGV0ZSI6NjAwMDAwMDAwMDAwfX0="
        }
      ]
    }
  ],
  "check_results": null
}
