{
  "version": 4,
  "terraform_version": "1.14.9",
  "serial": 36,
  "lineage": "fb5f7b65-9116-9769-f50b-b269804bdd9f",
  "outputs": {
    "bastion_public_ip": {
      "value": "172.16.20.176",
      "type": "string"
    }
  },
  "resources": [
    {
      "mode": "data",
      "type": "openstack_networking_network_v2",
      "name": "mgmt_private_net",
      "provider": "provider[\"registry.terraform.io/terraform-provider-openstack/openstack\"]",
      "instances": [
        {
          "schema_version": 0,
          "attributes": {
            "admin_state_up": "true",
            "all_tags": [],
            "availability_zone_hints": [],
            "description": "",
            "dns_domain": "",
            "external": false,
            "id": "9c5fd5f7-4f72-4e88-a83e-4b87889461b3",
            "matching_subnet_cidr": null,
            "mtu": 1450,
            "name": "mgmt_private_net",
            "network_id": null,
            "region": "RegionOne",
            "segments": [
              {
                "network_type": "vxlan",
                "physical_network": "",
                "segmentation_id": 142
              }
            ],
            "shared": "false",
            "status": null,
            "subnets": [
              "bb87a9c4-d09c-49f2-b855-75e080f1561c"
            ],
            "tags": null,
            "tenant_id": "642500fa91d54f62accad19c369f1d84",
            "transparent_vlan": false
          },
          "sensitive_attributes": [],
          "identity_schema_version": 0
        }
      ]
    },
    {
      "mode": "managed",
      "type": "openstack_blockstorage_volume_v3",
      "name": "bastion_boot_vol",
      "provider": "provider[\"registry.terraform.io/terraform-provider-openstack/openstack\"]",
      "instances": [
        {
          "schema_version": 0,
          "attributes": {
            "attachment": [],
            "availability_zone": "nova",
            "consistency_group_id": null,
            "description": "",
            "enable_online_resize": null,
            "id": "7bd69321-3794-47de-a54f-0e3e7c82eaed",
            "image_id": "32746a96-61e7-4717-89d3-567dd6b849b9",
            "metadata": {},
            "multiattach": null,
            "name": "bastion-boot-volume",
            "region": "RegionOne",
            "scheduler_hints": [],
            "size": 20,
            "snapshot_id": "",
            "source_replica": null,
            "source_vol_id": "",
            "timeouts": null,
            "volume_type": "ncs-nvme"
          },
          "sensitive_attributes": [],
          "identity_schema_version": 0,
          "private": "eyJlMmJmYjczMC1lY2FhLTExZTYtOGY4OC0zNDM2M2JjN2M0YzAiOnsiY3JlYXRlIjo2MDAwMDAwMDAwMDAsImRlbGV0ZSI6NjAwMDAwMDAwMDAwfX0="
        }
      ]
    },
    {
      "mode": "managed",
      "type": "openstack_compute_floatingip_associate_v2",
      "name": "bastion_fip_assoc",
      "provider": "provider[\"registry.terraform.io/terraform-provider-openstack/openstack\"]",
      "instances": [
        {
          "schema_version": 0,
          "attributes": {
            "fixed_ip": "",
            "floating_ip": "172.16.20.176",
            "id": "172.16.20.176/e9047e50-0df3-4aa5-b4b5-3d3ae1dd6ded/",
            "instance_id": "e9047e50-0df3-4aa5-b4b5-3d3ae1dd6ded",
            "region": "RegionOne",
            "timeouts": null,
            "wait_until_associated": null
          },
          "sensitive_attributes": [],
          "identity_schema_version": 0,
          "private": "eyJlMmJmYjczMC1lY2FhLTExZTYtOGY4OC0zNDM2M2JjN2M0YzAiOnsiY3JlYXRlIjo2MDAwMDAwMDAwMDB9fQ==",
          "dependencies": [
            "data.openstack_networking_network_v2.mgmt_private_net",
            "openstack_blockstorage_volume_v3.bastion_boot_vol",
            "openstack_compute_instance_v2.bastion",
            "openstack_networking_floatingip_v2.bastion_fip"
          ]
        }
      ]
    },
    {
      "mode": "managed",
      "type": "openstack_compute_instance_v2",
      "name": "bastion",
      "provider": "provider[\"registry.terraform.io/terraform-provider-openstack/openstack\"]",
      "instances": [
        {
          "schema_version": 0,
          "attributes": {
            "access_ip_v4": "10.10.10.10",
            "access_ip_v6": "",
            "admin_pass": null,
            "all_metadata": {},
            "all_tags": [],
            "availability_zone": "nova",
            "availability_zone_hints": null,
            "block_device": [
              {
                "boot_index": 0,
                "delete_on_termination": false,
                "destination_type": "volume",
                "device_type": "",
                "disk_bus": "",
                "guest_format": "",
                "multiattach": false,
                "source_type": "volume",
                "uuid": "7bd69321-3794-47de-a54f-0e3e7c82eaed",
                "volume_size": 0,
                "volume_type": ""
              }
            ],
            "config_drive": true,
            "created": "2026-04-29 22:46:02 +0000 UTC",
            "flavor_id": "16867c51-1fbb-4bb7-84d2-dc64e7b444cf",
            "flavor_name": "m1.small",
            "floating_ip": null,
            "force_delete": false,
            "id": "e9047e50-0df3-4aa5-b4b5-3d3ae1dd6ded",
            "image_id": "Attempt to boot from volume - no image supplied",
            "image_name": null,
            "key_pair": "cluster-auth-key",
            "metadata": null,
            "name": "bastion-server",
            "network": [
              {
                "access_network": false,
                "fixed_ip_v4": "10.10.10.10",
                "fixed_ip_v6": "",
                "floating_ip": "",
                "mac": "fa:16:3e:57:c7:a9",
                "name": "mgmt_private_net",
                "port": "",
                "uuid": "9c5fd5f7-4f72-4e88-a83e-4b87889461b3"
              }
            ],
            "network_mode": null,
            "personality": [],
            "power_state": "active",
            "region": "RegionOne",
            "scheduler_hints": [],
            "security_groups": [
              "bastion-sg"
            ],
            "stop_before_destroy": false,
            "tags": null,
            "timeouts": null,
            "updated": "2026-04-29 22:46:17 +0000 UTC",
            "user_data": "dda6d8318eabc7a4819a51790c5bcb0b39cf7cee",
            "vendor_options": [],
            "volume": []
          },
          "sensitive_attributes": [
            [
              {
                "type": "get_attr",
                "value": "admin_pass"
              }
            ]
          ],
          "identity_schema_version": 0,
          "private": "eyJlMmJmYjczMC1lY2FhLTExZTYtOGY4OC0zNDM2M2JjN2M0YzAiOnsiY3JlYXRlIjoxODAwMDAwMDAwMDAwLCJkZWxldGUiOjE4MDAwMDAwMDAwMDAsInVwZGF0ZSI6MTgwMDAwMDAwMDAwMH19",
          "dependencies": [
            "data.openstack_networking_network_v2.mgmt_private_net",
            "openstack_blockstorage_volume_v3.bastion_boot_vol"
          ]
        }
      ]
    },
    {
      "mode": "managed",
      "type": "openstack_networking_floatingip_v2",
      "name": "bastion_fip",
      "provider": "provider[\"registry.terraform.io/terraform-provider-openstack/openstack\"]",
      "instances": [
        {
          "schema_version": 0,
          "attributes": {
            "address": "172.16.20.176",
            "all_tags": [],
            "description": "",
            "dns_domain": "",
            "dns_name": "",
            "fixed_ip": "",
            "id": "13be7f08-f1a4-4503-ac4c-5c646180ab1e",
            "pool": "public",
            "port_id": "",
            "region": "RegionOne",
            "subnet_id": null,
            "subnet_ids": null,
            "tags": [],
            "tenant_id": "642500fa91d54f62accad19c369f1d84",
            "timeouts": null,
            "value_specs": null
          },
          "sensitive_attributes": [],
          "identity_schema_version": 0,
          "private": "eyJlMmJmYjczMC1lY2FhLTExZTYtOGY4OC0zNDM2M2JjN2M0YzAiOnsiY3JlYXRlIjo2MDAwMDAwMDAwMDAsImRlbGV0ZSI6NjAwMDAwMDAwMDAwfX0="
        }
      ]
    }
  ],
  "check_results": null
}
