{
  "version": 4,
  "terraform_version": "1.14.9",
  "serial": 1,
  "lineage": "8af8fab8-356e-b90e-6d83-c6cc9e17fb35",
  "outputs": {},
  "resources": [
    {
      "mode": "managed",
      "type": "openstack_compute_instance_v2",
      "name": "gitlab_server",
      "provider": "provider[\"registry.terraform.io/terraform-provider-openstack/openstack\"]",
      "instances": [
        {
          "schema_version": 0,
          "attributes": {
            "access_ip_v4": "10.10.20.4",
            "access_ip_v6": "",
            "admin_pass": null,
            "all_metadata": {},
            "all_tags": [],
            "availability_zone": "nova",
            "availability_zone_hints": null,
            "block_device": [
              {
                "boot_index": 0,
                "delete_on_termination": false,
                "destination_type": "volume",
                "device_type": "",
                "disk_bus": "",
                "guest_format": "",
                "multiattach": false,
                "source_type": "image",
                "uuid": "2c159024-06b7-4de5-a540-4ae675615fab",
                "volume_size": 40,
                "volume_type": "ncs-nvme"
              }
            ],
            "config_drive": true,
            "created": "2026-05-04 04:55:50 +0000 UTC",
            "flavor_id": "5b9a78d8-0043-4cb7-9072-aee2a59a6960",
            "flavor_name": "m1.medium",
            "floating_ip": null,
            "force_delete": false,
            "id": "e12af692-52ed-4e8d-b5d3-1aa6641adc7e",
            "image_id": "Attempt to boot from volume - no image supplied",
            "image_name": null,
            "key_pair": "cluster-auth-key",
            "metadata": null,
            "name": "gitlab-server",
            "network": [
              {
                "access_network": false,
                "fixed_ip_v4": "10.10.20.4",
                "fixed_ip_v6": "",
                "floating_ip": "",
                "mac": "fa:16:3e:ab:46:bf",
                "name": "data_private_net",
                "port": "",
                "uuid": "0c95a6fb-61ae-4e4e-9a2e-8ed0c6768eed"
              }
            ],
            "network_mode": null,
            "personality": [],
            "power_state": "active",
            "region": "RegionOne",
            "scheduler_hints": [],
            "security_groups": [
              "gitlab-sg",
              "internal-sg"
            ],
            "stop_before_destroy": false,
            "tags": null,
            "timeouts": null,
            "updated": "2026-05-04 04:56:26 +0000 UTC",
            "user_data": "6327b713277d18769f2a93ebd87661a2f5ca8be4",
            "vendor_options": [],
            "volume": []
          },
          "sensitive_attributes": [
            [
              {
                "type": "get_attr",
                "value": "admin_pass"
              }
            ]
          ],
          "identity_schema_version": 0,
          "private": "eyJlMmJmYjczMC1lY2FhLTExZTYtOGY4OC0zNDM2M2JjN2M0YzAiOnsiY3JlYXRlIjoxODAwMDAwMDAwMDAwLCJkZWxldGUiOjE4MDAwMDAwMDAwMDAsInVwZGF0ZSI6MTgwMDAwMDAwMDAwMH19"
        }
      ]
    }
  ],
  "check_results": null
}
