{
  "version": 4,
  "terraform_version": "1.14.8",
  "serial": 36,
  "lineage": "9b804a0f-8590-4a74-fde5-5430f77267f2",
  "outputs": {},
  "resources": [
    {
      "mode": "managed",
      "type": "openstack_compute_instance_v2",
      "name": "gitlab_server",
      "provider": "provider[\"registry.terraform.io/terraform-provider-openstack/openstack\"]",
      "instances": [
        {
          "schema_version": 0,
          "attributes": {
            "access_ip_v4": "10.10.20.5",
            "access_ip_v6": "",
            "admin_pass": null,
            "all_metadata": {},
            "all_tags": [],
            "availability_zone": "nova",
            "availability_zone_hints": null,
            "block_device": [
              {
                "boot_index": 0,
                "delete_on_termination": false,
                "destination_type": "volume",
                "device_type": "",
                "disk_bus": "",
                "guest_format": "",
                "multiattach": false,
                "source_type": "image",
                "uuid": "e46293b4-bdc6-419c-9150-e7d0edb767e5",
                "volume_size": 40,
                "volume_type": "ncs-nvme"
              }
            ],
            "config_drive": true,
            "created": "2026-04-21 06:43:02 +0000 UTC",
            "flavor_id": "7c8ee057-2683-4ccf-9867-48a45d3f69ee",
            "flavor_name": "m1.medium",
            "floating_ip": null,
            "force_delete": false,
            "id": "fb91febe-4f82-4ab0-97f0-033eb2f8a7ac",
            "image_id": "Attempt to boot from volume - no image supplied",
            "image_name": null,
            "key_pair": "cluster-auth-key",
            "metadata": null,
            "name": "gitlab-server",
            "network": [
              {
                "access_network": false,
                "fixed_ip_v4": "10.10.20.5",
                "fixed_ip_v6": "",
                "floating_ip": "",
                "mac": "fa:16:3e:64:0d:a1",
                "name": "data_private_net",
                "port": "",
                "uuid": "dd65cf1b-b518-405e-8de4-faa56e749bef"
              }
            ],
            "network_mode": null,
            "personality": [],
            "power_state": "active",
            "region": "RegionOne",
            "scheduler_hints": [],
            "security_groups": [
              "gitlab-sg",
              "internal-sg"
            ],
            "stop_before_destroy": false,
            "tags": null,
            "timeouts": null,
            "updated": "2026-04-21 06:43:44 +0000 UTC",
            "user_data": "6327b713277d18769f2a93ebd87661a2f5ca8be4",
            "vendor_options": [],
            "volume": []
          },
          "sensitive_attributes": [
            [
              {
                "type": "get_attr",
                "value": "admin_pass"
              }
            ]
          ],
          "identity_schema_version": 0,
          "private": "eyJlMmJmYjczMC1lY2FhLTExZTYtOGY4OC0zNDM2M2JjN2M0YzAiOnsiY3JlYXRlIjoxODAwMDAwMDAwMDAwLCJkZWxldGUiOjE4MDAwMDAwMDAwMDAsInVwZGF0ZSI6MTgwMDAwMDAwMDAwMH19"
        }
      ]
    }
  ],
  "check_results": null
}
