{
  "version": 4,
  "terraform_version": "1.14.9",
  "serial": 7,
  "lineage": "8af8fab8-356e-b90e-6d83-c6cc9e17fb35",
  "outputs": {},
  "resources": [
    {
      "mode": "managed",
      "type": "openstack_compute_instance_v2",
      "name": "gitlab_server",
      "provider": "provider[\"registry.terraform.io/terraform-provider-openstack/openstack\"]",
      "instances": [
        {
          "schema_version": 0,
          "attributes": {
            "access_ip_v4": "10.10.20.4",
            "access_ip_v6": "",
            "admin_pass": null,
            "all_metadata": {},
            "all_tags": [],
            "availability_zone": "nova",
            "availability_zone_hints": null,
            "block_device": [
              {
                "boot_index": 0,
                "delete_on_termination": false,
                "destination_type": "volume",
                "device_type": "",
                "disk_bus": "",
                "guest_format": "",
                "multiattach": false,
                "source_type": "image",
                "uuid": "9e999c7a-df91-4b38-a54e-ce64db6885c9",
                "volume_size": 40,
                "volume_type": "ncs-nvme"
              }
            ],
            "config_drive": true,
            "created": "2026-05-12 10:53:40 +0000 UTC",
            "flavor_id": "32e51ff7-2d65-454f-a24b-77c0b1ff0444",
            "flavor_name": "m1.large",
            "floating_ip": null,
            "force_delete": false,
            "id": "30dc6e44-39de-4f05-80db-7f340f12493d",
            "image_id": "Attempt to boot from volume - no image supplied",
            "image_name": null,
            "key_pair": "cluster-auth-key",
            "metadata": null,
            "name": "gitlab-server",
            "network": [
              {
                "access_network": false,
                "fixed_ip_v4": "10.10.20.4",
                "fixed_ip_v6": "",
                "floating_ip": "",
                "mac": "fa:16:3e:40:4f:ff",
                "name": "data_private_net",
                "port": "",
                "uuid": "3b42f9b7-d49b-4baf-b061-d03e78b9697a"
              }
            ],
            "network_mode": null,
            "personality": [],
            "power_state": "active",
            "region": "RegionOne",
            "scheduler_hints": [],
            "security_groups": [
              "gitlab-sg",
              "internal-sg"
            ],
            "stop_before_destroy": false,
            "tags": null,
            "timeouts": null,
            "updated": "2026-05-12 10:54:14 +0000 UTC",
            "user_data": "6327b713277d18769f2a93ebd87661a2f5ca8be4",
            "vendor_options": [],
            "volume": []
          },
          "sensitive_attributes": [
            [
              {
                "type": "get_attr",
                "value": "admin_pass"
              }
            ]
          ],
          "identity_schema_version": 0,
          "private": "eyJlMmJmYjczMC1lY2FhLTExZTYtOGY4OC0zNDM2M2JjN2M0YzAiOnsiY3JlYXRlIjoxODAwMDAwMDAwMDAwLCJkZWxldGUiOjE4MDAwMDAwMDAwMDAsInVwZGF0ZSI6MTgwMDAwMDAwMDAwMH19"
        }
      ]
    }
  ],
  "check_results": null
}
