{
  "version": 4,
  "terraform_version": "1.14.8",
  "serial": 19,
  "lineage": "9b804a0f-8590-4a74-fde5-5430f77267f2",
  "outputs": {},
  "resources": [
    {
      "mode": "managed",
      "type": "openstack_compute_floatingip_associate_v2",
      "name": "gitlab_fip_assoc",
      "provider": "provider[\"registry.terraform.io/terraform-provider-openstack/openstack\"]",
      "instances": [
        {
          "schema_version": 0,
          "attributes": {
            "fixed_ip": "",
            "floating_ip": "172.16.20.161",
            "id": "172.16.20.161/c5ab6298-a747-49b7-838d-526036c14411/",
            "instance_id": "c5ab6298-a747-49b7-838d-526036c14411",
            "region": "RegionOne",
            "timeouts": null,
            "wait_until_associated": null
          },
          "sensitive_attributes": [],
          "identity_schema_version": 0,
          "private": "eyJlMmJmYjczMC1lY2FhLTExZTYtOGY4OC0zNDM2M2JjN2M0YzAiOnsiY3JlYXRlIjo2MDAwMDAwMDAwMDB9fQ==",
          "dependencies": [
            "openstack_compute_instance_v2.gitlab_server",
            "openstack_networking_floatingip_v2.gitlab_fip"
          ]
        }
      ]
    },
    {
      "mode": "managed",
      "type": "openstack_compute_instance_v2",
      "name": "gitlab_server",
      "provider": "provider[\"registry.terraform.io/terraform-provider-openstack/openstack\"]",
      "instances": [
        {
          "schema_version": 0,
          "attributes": {
            "access_ip_v4": "10.0.0.6",
            "access_ip_v6": "",
            "admin_pass": null,
            "all_metadata": {},
            "all_tags": [],
            "availability_zone": "nova",
            "availability_zone_hints": null,
            "block_device": [
              {
                "boot_index": 0,
                "delete_on_termination": true,
                "destination_type": "volume",
                "device_type": "",
                "disk_bus": "",
                "guest_format": "",
                "multiattach": false,
                "source_type": "image",
                "uuid": "e46293b4-bdc6-419c-9150-e7d0edb767e5",
                "volume_size": 40,
                "volume_type": ""
              }
            ],
            "config_drive": true,
            "created": "2026-04-17 03:04:18 +0000 UTC",
            "flavor_id": "1e68e94d-c9b3-4e9f-b15d-0550b0170c82",
            "flavor_name": "standard.large",
            "floating_ip": null,
            "force_delete": false,
            "id": "c5ab6298-a747-49b7-838d-526036c14411",
            "image_id": "Attempt to boot from volume - no image supplied",
            "image_name": null,
            "key_pair": "k3s-cluster-key",
            "metadata": null,
            "name": "gitlab-server",
            "network": [
              {
                "access_network": false,
                "fixed_ip_v4": "10.0.0.6",
                "fixed_ip_v6": "",
                "floating_ip": "",
                "mac": "fa:16:3e:ef:5f:02",
                "name": "k3s-private-net",
                "port": "",
                "uuid": "87a7abae-0c13-41d3-b64c-d629ffabb85e"
              }
            ],
            "network_mode": null,
            "personality": [],
            "power_state": "active",
            "region": "RegionOne",
            "scheduler_hints": [],
            "security_groups": [
              "sg-k3s-internal",
              "sg-management"
            ],
            "stop_before_destroy": false,
            "tags": null,
            "timeouts": null,
            "updated": "2026-04-17 03:05:57 +0000 UTC",
            "user_data": "abb88e720aefb21cb45b6f8a82734ae401a2b660",
            "vendor_options": [],
            "volume": []
          },
          "sensitive_attributes": [
            [
              {
                "type": "get_attr",
                "value": "admin_pass"
              }
            ]
          ],
          "identity_schema_version": 0,
          "private": "eyJlMmJmYjczMC1lY2FhLTExZTYtOGY4OC0zNDM2M2JjN2M0YzAiOnsiY3JlYXRlIjoxODAwMDAwMDAwMDAwLCJkZWxldGUiOjE4MDAwMDAwMDAwMDAsInVwZGF0ZSI6MTgwMDAwMDAwMDAwMH19"
        }
      ]
    },
    {
      "mode": "managed",
      "type": "openstack_networking_floatingip_v2",
      "name": "gitlab_fip",
      "provider": "provider[\"registry.terraform.io/terraform-provider-openstack/openstack\"]",
      "instances": [
        {
          "schema_version": 0,
          "attributes": {
            "address": "172.16.20.161",
            "all_tags": [],
            "description": "",
            "dns_domain": "",
            "dns_name": "",
            "fixed_ip": "10.0.0.6",
            "id": "f290c5dc-b1ca-48b0-a2c6-a9ca2da70c44",
            "pool": "public",
            "port_id": "ed4d2ede-892a-4e22-8a2a-5f0865195efc",
            "region": "RegionOne",
            "subnet_id": null,
            "subnet_ids": null,
            "tags": [],
            "tenant_id": "b43e7f1d24f347ea9a0da898471e37d0",
            "timeouts": null,
            "value_specs": null
          },
          "sensitive_attributes": [],
          "identity_schema_version": 0,
          "private": "eyJlMmJmYjczMC1lY2FhLTExZTYtOGY4OC0zNDM2M2JjN2M0YzAiOnsiY3JlYXRlIjo2MDAwMDAwMDAwMDAsImRlbGV0ZSI6NjAwMDAwMDAwMDAwfX0="
        }
      ]
    }
  ],
  "check_results": null
}
